// !$*UTF8*$!
{
	archiveVersion = 1;
	classes = {
	};
	objectVersion = 56;
	objects = {

/* Begin PBXBuildFile section */
		472A5C3D2B3168910075C32E /* FSCalendar in Frameworks */ = {isa = PBXBuildFile; productRef = 472A5C3C2B3168910075C32E /* FSCalendar */; };
		474C00B52B299DC600503A82 /* SelectedCountryView.swift in Sources */ = {isa = PBXBuildFile; fileRef = 474C00B42B299DC600503A82 /* SelectedCountryView.swift */; };
		474C00B72B299F2900503A82 /* SelectedCountryCell.swift in Sources */ = {isa = PBXBuildFile; fileRef = 474C00B62B299F2900503A82 /* SelectedCountryCell.swift */; };
		475429312B2334E600795A10 /* FlexLayout in Frameworks */ = {isa = PBXBuildFile; productRef = 475429302B2334E600795A10 /* FlexLayout */; };
		475429492B236F1500795A10 /* RxBlocking in Frameworks */ = {isa = PBXBuildFile; productRef = 475429482B236F1500795A10 /* RxBlocking */; };
		4754294B2B236F1500795A10 /* RxBlocking-Dynamic in Frameworks */ = {isa = PBXBuildFile; productRef = 4754294A2B236F1500795A10 /* RxBlocking-Dynamic */; };
		4754294D2B236F1500795A10 /* RxCocoa in Frameworks */ = {isa = PBXBuildFile; productRef = 4754294C2B236F1500795A10 /* RxCocoa */; };
		4754294F2B236F1500795A10 /* RxCocoa-Dynamic in Frameworks */ = {isa = PBXBuildFile; productRef = 4754294E2B236F1500795A10 /* RxCocoa-Dynamic */; };
		475429512B236F1500795A10 /* RxRelay in Frameworks */ = {isa = PBXBuildFile; productRef = 475429502B236F1500795A10 /* RxRelay */; };
		475429532B236F1500795A10 /* RxRelay-Dynamic in Frameworks */ = {isa = PBXBuildFile; productRef = 475429522B236F1500795A10 /* RxRelay-Dynamic */; };
		475429552B236F1500795A10 /* RxSwift in Frameworks */ = {isa = PBXBuildFile; productRef = 475429542B236F1500795A10 /* RxSwift */; };
		475429572B236F1500795A10 /* RxSwift-Dynamic in Frameworks */ = {isa = PBXBuildFile; productRef = 475429562B236F1500795A10 /* RxSwift-Dynamic */; };
		4754295A2B24228300795A10 /* CountryViewController.swift in Sources */ = {isa = PBXBuildFile; fileRef = 475429592B24228300795A10 /* CountryViewController.swift */; };
		4754295C2B24228C00795A10 /* CountryReactor.swift in Sources */ = {isa = PBXBuildFile; fileRef = 4754295B2B24228C00795A10 /* CountryReactor.swift */; };
		4754295F2B24407300795A10 /* HorizontalContryView.swift in Sources */ = {isa = PBXBuildFile; fileRef = 4754295E2B24407300795A10 /* HorizontalContryView.swift */; };
		475429642B24426700795A10 /* Country.swift in Sources */ = {isa = PBXBuildFile; fileRef = 475429632B24426700795A10 /* Country.swift */; };
		475429662B2466DB00795A10 /* PaddingButton.swift in Sources */ = {isa = PBXBuildFile; fileRef = 475429652B2466DB00795A10 /* PaddingButton.swift */; };
		475429682B24673900795A10 /* Padding.swift in Sources */ = {isa = PBXBuildFile; fileRef = 475429672B24673900795A10 /* Padding.swift */; };
		4754296A2B2485BC00795A10 /* CountryTableViewCell.swift in Sources */ = {isa = PBXBuildFile; fileRef = 475429692B2485BC00795A10 /* CountryTableViewCell.swift */; };
		47B728E92B2DEA80001AEC36 /* CalendarViewController.swift in Sources */ = {isa = PBXBuildFile; fileRef = 47B728E82B2DEA80001AEC36 /* CalendarViewController.swift */; };
		47B728EC2B2F11E8001AEC36 /* HomeViewController.swift in Sources */ = {isa = PBXBuildFile; fileRef = 47B728EB2B2F11E8001AEC36 /* HomeViewController.swift */; };
		47B728EE2B2F1504001AEC36 /* HomeReactor.swift in Sources */ = {isa = PBXBuildFile; fileRef = 47B728ED2B2F1504001AEC36 /* HomeReactor.swift */; };
		47B728F12B2F16C4001AEC36 /* HomeCollectionHeaderView.swift in Sources */ = {isa = PBXBuildFile; fileRef = 47B728F02B2F16C4001AEC36 /* HomeCollectionHeaderView.swift */; };
		47B728F32B2F1DB8001AEC36 /* HomeTrip.swift in Sources */ = {isa = PBXBuildFile; fileRef = 47B728F22B2F1DB8001AEC36 /* HomeTrip.swift */; };
		47B728F52B2F2195001AEC36 /* HomeCollectionViewCell.swift in Sources */ = {isa = PBXBuildFile; fileRef = 47B728F42B2F2195001AEC36 /* HomeCollectionViewCell.swift */; };
		47BEA7F32B23203A009AD85A /* AppDelegate.swift in Sources */ = {isa = PBXBuildFile; fileRef = 47BEA7F22B23203A009AD85A /* AppDelegate.swift */; };
		47BEA7F52B23203A009AD85A /* SceneDelegate.swift in Sources */ = {isa = PBXBuildFile; fileRef = 47BEA7F42B23203A009AD85A /* SceneDelegate.swift */; };
		47BEA7F72B23203A009AD85A /* CarculatorController.swift in Sources */ = {isa = PBXBuildFile; fileRef = 47BEA7F62B23203A009AD85A /* CarculatorController.swift */; };
		47BEA7FC2B23203C009AD85A /* Assets.xcassets in Resources */ = {isa = PBXBuildFile; fileRef = 47BEA7FB2B23203C009AD85A /* Assets.xcassets */; };
		47BEA7FF2B23203C009AD85A /* LaunchScreen.storyboard in Resources */ = {isa = PBXBuildFile; fileRef = 47BEA7FD2B23203C009AD85A /* LaunchScreen.storyboard */; };
		47BEA80B2B2321AA009AD85A /* PinLayout in Frameworks */ = {isa = PBXBuildFile; productRef = 47BEA80A2B2321AA009AD85A /* PinLayout */; };
		47BEA8152B2321FA009AD85A /* ReactorKit in Frameworks */ = {isa = PBXBuildFile; productRef = 47BEA8142B2321FA009AD85A /* ReactorKit */; };
		47BEA8172B23220F009AD85A /* CarculatorReactor.swift in Sources */ = {isa = PBXBuildFile; fileRef = 47BEA8162B23220F009AD85A /* CarculatorReactor.swift */; };
/* End PBXBuildFile section */

/* Begin PBXFileReference section */
		474C00B42B299DC600503A82 /* SelectedCountryView.swift */ = {isa = PBXFileReference; lastKnownFileType = sourcecode.swift; path = SelectedCountryView.swift; sourceTree = "<group>"; };
		474C00B62B299F2900503A82 /* SelectedCountryCell.swift */ = {isa = PBXFileReference; lastKnownFileType = sourcecode.swift; path = SelectedCountryCell.swift; sourceTree = "<group>"; };
		475429592B24228300795A10 /* CountryViewController.swift */ = {isa = PBXFileReference; lastKnownFileType = sourcecode.swift; path = CountryViewController.swift; sourceTree = "<group>"; };
		4754295B2B24228C00795A10 /* CountryReactor.swift */ = {isa = PBXFileReference; lastKnownFileType = sourcecode.swift; path = CountryReactor.swift; sourceTree = "<group>"; };
		4754295E2B24407300795A10 /* HorizontalContryView.swift */ = {isa = PBXFileReference; lastKnownFileType = sourcecode.swift; path = HorizontalContryView.swift; sourceTree = "<group>"; };
		475429632B24426700795A10 /* Country.swift */ = {isa = PBXFileReference; lastKnownFileType = sourcecode.swift; path = Country.swift; sourceTree = "<group>"; };
		475429652B2466DB00795A10 /* PaddingButton.swift */ = {isa = PBXFileReference; lastKnownFileType = sourcecode.swift; path = PaddingButton.swift; sourceTree = "<group>"; };
		475429672B24673900795A10 /* Padding.swift */ = {isa = PBXFileReference; lastKnownFileType = sourcecode.swift; path = Padding.swift; sourceTree = "<group>"; };
		475429692B2485BC00795A10 /* CountryTableViewCell.swift */ = {isa = PBXFileReference; lastKnownFileType = sourcecode.swift; path = CountryTableViewCell.swift; sourceTree = "<group>"; };
		47B728E82B2DEA80001AEC36 /* CalendarViewController.swift */ = {isa = PBXFileReference; lastKnownFileType = sourcecode.swift; path = CalendarViewController.swift; sourceTree = "<group>"; };
		47B728EB2B2F11E8001AEC36 /* HomeViewController.swift */ = {isa = PBXFileReference; lastKnownFileType = sourcecode.swift; path = HomeViewController.swift; sourceTree = "<group>"; };
		47B728ED2B2F1504001AEC36 /* HomeReactor.swift */ = {isa = PBXFileReference; lastKnownFileType = sourcecode.swift; path = HomeReactor.swift; sourceTree = "<group>"; };
		47B728F02B2F16C4001AEC36 /* HomeCollectionHeaderView.swift */ = {isa = PBXFileReference; lastKnownFileType = sourcecode.swift; path = HomeCollectionHeaderView.swift; sourceTree = "<group>"; };
		47B728F22B2F1DB8001AEC36 /* HomeTrip.swift */ = {isa = PBXFileReference; lastKnownFileType = sourcecode.swift; path = HomeTrip.swift; sourceTree = "<group>"; };
		47B728F42B2F2195001AEC36 /* HomeCollectionViewCell.swift */ = {isa = PBXFileReference; lastKnownFileType = sourcecode.swift; path = HomeCollectionViewCell.swift; sourceTree = "<group>"; };
		47BEA7EF2B23203A009AD85A /* FlexPinAndReactorkit.app */ = {isa = PBXFileReference; explicitFileType = wrapper.application; includeInIndex = 0; path = FlexPinAndReactorkit.app; sourceTree = BUILT_PRODUCTS_DIR; };
		47BEA7F22B23203A009AD85A /* AppDelegate.swift */ = {isa = PBXFileReference; lastKnownFileType = sourcecode.swift; path = AppDelegate.swift; sourceTree = "<group>"; };
		47BEA7F42B23203A009AD85A /* SceneDelegate.swift */ = {isa = PBXFileReference; lastKnownFileType = sourcecode.swift; path = SceneDelegate.swift; sourceTree = "<group>"; };
		47BEA7F62B23203A009AD85A /* CarculatorController.swift */ = {isa = PBXFileReference; lastKnownFileType = sourcecode.swift; path = CarculatorController.swift; sourceTree = "<group>"; };
		47BEA7FB2B23203C009AD85A /* Assets.xcassets */ = {isa = PBXFileReference; lastKnownFileType = folder.assetcatalog; path = Assets.xcassets; sourceTree = "<group>"; };
		47BEA7FE2B23203C009AD85A /* Base */ = {isa = PBXFileReference; lastKnownFileType = file.storyboard; name = Base; path = Base.lproj/LaunchScreen.storyboard; sourceTree = "<group>"; };
		47BEA8002B23203C009AD85A /* Info.plist */ = {isa = PBXFileReference; lastKnownFileType = text.plist.xml; path = Info.plist; sourceTree = "<group>"; };
		47BEA8162B23220F009AD85A /* CarculatorReactor.swift */ = {isa = PBXFileReference; lastKnownFileType = sourcecode.swift; path = CarculatorReactor.swift; sourceTree = "<group>"; };
/* End PBXFileReference section */

/* Begin PBXFrameworksBuildPhase section */
		47BEA7EC2B23203A009AD85A /* Frameworks */ = {
			isa = PBXFrameworksBuildPhase;
			buildActionMask = 2147483647;
			files = (
				4754294D2B236F1500795A10 /* RxCocoa in Frameworks */,
				472A5C3D2B3168910075C32E /* FSCalendar in Frameworks */,
				475429572B236F1500795A10 /* RxSwift-Dynamic in Frameworks */,
				4754294F2B236F1500795A10 /* RxCocoa-Dynamic in Frameworks */,
				475429552B236F1500795A10 /* RxSwift in Frameworks */,
				475429312B2334E600795A10 /* FlexLayout in Frameworks */,
				475429492B236F1500795A10 /* RxBlocking in Frameworks */,
				47BEA80B2B2321AA009AD85A /* PinLayout in Frameworks */,
				47BEA8152B2321FA009AD85A /* ReactorKit in Frameworks */,
				475429512B236F1500795A10 /* RxRelay in Frameworks */,
				4754294B2B236F1500795A10 /* RxBlocking-Dynamic in Frameworks */,
				475429532B236F1500795A10 /* RxRelay-Dynamic in Frameworks */,
			);
			runOnlyForDeploymentPostprocessing = 0;
		};
/* End PBXFrameworksBuildPhase section */

/* Begin PBXGroup section */
		475429582B24227200795A10 /* Country */ = {
			isa = PBXGroup;
			children = (
				4754295D2B243F8C00795A10 /* SubViews */,
				475429592B24228300795A10 /* CountryViewController.swift */,
				4754295B2B24228C00795A10 /* CountryReactor.swift */,
			);
			path = Country;
			sourceTree = "<group>";
		};
		4754295D2B243F8C00795A10 /* SubViews */ = {
			isa = PBXGroup;
			children = (
				4754295E2B24407300795A10 /* HorizontalContryView.swift */,
				475429652B2466DB00795A10 /* PaddingButton.swift */,
				475429672B24673900795A10 /* Padding.swift */,
				475429692B2485BC00795A10 /* CountryTableViewCell.swift */,
				474C00B42B299DC600503A82 /* SelectedCountryView.swift */,
				474C00B62B299F2900503A82 /* SelectedCountryCell.swift */,
			);
			path = SubViews;
			sourceTree = "<group>";
		};
		475429602B2441D000795A10 /* Domain */ = {
			isa = PBXGroup;
			children = (
				475429622B24423E00795A10 /* Entities */,
			);
			path = Domain;
			sourceTree = "<group>";
		};
		475429612B2441D600795A10 /* Data */ = {
			isa = PBXGroup;
			children = (
			);
			path = Data;
			sourceTree = "<group>";
		};
		475429622B24423E00795A10 /* Entities */ = {
			isa = PBXGroup;
			children = (
				475429632B24426700795A10 /* Country.swift */,
				47B728F22B2F1DB8001AEC36 /* HomeTrip.swift */,
			);
			path = Entities;
			sourceTree = "<group>";
		};
		47B728E72B2DEA57001AEC36 /* Calendar */ = {
			isa = PBXGroup;
			children = (
				47B728E82B2DEA80001AEC36 /* CalendarViewController.swift */,
			);
			path = Calendar;
			sourceTree = "<group>";
		};
		47B728EA2B2F114D001AEC36 /* Home */ = {
			isa = PBXGroup;
			children = (
				47B728EF2B2F16AA001AEC36 /* SubViews */,
				47B728EB2B2F11E8001AEC36 /* HomeViewController.swift */,
				47B728ED2B2F1504001AEC36 /* HomeReactor.swift */,
			);
			path = Home;
			sourceTree = "<group>";
		};
		47B728EF2B2F16AA001AEC36 /* SubViews */ = {
			isa = PBXGroup;
			children = (
				47B728F02B2F16C4001AEC36 /* HomeCollectionHeaderView.swift */,
				47B728F42B2F2195001AEC36 /* HomeCollectionViewCell.swift */,
			);
			path = SubViews;
			sourceTree = "<group>";
		};
		47BEA7E62B232039009AD85A = {
			isa = PBXGroup;
			children = (
				47BEA7F12B23203A009AD85A /* FlexPinAndReactorkit */,
				47BEA7F02B23203A009AD85A /* Products */,
			);
			sourceTree = "<group>";
		};
		47BEA7F02B23203A009AD85A /* Products */ = {
			isa = PBXGroup;
			children = (
				47BEA7EF2B23203A009AD85A /* FlexPinAndReactorkit.app */,
			);
			name = Products;
			sourceTree = "<group>";
		};
		47BEA7F12B23203A009AD85A /* FlexPinAndReactorkit */ = {
			isa = PBXGroup;
			children = (
				475429612B2441D600795A10 /* Data */,
				475429602B2441D000795A10 /* Domain */,
				47BEA8072B2320F8009AD85A /* Presentation */,
				47BEA8062B2320CB009AD85A /* Application */,
				47BEA7FB2B23203C009AD85A /* Assets.xcassets */,
				47BEA7FD2B23203C009AD85A /* LaunchScreen.storyboard */,
				47BEA8002B23203C009AD85A /* Info.plist */,
			);
			path = FlexPinAndReactorkit;
			sourceTree = "<group>";
		};
		47BEA8062B2320CB009AD85A /* Application */ = {
			isa = PBXGroup;
			children = (
				47BEA7F22B23203A009AD85A /* AppDelegate.swift */,
				47BEA7F42B23203A009AD85A /* SceneDelegate.swift */,
			);
			path = Application;
			sourceTree = "<group>";
		};
		47BEA8072B2320F8009AD85A /* Presentation */ = {
			isa = PBXGroup;
			children = (
				47B728EA2B2F114D001AEC36 /* Home */,
				47B728E72B2DEA57001AEC36 /* Calendar */,
				475429582B24227200795A10 /* Country */,
				47BEA8082B232139009AD85A /* Carculator */,
			);
			path = Presentation;
			sourceTree = "<group>";
		};
		47BEA8082B232139009AD85A /* Carculator */ = {
			isa = PBXGroup;
			children = (
				47BEA7F62B23203A009AD85A /* CarculatorController.swift */,
				47BEA8162B23220F009AD85A /* CarculatorReactor.swift */,
			);
			path = Carculator;
			sourceTree = "<group>";
		};
/* End PBXGroup section */

/* Begin PBXNativeTarget section */
		47BEA7EE2B23203A009AD85A /* FlexPinAndReactorkit */ = {
			isa = PBXNativeTarget;
			buildConfigurationList = 47BEA8032B23203C009AD85A /* Build configuration list for PBXNativeTarget "FlexPinAndReactorkit" */;
			buildPhases = (
				47BEA7EB2B23203A009AD85A /* Sources */,
				47BEA7EC2B23203A009AD85A /* Frameworks */,
				47BEA7ED2B23203A009AD85A /* Resources */,
			);
			buildRules = (
			);
			dependencies = (
			);
			name = FlexPinAndReactorkit;
			packageProductDependencies = (
				47BEA80A2B2321AA009AD85A /* PinLayout */,
				47BEA8142B2321FA009AD85A /* ReactorKit */,
				475429302B2334E600795A10 /* FlexLayout */,
				475429482B236F1500795A10 /* RxBlocking */,
				4754294A2B236F1500795A10 /* RxBlocking-Dynamic */,
				4754294C2B236F1500795A10 /* RxCocoa */,
				4754294E2B236F1500795A10 /* RxCocoa-Dynamic */,
				475429502B236F1500795A10 /* RxRelay */,
				475429522B236F1500795A10 /* RxRelay-Dynamic */,
				475429542B236F1500795A10 /* RxSwift */,
				475429562B236F1500795A10 /* RxSwift-Dynamic */,
				472A5C3C2B3168910075C32E /* FSCalendar */,
			);
			productName = FlexPinAndReactorkit;
			productReference = 47BEA7EF2B23203A009AD85A /* FlexPinAndReactorkit.app */;
			productType = "com.apple.product-type.application";
		};
/* End PBXNativeTarget section */

/* Begin PBXProject section */
		47BEA7E72B232039009AD85A /* Project object */ = {
			isa = PBXProject;
			attributes = {
				BuildIndependentTargetsInParallel = 1;
				LastSwiftUpdateCheck = 1500;
				LastUpgradeCheck = 1500;
				TargetAttributes = {
					47BEA7EE2B23203A009AD85A = {
						CreatedOnToolsVersion = 15.0;
					};
				};
			};
			buildConfigurationList = 47BEA7EA2B232039009AD85A /* Build configuration list for PBXProject "FlexPinAndReactorkit" */;
			compatibilityVersion = "Xcode 14.0";
			developmentRegion = en;
			hasScannedForEncodings = 0;
			knownRegions = (
				en,
				Base,
			);
			mainGroup = 47BEA7E62B232039009AD85A;
			packageReferences = (
				47BEA8092B2321AA009AD85A /* XCRemoteSwiftPackageReference "PinLayout" */,
				47BEA8132B2321FA009AD85A /* XCRemoteSwiftPackageReference "ReactorKit" */,
				4754292F2B2334E600795A10 /* XCRemoteSwiftPackageReference "FlexLayout" */,
				475429472B236F1500795A10 /* XCRemoteSwiftPackageReference "RxSwift" */,
				472A5C3B2B3168910075C32E /* XCRemoteSwiftPackageReference "FSCalendar" */,
			);
			productRefGroup = 47BEA7F02B23203A009AD85A /* Products */;
			projectDirPath = "";
			projectRoot = "";
			targets = (
				47BEA7EE2B23203A009AD85A /* FlexPinAndReactorkit */,
			);
		};
/* End PBXProject section */

/* Begin PBXResourcesBuildPhase section */
		47BEA7ED2B23203A009AD85A /* Resources */ = {
			isa = PBXResourcesBuildPhase;
			buildActionMask = 2147483647;
			files = (
				47BEA7FF2B23203C009AD85A /* LaunchScreen.storyboard in Resources */,
				47BEA7FC2B23203C009AD85A /* Assets.xcassets in Resources */,
			);
			runOnlyForDeploymentPostprocessing = 0;
		};
/* End PBXResourcesBuildPhase section */

/* Begin PBXSourcesBuildPhase section */
		47BEA7EB2B23203A009AD85A /* Sources */ = {
			isa = PBXSourcesBuildPhase;
			buildActionMask = 2147483647;
			files = (
				47BEA7F72B23203A009AD85A /* CarculatorController.swift in Sources */,
				475429682B24673900795A10 /* Padding.swift in Sources */,
				47B728F32B2F1DB8001AEC36 /* HomeTrip.swift in Sources */,
				47B728F52B2F2195001AEC36 /* HomeCollectionViewCell.swift in Sources */,
				4754295C2B24228C00795A10 /* CountryReactor.swift in Sources */,
				4754296A2B2485BC00795A10 /* CountryTableViewCell.swift in Sources */,
				47BEA8172B23220F009AD85A /* CarculatorReactor.swift in Sources */,
				47B728EE2B2F1504001AEC36 /* HomeReactor.swift in Sources */,
				47B728EC2B2F11E8001AEC36 /* HomeViewController.swift in Sources */,
				47BEA7F32B23203A009AD85A /* AppDelegate.swift in Sources */,
				47BEA7F52B23203A009AD85A /* SceneDelegate.swift in Sources */,
				4754295A2B24228300795A10 /* CountryViewController.swift in Sources */,
				474C00B52B299DC600503A82 /* SelectedCountryView.swift in Sources */,
				474C00B72B299F2900503A82 /* SelectedCountryCell.swift in Sources */,
				47B728F12B2F16C4001AEC36 /* HomeCollectionHeaderView.swift in Sources */,
				475429662B2466DB00795A10 /* PaddingButton.swift in Sources */,
				475429642B24426700795A10 /* Country.swift in Sources */,
				47B728E92B2DEA80001AEC36 /* CalendarViewController.swift in Sources */,
				4754295F2B24407300795A10 /* HorizontalContryView.swift in Sources */,
			);
			runOnlyForDeploymentPostprocessing = 0;
		};
/* End PBXSourcesBuildPhase section */

/* Begin PBXVariantGroup section */
		47BEA7FD2B23203C009AD85A /* LaunchScreen.storyboard */ = {
			isa = PBXVariantGroup;
			children = (
				47BEA7FE2B23203C009AD85A /* Base */,
			);
			name = LaunchScreen.storyboard;
			sourceTree = "<group>";
		};
/* End PBXVariantGroup section */

/* Begin XCBuildConfiguration section */
		47BEA8012B23203C009AD85A /* Debug */ = {
			isa = XCBuildConfiguration;
			buildSettings = {
				ALWAYS_SEARCH_USER_PATHS = NO;
				ASSETCATALOG_COMPILER_GENERATE_SWIFT_ASSET_SYMBOL_EXTENSIONS = YES;
				CLANG_ANALYZER_NONNULL = YES;
				CLANG_ANALYZER_NUMBER_OBJECT_CONVERSION = YES_AGGRESSIVE;
				CLANG_CXX_LANGUAGE_STANDARD = "gnu++20";
				CLANG_ENABLE_MODULES = YES;
				CLANG_ENABLE_OBJC_ARC = YES;
				CLANG_ENABLE_OBJC_WEAK = YES;
				CLANG_WARN_BLOCK_CAPTURE_AUTORELEASING = YES;
				CLANG_WARN_BOOL_CONVERSION = YES;
				CLANG_WARN_COMMA = YES;
				CLANG_WARN_CONSTANT_CONVERSION = YES;
				CLANG_WARN_DEPRECATED_OBJC_IMPLEMENTATIONS = YES;
				CLANG_WARN_DIRECT_OBJC_ISA_USAGE = YES_ERROR;
				CLANG_WARN_DOCUMENTATION_COMMENTS = YES;
				CLANG_WARN_EMPTY_BODY = YES;
				CLANG_WARN_ENUM_CONVERSION = YES;
				CLANG_WARN_INFINITE_RECURSION = YES;
				CLANG_WARN_INT_CONVERSION = YES;
				CLANG_WARN_NON_LITERAL_NULL_CONVERSION = YES;
				CLANG_WARN_OBJC_IMPLICIT_RETAIN_SELF = YES;
				CLANG_WARN_OBJC_LITERAL_CONVERSION = YES;
				CLANG_WARN_OBJC_ROOT_CLASS = YES_ERROR;
				CLANG_WARN_QUOTED_INCLUDE_IN_FRAMEWORK_HEADER = YES;
				CLANG_WARN_RANGE_LOOP_ANALYSIS = YES;
				CLANG_WARN_STRICT_PROTOTYPES = YES;
				CLANG_WARN_SUSPICIOUS_MOVE = YES;
				CLANG_WARN_UNGUARDED_AVAILABILITY = YES_AGGRESSIVE;
				CLANG_WARN_UNREACHABLE_CODE = YES;
				CLANG_WARN__DUPLICATE_METHOD_MATCH = YES;
				COPY_PHASE_STRIP = NO;
				DEBUG_INFORMATION_FORMAT = dwarf;
				ENABLE_STRICT_OBJC_MSGSEND = YES;
				ENABLE_TESTABILITY = YES;
				ENABLE_USER_SCRIPT_SANDBOXING = YES;
				GCC_C_LANGUAGE_STANDARD = gnu17;
				GCC_DYNAMIC_NO_PIC = NO;
				GCC_NO_COMMON_BLOCKS = YES;
				GCC_OPTIMIZATION_LEVEL = 0;
				GCC_PREPROCESSOR_DEFINITIONS = (
					"DEBUG=1",
					"$(inherited)",
				);
				"GCC_PREPROCESSOR_DEFINITIONS[arch=*]" = "FLEXLAYOUT_SWIFT_PACKAGE=1";
				GCC_WARN_64_TO_32_BIT_CONVERSION = YES;
				GCC_WARN_ABOUT_RETURN_TYPE = YES_ERROR;
				GCC_WARN_UNDECLARED_SELECTOR = YES;
				GCC_WARN_UNINITIALIZED_AUTOS = YES_AGGRESSIVE;
				GCC_WARN_UNUSED_FUNCTION = YES;
				GCC_WARN_UNUSED_VARIABLE = YES;
				IPHONEOS_DEPLOYMENT_TARGET = 15.0;
				LOCALIZATION_PREFERS_STRING_CATALOGS = YES;
				MTL_ENABLE_DEBUG_INFO = INCLUDE_SOURCE;
				MTL_FAST_MATH = YES;
				ONLY_ACTIVE_ARCH = YES;
				SDKROOT = iphoneos;
				SWIFT_ACTIVE_COMPILATION_CONDITIONS = "DEBUG $(inherited)";
				SWIFT_OPTIMIZATION_LEVEL = "-Onone";
			};
			name = Debug;
		};
		47BEA8022B23203C009AD85A /* Release */ = {
			isa = XCBuildConfiguration;
			buildSettings = {
				ALWAYS_SEARCH_USER_PATHS = NO;
				ASSETCATALOG_COMPILER_GENERATE_SWIFT_ASSET_SYMBOL_EXTENSIONS = YES;
				CLANG_ANALYZER_NONNULL = YES;
				CLANG_ANALYZER_NUMBER_OBJECT_CONVERSION = YES_AGGRESSIVE;
				CLANG_CXX_LANGUAGE_STANDARD = "gnu++20";
				CLANG_ENABLE_MODULES = YES;
				CLANG_ENABLE_OBJC_ARC = YES;
				CLANG_ENABLE_OBJC_WEAK = YES;
				CLANG_WARN_BLOCK_CAPTURE_AUTORELEASING = YES;
				CLANG_WARN_BOOL_CONVERSION = YES;
				CLANG_WARN_COMMA = YES;
				CLANG_WARN_CONSTANT_CONVERSION = YES;
				CLANG_WARN_DEPRECATED_OBJC_IMPLEMENTATIONS = YES;
				CLANG_WARN_DIRECT_OBJC_ISA_USAGE = YES_ERROR;
				CLANG_WARN_DOCUMENTATION_COMMENTS = YES;
				CLANG_WARN_EMPTY_BODY = YES;
				CLANG_WARN_ENUM_CONVERSION = YES;
				CLANG_WARN_INFINITE_RECURSION = YES;
				CLANG_WARN_INT_CONVERSION = YES;
				CLANG_WARN_NON_LITERAL_NULL_CONVERSION = YES;
				CLANG_WARN_OBJC_IMPLICIT_RETAIN_SELF = YES;
				CLANG_WARN_OBJC_LITERAL_CONVERSION = YES;
				CLANG_WARN_OBJC_ROOT_CLASS = YES_ERROR;
				CLANG_WARN_QUOTED_INCLUDE_IN_FRAMEWORK_HEADER = YES;
				CLANG_WARN_RANGE_LOOP_ANALYSIS = YES;
				CLANG_WARN_STRICT_PROTOTYPES = YES;
				CLANG_WARN_SUSPICIOUS_MOVE = YES;
				CLANG_WARN_UNGUARDED_AVAILABILITY = YES_AGGRESSIVE;
				CLANG_WARN_UNREACHABLE_CODE = YES;
				CLANG_WARN__DUPLICATE_METHOD_MATCH = YES;
				COPY_PHASE_STRIP = NO;
				DEBUG_INFORMATION_FORMAT = "dwarf-with-dsym";
				ENABLE_NS_ASSERTIONS = NO;
				ENABLE_STRICT_OBJC_MSGSEND = YES;
				ENABLE_USER_SCRIPT_SANDBOXING = YES;
				GCC_C_LANGUAGE_STANDARD = gnu17;
				GCC_NO_COMMON_BLOCKS = YES;
				"GCC_PREPROCESSOR_DEFINITIONS[arch=*]" = "FLEXLAYOUT_SWIFT_PACKAGE=1";
				GCC_WARN_64_TO_32_BIT_CONVERSION = YES;
				GCC_WARN_ABOUT_RETURN_TYPE = YES_ERROR;
				GCC_WARN_UNDECLARED_SELECTOR = YES;
				GCC_WARN_UNINITIALIZED_AUTOS = YES_AGGRESSIVE;
				GCC_WARN_UNUSED_FUNCTION = YES;
				GCC_WARN_UNUSED_VARIABLE = YES;
				IPHONEOS_DEPLOYMENT_TARGET = 15.0;
				LOCALIZATION_PREFERS_STRING_CATALOGS = YES;
				MTL_ENABLE_DEBUG_INFO = NO;
				MTL_FAST_MATH = YES;
				SDKROOT = iphoneos;
				SWIFT_COMPILATION_MODE = wholemodule;
				VALIDATE_PRODUCT = YES;
			};
			name = Release;
		};
		47BEA8042B23203C009AD85A /* Debug */ = {
			isa = XCBuildConfiguration;
			buildSettings = {
				ASSETCATALOG_COMPILER_APPICON_NAME = AppIcon;
				ASSETCATALOG_COMPILER_GLOBAL_ACCENT_COLOR_NAME = AccentColor;
				CODE_SIGN_STYLE = Automatic;
				CURRENT_PROJECT_VERSION = 1;
				DEVELOPMENT_TEAM = F6SZ5LV55B;
				GENERATE_INFOPLIST_FILE = YES;
				INFOPLIST_FILE = FlexPinAndReactorkit/Info.plist;
				INFOPLIST_KEY_UIApplicationSupportsIndirectInputEvents = YES;
				INFOPLIST_KEY_UILaunchStoryboardName = LaunchScreen;
				INFOPLIST_KEY_UISupportedInterfaceOrientations_iPad = "UIInterfaceOrientationPortrait UIInterfaceOrientationPortraitUpsideDown UIInterfaceOrientationLandscapeLeft UIInterfaceOrientationLandscapeRight";
				INFOPLIST_KEY_UISupportedInterfaceOrientations_iPhone = "UIInterfaceOrientationPortrait UIInterfaceOrientationLandscapeLeft UIInterfaceOrientationLandscapeRight";
				IPHONEOS_DEPLOYMENT_TARGET = 15.0;
				LD_RUNPATH_SEARCH_PATHS = (
					"$(inherited)",
					"@executable_path/Frameworks",
				);
				MARKETING_VERSION = 1.0;
				PRODUCT_BUNDLE_IDENTIFIER = Devjoonn.FlexPinAndReactorkit;
				PRODUCT_NAME = "$(TARGET_NAME)";
				SWIFT_EMIT_LOC_STRINGS = YES;
				SWIFT_VERSION = 5.0;
				TARGETED_DEVICE_FAMILY = "1,2";
			};
			name = Debug;
		};
		47BEA8052B23203C009AD85A /* Release */ = {
			isa = XCBuildConfiguration;
			buildSettings = {
				ASSETCATALOG_COMPILER_APPICON_NAME = AppIcon;
				ASSETCATALOG_COMPILER_GLOBAL_ACCENT_COLOR_NAME = AccentColor;
				CODE_SIGN_STYLE = Automatic;
				CURRENT_PROJECT_VERSION = 1;
				DEVELOPMENT_TEAM = F6SZ5LV55B;
				GENERATE_INFOPLIST_FILE = YES;
				INFOPLIST_FILE = FlexPinAndReactorkit/Info.plist;
				INFOPLIST_KEY_UIApplicationSupportsIndirectInputEvents = YES;
				INFOPLIST_KEY_UILaunchStoryboardName = LaunchScreen;
				INFOPLIST_KEY_UISupportedInterfaceOrientations_iPad = "UIInterfaceOrientationPortrait UIInterfaceOrientationPortraitUpsideDown UIInterfaceOrientationLandscapeLeft UIInterfaceOrientationLandscapeRight";
				INFOPLIST_KEY_UISupportedInterfaceOrientations_iPhone = "UIInterfaceOrientationPortrait UIInterfaceOrientationLandscapeLeft UIInterfaceOrientationLandscapeRight";
				IPHONEOS_DEPLOYMENT_TARGET = 15.0;
				LD_RUNPATH_SEARCH_PATHS = (
					"$(inherited)",
					"@executable_path/Frameworks",
				);
				MARKETING_VERSION = 1.0;
				PRODUCT_BUNDLE_IDENTIFIER = Devjoonn.FlexPinAndReactorkit;
				PRODUCT_NAME = "$(TARGET_NAME)";
				SWIFT_EMIT_LOC_STRINGS = YES;
				SWIFT_VERSION = 5.0;
				TARGETED_DEVICE_FAMILY = "1,2";
			};
			name = Release;
		};
/* End XCBuildConfiguration section */

/* Begin XCConfigurationList section */
		47BEA7EA2B232039009AD85A /* Build configuration list for PBXProject "FlexPinAndReactorkit" */ = {
			isa = XCConfigurationList;
			buildConfigurations = (
				47BEA8012B23203C009AD85A /* Debug */,
				47BEA8022B23203C009AD85A /* Release */,
			);
			defaultConfigurationIsVisible = 0;
			defaultConfigurationName = Release;
		};
		47BEA8032B23203C009AD85A /* Build configuration list for PBXNativeTarget "FlexPinAndReactorkit" */ = {
			isa = XCConfigurationList;
			buildConfigurations = (
				47BEA8042B23203C009AD85A /* Debug */,
				47BEA8052B23203C009AD85A /* Release */,
			);
			defaultConfigurationIsVisible = 0;
			defaultConfigurationName = Release;
		};
/* End XCConfigurationList section */

/* Begin XCRemoteSwiftPackageReference section */
		472A5C3B2B3168910075C32E /* XCRemoteSwiftPackageReference "FSCalendar" */ = {
			isa = XCRemoteSwiftPackageReference;
			repositoryURL = "https://github.com/WenchaoD/FSCalendar";
			requirement = {
				kind = upToNextMajorVersion;
				minimumVersion = 2.8.4;
			};
		};
		4754292F2B2334E600795A10 /* XCRemoteSwiftPackageReference "FlexLayout" */ = {
			isa = XCRemoteSwiftPackageReference;
			repositoryURL = "https://github.com/layoutBox/FlexLayout";
			requirement = {
				kind = upToNextMajorVersion;
				minimumVersion = 2.0.3;
			};
		};
		475429472B236F1500795A10 /* XCRemoteSwiftPackageReference "RxSwift" */ = {
			isa = XCRemoteSwiftPackageReference;
			repositoryURL = "https://github.com/ReactiveX/RxSwift";
			requirement = {
				kind = upToNextMajorVersion;
				minimumVersion = 6.6.0;
			};
		};
		47BEA8092B2321AA009AD85A /* XCRemoteSwiftPackageReference "PinLayout" */ = {
			isa = XCRemoteSwiftPackageReference;
			repositoryURL = "https://github.com/layoutBox/PinLayout.git";
			requirement = {
				kind = upToNextMajorVersion;
				minimumVersion = 1.10.5;
			};
		};
		47BEA8132B2321FA009AD85A /* XCRemoteSwiftPackageReference "ReactorKit" */ = {
			isa = XCRemoteSwiftPackageReference;
			repositoryURL = "https://github.com/ReactorKit/ReactorKit";
			requirement = {
				kind = upToNextMajorVersion;
				minimumVersion = 3.2.0;
			};
		};
/* End XCRemoteSwiftPackageReference section */

/* Begin XCSwiftPackageProductDependency section */
		472A5C3C2B3168910075C32E /* FSCalendar */ = {
			isa = XCSwiftPackageProductDependency;
			package = 472A5C3B2B3168910075C32E /* XCRemoteSwiftPackageReference "FSCalendar" */;
			productName = FSCalendar;
		};
		475429302B2334E600795A10 /* FlexLayout */ = {
			isa = XCSwiftPackageProductDependency;
			package = 4754292F2B2334E600795A10 /* XCRemoteSwiftPackageReference "FlexLayout" */;
			productName = FlexLayout;
		};
		475429482B236F1500795A10 /* RxBlocking */ = {
			isa = XCSwiftPackageProductDependency;
			package = 475429472B236F1500795A10 /* XCRemoteSwiftPackageReference "RxSwift" */;
			productName = RxBlocking;
		};
		4754294A2B236F1500795A10 /* RxBlocking-Dynamic */ = {
			isa = XCSwiftPackageProductDependency;
			package = 475429472B236F1500795A10 /* XCRemoteSwiftPackageReference "RxSwift" */;
			productName = "RxBlocking-Dynamic";
		};
		4754294C2B236F1500795A10 /* RxCocoa */ = {
			isa = XCSwiftPackageProductDependency;
			package = 475429472B236F1500795A10 /* XCRemoteSwiftPackageReference "RxSwift" */;
			productName = RxCocoa;
		};
		4754294E2B236F1500795A10 /* RxCocoa-Dynamic */ = {
			isa = XCSwiftPackageProductDependency;
			package = 475429472B236F1500795A10 /* XCRemoteSwiftPackageReference "RxSwift" */;
			productName = "RxCocoa-Dynamic";
		};
		475429502B236F1500795A10 /* RxRelay */ = {
			isa = XCSwiftPackageProductDependency;
			package = 475429472B236F1500795A10 /* XCRemoteSwiftPackageReference "RxSwift" */;
			productName = RxRelay;
		};
		475429522B236F1500795A10 /* RxRelay-Dynamic */ = {
			isa = XCSwiftPackageProductDependency;
			package = 475429472B236F1500795A10 /* XCRemoteSwiftPackageReference "RxSwift" */;
			productName = "RxRelay-Dynamic";
		};
		475429542B236F1500795A10 /* RxSwift */ = {
			isa = XCSwiftPackageProductDependency;
			package = 475429472B236F1500795A10 /* XCRemoteSwiftPackageReference "RxSwift" */;
			productName = RxSwift;
		};
		475429562B236F1500795A10 /* RxSwift-Dynamic */ = {
			isa = XCSwiftPackageProductDependency;
			package = 475429472B236F1500795A10 /* XCRemoteSwiftPackageReference "RxSwift" */;
			productName = "RxSwift-Dynamic";
		};
		47BEA80A2B2321AA009AD85A /* PinLayout */ = {
			isa = XCSwiftPackageProductDependency;
			package = 47BEA8092B2321AA009AD85A /* XCRemoteSwiftPackageReference "PinLayout" */;
			productName = PinLayout;
		};
		47BEA8142B2321FA009AD85A /* ReactorKit */ = {
			isa = XCSwiftPackageProductDependency;
			package = 47BEA8132B2321FA009AD85A /* XCRemoteSwiftPackageReference "ReactorKit" */;
			productName = ReactorKit;
		};
/* End XCSwiftPackageProductDependency section */
	};
	rootObject = 47BEA7E72B232039009AD85A /* Project object */;
}
