// !$*UTF8*$!
{
	archiveVersion = 1;
	classes = {
	};
	objectVersion = 56;
	objects = {

/* Begin PBXBuildFile section */
		4746D7B22AD803FE002AC15F /* ApiClientService.swift in Sources */ = {isa = PBXBuildFile; fileRef = 4746D7B12AD803FE002AC15F /* ApiClientService.swift */; };
		4746D7B52AD804AF002AC15F /* ApiClientServiceImp.swift in Sources */ = {isa = PBXBuildFile; fileRef = 4746D7B42AD804AF002AC15F /* ApiClientServiceImp.swift */; };
		4746D7B82AD80582002AC15F /* ApiError.swift in Sources */ = {isa = PBXBuildFile; fileRef = 4746D7B72AD80582002AC15F /* ApiError.swift */; };
		4746D7BB2AD8090E002AC15F /* HttpResponseStatus.swift in Sources */ = {isa = PBXBuildFile; fileRef = 4746D7BA2AD8090E002AC15F /* HttpResponseStatus.swift */; };
		4746D80A2AD90D20002AC15F /* MenuDTO.swift in Sources */ = {isa = PBXBuildFile; fileRef = 4746D8092AD90D20002AC15F /* MenuDTO.swift */; };
		4746D80C2AD90FA4002AC15F /* MenuDTO+Mapper.swift in Sources */ = {isa = PBXBuildFile; fileRef = 4746D80B2AD90FA4002AC15F /* MenuDTO+Mapper.swift */; };
		4746D80E2AD91038002AC15F /* PropertyIterator.swift in Sources */ = {isa = PBXBuildFile; fileRef = 4746D80D2AD91038002AC15F /* PropertyIterator.swift */; };
		4746D8102AD913DB002AC15F /* Endpoint.swift in Sources */ = {isa = PBXBuildFile; fileRef = 4746D80F2AD913DB002AC15F /* Endpoint.swift */; };
		4746D8132AD91EFD002AC15F /* SpinnerDisplayable.swift in Sources */ = {isa = PBXBuildFile; fileRef = 4746D8122AD91EFD002AC15F /* SpinnerDisplayable.swift */; };
		4746D8152AD92562002AC15F /* ViewValues.swift in Sources */ = {isa = PBXBuildFile; fileRef = 4746D8142AD92562002AC15F /* ViewValues.swift */; };
		4746D8172AD9280D002AC15F /* MessageDisplayable.swift in Sources */ = {isa = PBXBuildFile; fileRef = 4746D8162AD9280D002AC15F /* MessageDisplayable.swift */; };
		478D32922AD698EA00B50663 /* Reusable.swift in Sources */ = {isa = PBXBuildFile; fileRef = 478D32912AD698E900B50663 /* Reusable.swift */; };
		478D32982AD6AD2100B50663 /* MenuRepository.swift in Sources */ = {isa = PBXBuildFile; fileRef = 478D32972AD6AD2100B50663 /* MenuRepository.swift */; };
		478D329B2AD6ADB500B50663 /* MenuItem.swift in Sources */ = {isa = PBXBuildFile; fileRef = 478D329A2AD6ADB500B50663 /* MenuItem.swift */; };
		478D329E2AD6AE5300B50663 /* MenuRepositoryImp.swift in Sources */ = {isa = PBXBuildFile; fileRef = 478D329D2AD6AE5300B50663 /* MenuRepositoryImp.swift */; };
		478D32A12AD6AF2400B50663 /* LoadMenuUseCase.swift in Sources */ = {isa = PBXBuildFile; fileRef = 478D32A02AD6AF2400B50663 /* LoadMenuUseCase.swift */; };
		478D32A52AD6B14B00B50663 /* HomeMenuViewModel.swift in Sources */ = {isa = PBXBuildFile; fileRef = 478D32A42AD6B14B00B50663 /* HomeMenuViewModel.swift */; };
		478D32A72AD6B1DD00B50663 /* StateController.swift in Sources */ = {isa = PBXBuildFile; fileRef = 478D32A62AD6B1DD00B50663 /* StateController.swift */; };
		478D32A92AD6B28B00B50663 /* ItemHomeMenuViewModel.swift in Sources */ = {isa = PBXBuildFile; fileRef = 478D32A82AD6B28B00B50663 /* ItemHomeMenuViewModel.swift */; };
		47F169242AD55D3200E1BD0B /* HomeCoordinator.swift in Sources */ = {isa = PBXBuildFile; fileRef = 47F169232AD55D3200E1BD0B /* HomeCoordinator.swift */; };
		47F169262AD55DDA00E1BD0B /* HomeFactory.swift in Sources */ = {isa = PBXBuildFile; fileRef = 47F169252AD55DDA00E1BD0B /* HomeFactory.swift */; };
		47F169282AD5662C00E1BD0B /* ItemHomeMenuCell.swift in Sources */ = {isa = PBXBuildFile; fileRef = 47F169272AD5662C00E1BD0B /* ItemHomeMenuCell.swift */; };
		47F1692A2AD5676F00E1BD0B /* UIView.swift in Sources */ = {isa = PBXBuildFile; fileRef = 47F169292AD5676F00E1BD0B /* UIView.swift */; };
		47FB61412AD41F5300D4F5CF /* AppCoordinator.swift in Sources */ = {isa = PBXBuildFile; fileRef = 47FB61402AD41F5300D4F5CF /* AppCoordinator.swift */; };
		47FB61432AD41FBA00D4F5CF /* AppFactory.swift in Sources */ = {isa = PBXBuildFile; fileRef = 47FB61422AD41FBA00D4F5CF /* AppFactory.swift */; };
		47FBEE5A2AD1760C00719074 /* AppDelegate.swift in Sources */ = {isa = PBXBuildFile; fileRef = 47FBEE592AD1760C00719074 /* AppDelegate.swift */; };
		47FBEE5C2AD1760C00719074 /* SceneDelegate.swift in Sources */ = {isa = PBXBuildFile; fileRef = 47FBEE5B2AD1760C00719074 /* SceneDelegate.swift */; };
		47FBEE5E2AD1760C00719074 /* HomeMenuController.swift in Sources */ = {isa = PBXBuildFile; fileRef = 47FBEE5D2AD1760C00719074 /* HomeMenuController.swift */; };
		47FBEE632AD1760D00719074 /* Assets.xcassets in Resources */ = {isa = PBXBuildFile; fileRef = 47FBEE622AD1760D00719074 /* Assets.xcassets */; };
		47FBEE662AD1760D00719074 /* LaunchScreen.storyboard in Resources */ = {isa = PBXBuildFile; fileRef = 47FBEE642AD1760D00719074 /* LaunchScreen.storyboard */; };
		47FBEE712AD1760E00719074 /* RickyAndMortyTests.swift in Sources */ = {isa = PBXBuildFile; fileRef = 47FBEE702AD1760E00719074 /* RickyAndMortyTests.swift */; };
		47FBEEA92AD2A3BB00719074 /* Coordinator.swift in Sources */ = {isa = PBXBuildFile; fileRef = 47FBEEA82AD2A3BB00719074 /* Coordinator.swift */; };
/* End PBXBuildFile section */

/* Begin PBXContainerItemProxy section */
		47FBEE6D2AD1760E00719074 /* PBXContainerItemProxy */ = {
			isa = PBXContainerItemProxy;
			containerPortal = 47FBEE4E2AD1760C00719074 /* Project object */;
			proxyType = 1;
			remoteGlobalIDString = 47FBEE552AD1760C00719074;
			remoteInfo = RickyAndMorty;
		};
		47FBEE772AD1760E00719074 /* PBXContainerItemProxy */ = {
			isa = PBXContainerItemProxy;
			containerPortal = 47FBEE4E2AD1760C00719074 /* Project object */;
			proxyType = 1;
			remoteGlobalIDString = 47FBEE552AD1760C00719074;
			remoteInfo = RickyAndMorty;
		};
/* End PBXContainerItemProxy section */

/* Begin PBXFileReference section */
		4746D7B12AD803FE002AC15F /* ApiClientService.swift */ = {isa = PBXFileReference; lastKnownFileType = sourcecode.swift; path = ApiClientService.swift; sourceTree = "<group>"; };
		4746D7B42AD804AF002AC15F /* ApiClientServiceImp.swift */ = {isa = PBXFileReference; lastKnownFileType = sourcecode.swift; path = ApiClientServiceImp.swift; sourceTree = "<group>"; };
		4746D7B72AD80582002AC15F /* ApiError.swift */ = {isa = PBXFileReference; lastKnownFileType = sourcecode.swift; path = ApiError.swift; sourceTree = "<group>"; };
		4746D7BA2AD8090E002AC15F /* HttpResponseStatus.swift */ = {isa = PBXFileReference; lastKnownFileType = sourcecode.swift; path = HttpResponseStatus.swift; sourceTree = "<group>"; };
		4746D8092AD90D20002AC15F /* MenuDTO.swift */ = {isa = PBXFileReference; lastKnownFileType = sourcecode.swift; path = MenuDTO.swift; sourceTree = "<group>"; };
		4746D80B2AD90FA4002AC15F /* MenuDTO+Mapper.swift */ = {isa = PBXFileReference; lastKnownFileType = sourcecode.swift; path = "MenuDTO+Mapper.swift"; sourceTree = "<group>"; };
		4746D80D2AD91038002AC15F /* PropertyIterator.swift */ = {isa = PBXFileReference; lastKnownFileType = sourcecode.swift; path = PropertyIterator.swift; sourceTree = "<group>"; };
		4746D80F2AD913DB002AC15F /* Endpoint.swift */ = {isa = PBXFileReference; lastKnownFileType = sourcecode.swift; path = Endpoint.swift; sourceTree = "<group>"; };
		4746D8122AD91EFD002AC15F /* SpinnerDisplayable.swift */ = {isa = PBXFileReference; lastKnownFileType = sourcecode.swift; path = SpinnerDisplayable.swift; sourceTree = "<group>"; };
		4746D8142AD92562002AC15F /* ViewValues.swift */ = {isa = PBXFileReference; lastKnownFileType = sourcecode.swift; path = ViewValues.swift; sourceTree = "<group>"; };
		4746D8162AD9280D002AC15F /* MessageDisplayable.swift */ = {isa = PBXFileReference; lastKnownFileType = sourcecode.swift; path = MessageDisplayable.swift; sourceTree = "<group>"; };
		478D32912AD698E900B50663 /* Reusable.swift */ = {isa = PBXFileReference; lastKnownFileType = sourcecode.swift; path = Reusable.swift; sourceTree = "<group>"; };
		478D32972AD6AD2100B50663 /* MenuRepository.swift */ = {isa = PBXFileReference; lastKnownFileType = sourcecode.swift; path = MenuRepository.swift; sourceTree = "<group>"; };
		478D329A2AD6ADB500B50663 /* MenuItem.swift */ = {isa = PBXFileReference; lastKnownFileType = sourcecode.swift; path = MenuItem.swift; sourceTree = "<group>"; };
		478D329D2AD6AE5300B50663 /* MenuRepositoryImp.swift */ = {isa = PBXFileReference; lastKnownFileType = sourcecode.swift; path = MenuRepositoryImp.swift; sourceTree = "<group>"; };
		478D32A02AD6AF2400B50663 /* LoadMenuUseCase.swift */ = {isa = PBXFileReference; lastKnownFileType = sourcecode.swift; path = LoadMenuUseCase.swift; sourceTree = "<group>"; };
		478D32A42AD6B14B00B50663 /* HomeMenuViewModel.swift */ = {isa = PBXFileReference; lastKnownFileType = sourcecode.swift; path = HomeMenuViewModel.swift; sourceTree = "<group>"; };
		478D32A62AD6B1DD00B50663 /* StateController.swift */ = {isa = PBXFileReference; lastKnownFileType = sourcecode.swift; path = StateController.swift; sourceTree = "<group>"; };
		478D32A82AD6B28B00B50663 /* ItemHomeMenuViewModel.swift */ = {isa = PBXFileReference; lastKnownFileType = sourcecode.swift; path = ItemHomeMenuViewModel.swift; sourceTree = "<group>"; };
		47F169232AD55D3200E1BD0B /* HomeCoordinator.swift */ = {isa = PBXFileReference; lastKnownFileType = sourcecode.swift; path = HomeCoordinator.swift; sourceTree = "<group>"; };
		47F169252AD55DDA00E1BD0B /* HomeFactory.swift */ = {isa = PBXFileReference; lastKnownFileType = sourcecode.swift; path = HomeFactory.swift; sourceTree = "<group>"; };
		47F169272AD5662C00E1BD0B /* ItemHomeMenuCell.swift */ = {isa = PBXFileReference; lastKnownFileType = sourcecode.swift; path = ItemHomeMenuCell.swift; sourceTree = "<group>"; };
		47F169292AD5676F00E1BD0B /* UIView.swift */ = {isa = PBXFileReference; lastKnownFileType = sourcecode.swift; path = UIView.swift; sourceTree = "<group>"; };
		47FB61402AD41F5300D4F5CF /* AppCoordinator.swift */ = {isa = PBXFileReference; lastKnownFileType = sourcecode.swift; path = AppCoordinator.swift; sourceTree = "<group>"; };
		47FB61422AD41FBA00D4F5CF /* AppFactory.swift */ = {isa = PBXFileReference; lastKnownFileType = sourcecode.swift; path = AppFactory.swift; sourceTree = "<group>"; };
		47FBEE562AD1760C00719074 /* RickyAndMorty.app */ = {isa = PBXFileReference; explicitFileType = wrapper.application; includeInIndex = 0; path = RickyAndMorty.app; sourceTree = BUILT_PRODUCTS_DIR; };
		47FBEE592AD1760C00719074 /* AppDelegate.swift */ = {isa = PBXFileReference; lastKnownFileType = sourcecode.swift; path = AppDelegate.swift; sourceTree = "<group>"; };
		47FBEE5B2AD1760C00719074 /* SceneDelegate.swift */ = {isa = PBXFileReference; lastKnownFileType = sourcecode.swift; path = SceneDelegate.swift; sourceTree = "<group>"; };
		47FBEE5D2AD1760C00719074 /* HomeMenuController.swift */ = {isa = PBXFileReference; lastKnownFileType = sourcecode.swift; path = HomeMenuController.swift; sourceTree = "<group>"; };
		47FBEE622AD1760D00719074 /* Assets.xcassets */ = {isa = PBXFileReference; lastKnownFileType = folder.assetcatalog; path = Assets.xcassets; sourceTree = "<group>"; };
		47FBEE652AD1760D00719074 /* Base */ = {isa = PBXFileReference; lastKnownFileType = file.storyboard; name = Base; path = Base.lproj/LaunchScreen.storyboard; sourceTree = "<group>"; };
		47FBEE672AD1760D00719074 /* Info.plist */ = {isa = PBXFileReference; lastKnownFileType = text.plist.xml; path = Info.plist; sourceTree = "<group>"; };
		47FBEE6C2AD1760E00719074 /* RickyAndMortyTests.xctest */ = {isa = PBXFileReference; explicitFileType = wrapper.cfbundle; includeInIndex = 0; path = RickyAndMortyTests.xctest; sourceTree = BUILT_PRODUCTS_DIR; };
		47FBEE702AD1760E00719074 /* RickyAndMortyTests.swift */ = {isa = PBXFileReference; lastKnownFileType = sourcecode.swift; path = RickyAndMortyTests.swift; sourceTree = "<group>"; };
		47FBEE762AD1760E00719074 /* RickyAndMortyUITests.xctest */ = {isa = PBXFileReference; explicitFileType = wrapper.cfbundle; includeInIndex = 0; path = RickyAndMortyUITests.xctest; sourceTree = BUILT_PRODUCTS_DIR; };
		47FBEEA82AD2A3BB00719074 /* Coordinator.swift */ = {isa = PBXFileReference; lastKnownFileType = sourcecode.swift; path = Coordinator.swift; sourceTree = "<group>"; };
/* End PBXFileReference section */

/* Begin PBXFrameworksBuildPhase section */
		47FBEE532AD1760C00719074 /* Frameworks */ = {
			isa = PBXFrameworksBuildPhase;
			buildActionMask = 2147483647;
			files = (
			);
			runOnlyForDeploymentPostprocessing = 0;
		};
		47FBEE692AD1760E00719074 /* Frameworks */ = {
			isa = PBXFrameworksBuildPhase;
			buildActionMask = 2147483647;
			files = (
			);
			runOnlyForDeploymentPostprocessing = 0;
		};
		47FBEE732AD1760E00719074 /* Frameworks */ = {
			isa = PBXFrameworksBuildPhase;
			buildActionMask = 2147483647;
			files = (
			);
			runOnlyForDeploymentPostprocessing = 0;
		};
/* End PBXFrameworksBuildPhase section */

/* Begin PBXGroup section */
		4746D7B02AD803D4002AC15F /* AppClient */ = {
			isa = PBXGroup;
			children = (
				4746D7B12AD803FE002AC15F /* ApiClientService.swift */,
			);
			path = AppClient;
			sourceTree = "<group>";
		};
		4746D7B32AD80488002AC15F /* Implementations */ = {
			isa = PBXGroup;
			children = (
				4746D7B42AD804AF002AC15F /* ApiClientServiceImp.swift */,
			);
			path = Implementations;
			sourceTree = "<group>";
		};
		4746D7B62AD80562002AC15F /* Errors */ = {
			isa = PBXGroup;
			children = (
				4746D7B72AD80582002AC15F /* ApiError.swift */,
			);
			path = Errors;
			sourceTree = "<group>";
		};
		4746D7B92AD808F3002AC15F /* StatusResponse */ = {
			isa = PBXGroup;
			children = (
				4746D7BA2AD8090E002AC15F /* HttpResponseStatus.swift */,
			);
			name = StatusResponse;
			sourceTree = "<group>";
		};
		4746D8082AD90D09002AC15F /* DTO */ = {
			isa = PBXGroup;
			children = (
				4746D8092AD90D20002AC15F /* MenuDTO.swift */,
				4746D80B2AD90FA4002AC15F /* MenuDTO+Mapper.swift */,
			);
			path = DTO;
			sourceTree = "<group>";
		};
		4746D8112AD91ED8002AC15F /* Components */ = {
			isa = PBXGroup;
			children = (
				4746D8122AD91EFD002AC15F /* SpinnerDisplayable.swift */,
				4746D8162AD9280D002AC15F /* MessageDisplayable.swift */,
			);
			path = Components;
			sourceTree = "<group>";
		};
		478D32932AD6ACCD00B50663 /* Presentation */ = {
			isa = PBXGroup;
			children = (
				478D32A32AD6B12100B50663 /* Cell */,
				478D32A22AD6B11C00B50663 /* Controller */,
			);
			path = Presentation;
			sourceTree = "<group>";
		};
		478D32942AD6ACDE00B50663 /* Data */ = {
			isa = PBXGroup;
			children = (
				4746D8082AD90D09002AC15F /* DTO */,
				478D329C2AD6AE1900B50663 /* Repositories */,
			);
			path = Data;
			sourceTree = "<group>";
		};
		478D32952AD6ACE100B50663 /* Domain */ = {
			isa = PBXGroup;
			children = (
				478D329F2AD6AF0F00B50663 /* UseCase */,
				478D32992AD6ADA500B50663 /* Entities */,
				478D32962AD6AD0100B50663 /* InterfacesRepositories */,
			);
			path = Domain;
			sourceTree = "<group>";
		};
		478D32962AD6AD0100B50663 /* InterfacesRepositories */ = {
			isa = PBXGroup;
			children = (
				478D32972AD6AD2100B50663 /* MenuRepository.swift */,
			);
			path = InterfacesRepositories;
			sourceTree = "<group>";
		};
		478D32992AD6ADA500B50663 /* Entities */ = {
			isa = PBXGroup;
			children = (
				478D329A2AD6ADB500B50663 /* MenuItem.swift */,
			);
			path = Entities;
			sourceTree = "<group>";
		};
		478D329C2AD6AE1900B50663 /* Repositories */ = {
			isa = PBXGroup;
			children = (
				478D329D2AD6AE5300B50663 /* MenuRepositoryImp.swift */,
			);
			path = Repositories;
			sourceTree = "<group>";
		};
		478D329F2AD6AF0F00B50663 /* UseCase */ = {
			isa = PBXGroup;
			children = (
				478D32A02AD6AF2400B50663 /* LoadMenuUseCase.swift */,
			);
			path = UseCase;
			sourceTree = "<group>";
		};
		478D32A22AD6B11C00B50663 /* Controller */ = {
			isa = PBXGroup;
			children = (
				47FBEE5D2AD1760C00719074 /* HomeMenuController.swift */,
				478D32A42AD6B14B00B50663 /* HomeMenuViewModel.swift */,
			);
			path = Controller;
			sourceTree = "<group>";
		};
		478D32A32AD6B12100B50663 /* Cell */ = {
			isa = PBXGroup;
			children = (
				47F169272AD5662C00E1BD0B /* ItemHomeMenuCell.swift */,
				478D32A82AD6B28B00B50663 /* ItemHomeMenuViewModel.swift */,
			);
			path = Cell;
			sourceTree = "<group>";
		};
		47FBEE4D2AD1760C00719074 = {
			isa = PBXGroup;
			children = (
				47FBEE582AD1760C00719074 /* RickyAndMorty */,
				47FBEE6F2AD1760E00719074 /* RickyAndMortyTests */,
				47FBEE572AD1760C00719074 /* Products */,
			);
			sourceTree = "<group>";
		};
		47FBEE572AD1760C00719074 /* Products */ = {
			isa = PBXGroup;
			children = (
				47FBEE562AD1760C00719074 /* RickyAndMorty.app */,
				47FBEE6C2AD1760E00719074 /* RickyAndMortyTests.xctest */,
				47FBEE762AD1760E00719074 /* RickyAndMortyUITests.xctest */,
			);
			name = Products;
			sourceTree = "<group>";
		};
		47FBEE582AD1760C00719074 /* RickyAndMorty */ = {
			isa = PBXGroup;
			children = (
				47FBEE892AD17A3D00719074 /* App */,
				47FBEE672AD1760D00719074 /* Info.plist */,
			);
			path = RickyAndMorty;
			sourceTree = "<group>";
		};
		47FBEE6F2AD1760E00719074 /* RickyAndMortyTests */ = {
			isa = PBXGroup;
			children = (
				47FBEE702AD1760E00719074 /* RickyAndMortyTests.swift */,
			);
			path = RickyAndMortyTests;
			sourceTree = "<group>";
		};
		47FBEE892AD17A3D00719074 /* App */ = {
			isa = PBXGroup;
			children = (
				47FBEE8F2AD17AAD00719074 /* Storage */,
				47FBEE8E2AD17AA300719074 /* Resources */,
				47FBEE8D2AD17A9200719074 /* Networking */,
				47FBEE8C2AD17A8000719074 /* Common */,
				47FBEE8B2AD17A6300719074 /* ScreenModules */,
				47FBEE8A2AD17A5100719074 /* CompositionRoot */,
			);
			path = App;
			sourceTree = "<group>";
		};
		47FBEE8A2AD17A5100719074 /* CompositionRoot */ = {
			isa = PBXGroup;
			children = (
				47FBEEA72AD17DA200719074 /* System */,
				47FBEEA52AD17CA800719074 /* DIContainer */,
				47FBEEA42AD17C9A00719074 /* Factories */,
				47FBEEA12AD17C4700719074 /* Coordinator */,
			);
			path = CompositionRoot;
			sourceTree = "<group>";
		};
		47FBEE8B2AD17A6300719074 /* ScreenModules */ = {
			isa = PBXGroup;
			children = (
				47FBEEA62AD17CED00719074 /* LaunchScreen */,
				47FBEE962AD17B6700719074 /* LocationDetail */,
				47FBEE952AD17B5300719074 /* Origin */,
				47FBEE942AD17B3E00719074 /* Episodes */,
				47FBEE932AD17B3200719074 /* Locations */,
				47FBEE922AD17B1C00719074 /* CharacterDetail */,
				47FBEE912AD17ADF00719074 /* Characters */,
				47FBEE902AD17ACB00719074 /* HomeMenu */,
			);
			path = ScreenModules;
			sourceTree = "<group>";
		};
		47FBEE8C2AD17A8000719074 /* Common */ = {
			isa = PBXGroup;
			children = (
				4746D8112AD91ED8002AC15F /* Components */,
				47FBEEA02AD17C1F00719074 /* Localize */,
				47FBEE9F2AD17C0D00719074 /* StateController */,
				47FBEE9E2AD17BF500719074 /* Utils */,
				47FBEE9A2AD17BB400719074 /* Layer */,
				47FBEE982AD17B9000719074 /* Constants */,
				47FBEE972AD17B7B00719074 /* Extension */,
			);
			path = Common;
			sourceTree = "<group>";
		};
		47FBEE8D2AD17A9200719074 /* Networking */ = {
			isa = PBXGroup;
			children = (
				4746D7B92AD808F3002AC15F /* StatusResponse */,
				4746D7B62AD80562002AC15F /* Errors */,
				4746D7B32AD80488002AC15F /* Implementations */,
				4746D7B02AD803D4002AC15F /* AppClient */,
				4746D80F2AD913DB002AC15F /* Endpoint.swift */,
			);
			path = Networking;
			sourceTree = "<group>";
		};
		47FBEE8E2AD17AA300719074 /* Resources */ = {
			isa = PBXGroup;
			children = (
				47FBEE622AD1760D00719074 /* Assets.xcassets */,
			);
			path = Resources;
			sourceTree = "<group>";
		};
		47FBEE8F2AD17AAD00719074 /* Storage */ = {
			isa = PBXGroup;
			children = (
			);
			path = Storage;
			sourceTree = "<group>";
		};
		47FBEE902AD17ACB00719074 /* HomeMenu */ = {
			isa = PBXGroup;
			children = (
				478D32952AD6ACE100B50663 /* Domain */,
				478D32942AD6ACDE00B50663 /* Data */,
				478D32932AD6ACCD00B50663 /* Presentation */,
			);
			path = HomeMenu;
			sourceTree = "<group>";
		};
		47FBEE912AD17ADF00719074 /* Characters */ = {
			isa = PBXGroup;
			children = (
			);
			path = Characters;
			sourceTree = "<group>";
		};
		47FBEE922AD17B1C00719074 /* CharacterDetail */ = {
			isa = PBXGroup;
			children = (
			);
			path = CharacterDetail;
			sourceTree = "<group>";
		};
		47FBEE932AD17B3200719074 /* Locations */ = {
			isa = PBXGroup;
			children = (
			);
			path = Locations;
			sourceTree = "<group>";
		};
		47FBEE942AD17B3E00719074 /* Episodes */ = {
			isa = PBXGroup;
			children = (
			);
			path = Episodes;
			sourceTree = "<group>";
		};
		47FBEE952AD17B5300719074 /* Origin */ = {
			isa = PBXGroup;
			children = (
			);
			path = Origin;
			sourceTree = "<group>";
		};
		47FBEE962AD17B6700719074 /* LocationDetail */ = {
			isa = PBXGroup;
			children = (
			);
			path = LocationDetail;
			sourceTree = "<group>";
		};
		47FBEE972AD17B7B00719074 /* Extension */ = {
			isa = PBXGroup;
			children = (
				47F169292AD5676F00E1BD0B /* UIView.swift */,
			);
			path = Extension;
			sourceTree = "<group>";
		};
		47FBEE982AD17B9000719074 /* Constants */ = {
			isa = PBXGroup;
			children = (
			);
			path = Constants;
			sourceTree = "<group>";
		};
		47FBEE992AD17B9F00719074 /* Components */ = {
			isa = PBXGroup;
			children = (
				4746D8142AD92562002AC15F /* ViewValues.swift */,
			);
			path = Components;
			sourceTree = "<group>";
		};
		47FBEE9A2AD17BB400719074 /* Layer */ = {
			isa = PBXGroup;
			children = (
				47FBEE9D2AD17BDB00719074 /* Presentation */,
				47FBEE9C2AD17BC900719074 /* Domain */,
				47FBEE9B2AD17BC100719074 /* Data */,
			);
			path = Layer;
			sourceTree = "<group>";
		};
		47FBEE9B2AD17BC100719074 /* Data */ = {
			isa = PBXGroup;
			children = (
			);
			path = Data;
			sourceTree = "<group>";
		};
		47FBEE9C2AD17BC900719074 /* Domain */ = {
			isa = PBXGroup;
			children = (
			);
			path = Domain;
			sourceTree = "<group>";
		};
		47FBEE9D2AD17BDB00719074 /* Presentation */ = {
			isa = PBXGroup;
			children = (
				47FBEE992AD17B9F00719074 /* Components */,
				478D32A62AD6B1DD00B50663 /* StateController.swift */,
			);
			path = Presentation;
			sourceTree = "<group>";
		};
		47FBEE9E2AD17BF500719074 /* Utils */ = {
			isa = PBXGroup;
			children = (
				478D32912AD698E900B50663 /* Reusable.swift */,
				4746D80D2AD91038002AC15F /* PropertyIterator.swift */,
			);
			path = Utils;
			sourceTree = "<group>";
		};
		47FBEE9F2AD17C0D00719074 /* StateController */ = {
			isa = PBXGroup;
			children = (
			);
			path = StateController;
			sourceTree = "<group>";
		};
		47FBEEA02AD17C1F00719074 /* Localize */ = {
			isa = PBXGroup;
			children = (
			);
			path = Localize;
			sourceTree = "<group>";
		};
		47FBEEA12AD17C4700719074 /* Coordinator */ = {
			isa = PBXGroup;
			children = (
				47FBEEA82AD2A3BB00719074 /* Coordinator.swift */,
				47FB61402AD41F5300D4F5CF /* AppCoordinator.swift */,
				47FBEEA32AD17C7000719074 /* CoordinatorScreens */,
				47FBEEA22AD17C5A00719074 /* Utils */,
			);
			path = Coordinator;
			sourceTree = "<group>";
		};
		47FBEEA22AD17C5A00719074 /* Utils */ = {
			isa = PBXGroup;
			children = (
			);
			path = Utils;
			sourceTree = "<group>";
		};
		47FBEEA32AD17C7000719074 /* CoordinatorScreens */ = {
			isa = PBXGroup;
			children = (
				47F169232AD55D3200E1BD0B /* HomeCoordinator.swift */,
			);
			path = CoordinatorScreens;
			sourceTree = "<group>";
		};
		47FBEEA42AD17C9A00719074 /* Factories */ = {
			isa = PBXGroup;
			children = (
				47FB61422AD41FBA00D4F5CF /* AppFactory.swift */,
				47F169252AD55DDA00E1BD0B /* HomeFactory.swift */,
			);
			path = Factories;
			sourceTree = "<group>";
		};
		47FBEEA52AD17CA800719074 /* DIContainer */ = {
			isa = PBXGroup;
			children = (
			);
			path = DIContainer;
			sourceTree = "<group>";
		};
		47FBEEA62AD17CED00719074 /* LaunchScreen */ = {
			isa = PBXGroup;
			children = (
				47FBEE642AD1760D00719074 /* LaunchScreen.storyboard */,
			);
			path = LaunchScreen;
			sourceTree = "<group>";
		};
		47FBEEA72AD17DA200719074 /* System */ = {
			isa = PBXGroup;
			children = (
				47FBEE592AD1760C00719074 /* AppDelegate.swift */,
				47FBEE5B2AD1760C00719074 /* SceneDelegate.swift */,
			);
			path = System;
			sourceTree = "<group>";
		};
/* End PBXGroup section */

/* Begin PBXNativeTarget section */
		47FBEE552AD1760C00719074 /* RickyAndMorty */ = {
			isa = PBXNativeTarget;
			buildConfigurationList = 47FBEE802AD1760E00719074 /* Build configuration list for PBXNativeTarget "RickyAndMorty" */;
			buildPhases = (
				47FBEE522AD1760C00719074 /* Sources */,
				47FBEE532AD1760C00719074 /* Frameworks */,
				47FBEE542AD1760C00719074 /* Resources */,
			);
			buildRules = (
			);
			dependencies = (
			);
			name = RickyAndMorty;
			productName = RickyAndMorty;
			productReference = 47FBEE562AD1760C00719074 /* RickyAndMorty.app */;
			productType = "com.apple.product-type.application";
		};
		47FBEE6B2AD1760E00719074 /* RickyAndMortyTests */ = {
			isa = PBXNativeTarget;
			buildConfigurationList = 47FBEE832AD1760E00719074 /* Build configuration list for PBXNativeTarget "RickyAndMortyTests" */;
			buildPhases = (
				47FBEE682AD1760E00719074 /* Sources */,
				47FBEE692AD1760E00719074 /* Frameworks */,
				47FBEE6A2AD1760E00719074 /* Resources */,
			);
			buildRules = (
			);
			dependencies = (
				47FBEE6E2AD1760E00719074 /* PBXTargetDependency */,
			);
			name = RickyAndMortyTests;
			productName = RickyAndMortyTests;
			productReference = 47FBEE6C2AD1760E00719074 /* RickyAndMortyTests.xctest */;
			productType = "com.apple.product-type.bundle.unit-test";
		};
		47FBEE752AD1760E00719074 /* RickyAndMortyUITests */ = {
			isa = PBXNativeTarget;
			buildConfigurationList = 47FBEE862AD1760E00719074 /* Build configuration list for PBXNativeTarget "RickyAndMortyUITests" */;
			buildPhases = (
				47FBEE722AD1760E00719074 /* Sources */,
				47FBEE732AD1760E00719074 /* Frameworks */,
				47FBEE742AD1760E00719074 /* Resources */,
			);
			buildRules = (
			);
			dependencies = (
				47FBEE782AD1760E00719074 /* PBXTargetDependency */,
			);
			name = RickyAndMortyUITests;
			productName = RickyAndMortyUITests;
			productReference = 47FBEE762AD1760E00719074 /* RickyAndMortyUITests.xctest */;
			productType = "com.apple.product-type.bundle.ui-testing";
		};
/* End PBXNativeTarget section */

/* Begin PBXProject section */
		47FBEE4E2AD1760C00719074 /* Project object */ = {
			isa = PBXProject;
			attributes = {
				BuildIndependentTargetsInParallel = 1;
				LastSwiftUpdateCheck = 1500;
				LastUpgradeCheck = 1500;
				TargetAttributes = {
					47FBEE552AD1760C00719074 = {
						CreatedOnToolsVersion = 15.0;
					};
					47FBEE6B2AD1760E00719074 = {
						CreatedOnToolsVersion = 15.0;
						TestTargetID = 47FBEE552AD1760C00719074;
					};
					47FBEE752AD1760E00719074 = {
						CreatedOnToolsVersion = 15.0;
						TestTargetID = 47FBEE552AD1760C00719074;
					};
				};
			};
			buildConfigurationList = 47FBEE512AD1760C00719074 /* Build configuration list for PBXProject "RickyAndMorty" */;
			compatibilityVersion = "Xcode 14.0";
			developmentRegion = en;
			hasScannedForEncodings = 0;
			knownRegions = (
				en,
				Base,
			);
			mainGroup = 47FBEE4D2AD1760C00719074;
			productRefGroup = 47FBEE572AD1760C00719074 /* Products */;
			projectDirPath = "";
			projectRoot = "";
			targets = (
				47FBEE552AD1760C00719074 /* RickyAndMorty */,
				47FBEE6B2AD1760E00719074 /* RickyAndMortyTests */,
				47FBEE752AD1760E00719074 /* RickyAndMortyUITests */,
			);
		};
/* End PBXProject section */

/* Begin PBXResourcesBuildPhase section */
		47FBEE542AD1760C00719074 /* Resources */ = {
			isa = PBXResourcesBuildPhase;
			buildActionMask = 2147483647;
			files = (
				47FBEE662AD1760D00719074 /* LaunchScreen.storyboard in Resources */,
				47FBEE632AD1760D00719074 /* Assets.xcassets in Resources */,
			);
			runOnlyForDeploymentPostprocessing = 0;
		};
		47FBEE6A2AD1760E00719074 /* Resources */ = {
			isa = PBXResourcesBuildPhase;
			buildActionMask = 2147483647;
			files = (
			);
			runOnlyForDeploymentPostprocessing = 0;
		};
		47FBEE742AD1760E00719074 /* Resources */ = {
			isa = PBXResourcesBuildPhase;
			buildActionMask = 2147483647;
			files = (
			);
			runOnlyForDeploymentPostprocessing = 0;
		};
/* End PBXResourcesBuildPhase section */

/* Begin PBXSourcesBuildPhase section */
		47FBEE522AD1760C00719074 /* Sources */ = {
			isa = PBXSourcesBuildPhase;
			buildActionMask = 2147483647;
			files = (
				47F1692A2AD5676F00E1BD0B /* UIView.swift in Sources */,
				478D32922AD698EA00B50663 /* Reusable.swift in Sources */,
				478D32A12AD6AF2400B50663 /* LoadMenuUseCase.swift in Sources */,
				47FB61432AD41FBA00D4F5CF /* AppFactory.swift in Sources */,
				4746D7B52AD804AF002AC15F /* ApiClientServiceImp.swift in Sources */,
				47FBEEA92AD2A3BB00719074 /* Coordinator.swift in Sources */,
				478D32982AD6AD2100B50663 /* MenuRepository.swift in Sources */,
				47FBEE5E2AD1760C00719074 /* HomeMenuController.swift in Sources */,
				478D32A72AD6B1DD00B50663 /* StateController.swift in Sources */,
				4746D8132AD91EFD002AC15F /* SpinnerDisplayable.swift in Sources */,
				478D329B2AD6ADB500B50663 /* MenuItem.swift in Sources */,
				47FB61412AD41F5300D4F5CF /* AppCoordinator.swift in Sources */,
				47FBEE5A2AD1760C00719074 /* AppDelegate.swift in Sources */,
				47F169262AD55DDA00E1BD0B /* HomeFactory.swift in Sources */,
				4746D8152AD92562002AC15F /* ViewValues.swift in Sources */,
				47F169242AD55D3200E1BD0B /* HomeCoordinator.swift in Sources */,
				4746D7B82AD80582002AC15F /* ApiError.swift in Sources */,
				478D32A92AD6B28B00B50663 /* ItemHomeMenuViewModel.swift in Sources */,
				4746D8102AD913DB002AC15F /* Endpoint.swift in Sources */,
				4746D7BB2AD8090E002AC15F /* HttpResponseStatus.swift in Sources */,
				4746D80E2AD91038002AC15F /* PropertyIterator.swift in Sources */,
				478D32A52AD6B14B00B50663 /* HomeMenuViewModel.swift in Sources */,
				478D329E2AD6AE5300B50663 /* MenuRepositoryImp.swift in Sources */,
				4746D80C2AD90FA4002AC15F /* MenuDTO+Mapper.swift in Sources */,
				47F169282AD5662C00E1BD0B /* ItemHomeMenuCell.swift in Sources */,
				47FBEE5C2AD1760C00719074 /* SceneDelegate.swift in Sources */,
				4746D7B22AD803FE002AC15F /* ApiClientService.swift in Sources */,
				4746D80A2AD90D20002AC15F /* MenuDTO.swift in Sources */,
				4746D8172AD9280D002AC15F /* MessageDisplayable.swift in Sources */,
			);
			runOnlyForDeploymentPostprocessing = 0;
		};
		47FBEE682AD1760E00719074 /* Sources */ = {
			isa = PBXSourcesBuildPhase;
			buildActionMask = 2147483647;
			files = (
				47FBEE712AD1760E00719074 /* RickyAndMortyTests.swift in Sources */,
			);
			runOnlyForDeploymentPostprocessing = 0;
		};
		47FBEE722AD1760E00719074 /* Sources */ = {
			isa = PBXSourcesBuildPhase;
			buildActionMask = 2147483647;
			files = (
			);
			runOnlyForDeploymentPostprocessing = 0;
		};
/* End PBXSourcesBuildPhase section */

/* Begin PBXTargetDependency section */
		47FBEE6E2AD1760E00719074 /* PBXTargetDependency */ = {
			isa = PBXTargetDependency;
			target = 47FBEE552AD1760C00719074 /* RickyAndMorty */;
			targetProxy = 47FBEE6D2AD1760E00719074 /* PBXContainerItemProxy */;
		};
		47FBEE782AD1760E00719074 /* PBXTargetDependency */ = {
			isa = PBXTargetDependency;
			target = 47FBEE552AD1760C00719074 /* RickyAndMorty */;
			targetProxy = 47FBEE772AD1760E00719074 /* PBXContainerItemProxy */;
		};
/* End PBXTargetDependency section */

/* Begin PBXVariantGroup section */
		47FBEE642AD1760D00719074 /* LaunchScreen.storyboard */ = {
			isa = PBXVariantGroup;
			children = (
				47FBEE652AD1760D00719074 /* Base */,
			);
			name = LaunchScreen.storyboard;
			sourceTree = "<group>";
		};
/* End PBXVariantGroup section */

/* Begin XCBuildConfiguration section */
		47FBEE7E2AD1760E00719074 /* Debug */ = {
			isa = XCBuildConfiguration;
			buildSettings = {
				ALWAYS_SEARCH_USER_PATHS = NO;
				ASSETCATALOG_COMPILER_GENERATE_SWIFT_ASSET_SYMBOL_EXTENSIONS = YES;
				CLANG_ANALYZER_NONNULL = YES;
				CLANG_ANALYZER_NUMBER_OBJECT_CONVERSION = YES_AGGRESSIVE;
				CLANG_CXX_LANGUAGE_STANDARD = "gnu++20";
				CLANG_ENABLE_MODULES = YES;
				CLANG_ENABLE_OBJC_ARC = YES;
				CLANG_ENABLE_OBJC_WEAK = YES;
				CLANG_WARN_BLOCK_CAPTURE_AUTORELEASING = YES;
				CLANG_WARN_BOOL_CONVERSION = YES;
				CLANG_WARN_COMMA = YES;
				CLANG_WARN_CONSTANT_CONVERSION = YES;
				CLANG_WARN_DEPRECATED_OBJC_IMPLEMENTATIONS = YES;
				CLANG_WARN_DIRECT_OBJC_ISA_USAGE = YES_ERROR;
				CLANG_WARN_DOCUMENTATION_COMMENTS = YES;
				CLANG_WARN_EMPTY_BODY = YES;
				CLANG_WARN_ENUM_CONVERSION = YES;
				CLANG_WARN_INFINITE_RECURSION = YES;
				CLANG_WARN_INT_CONVERSION = YES;
				CLANG_WARN_NON_LITERAL_NULL_CONVERSION = YES;
				CLANG_WARN_OBJC_IMPLICIT_RETAIN_SELF = YES;
				CLANG_WARN_OBJC_LITERAL_CONVERSION = YES;
				CLANG_WARN_OBJC_ROOT_CLASS = YES_ERROR;
				CLANG_WARN_QUOTED_INCLUDE_IN_FRAMEWORK_HEADER = YES;
				CLANG_WARN_RANGE_LOOP_ANALYSIS = YES;
				CLANG_WARN_STRICT_PROTOTYPES = YES;
				CLANG_WARN_SUSPICIOUS_MOVE = YES;
				CLANG_WARN_UNGUARDED_AVAILABILITY = YES_AGGRESSIVE;
				CLANG_WARN_UNREACHABLE_CODE = YES;
				CLANG_WARN__DUPLICATE_METHOD_MATCH = YES;
				COPY_PHASE_STRIP = NO;
				DEBUG_INFORMATION_FORMAT = dwarf;
				ENABLE_STRICT_OBJC_MSGSEND = YES;
				ENABLE_TESTABILITY = YES;
				ENABLE_USER_SCRIPT_SANDBOXING = YES;
				GCC_C_LANGUAGE_STANDARD = gnu17;
				GCC_DYNAMIC_NO_PIC = NO;
				GCC_NO_COMMON_BLOCKS = YES;
				GCC_OPTIMIZATION_LEVEL = 0;
				GCC_PREPROCESSOR_DEFINITIONS = (
					"DEBUG=1",
					"$(inherited)",
				);
				GCC_WARN_64_TO_32_BIT_CONVERSION = YES;
				GCC_WARN_ABOUT_RETURN_TYPE = YES_ERROR;
				GCC_WARN_UNDECLARED_SELECTOR = YES;
				GCC_WARN_UNINITIALIZED_AUTOS = YES_AGGRESSIVE;
				GCC_WARN_UNUSED_FUNCTION = YES;
				GCC_WARN_UNUSED_VARIABLE = YES;
				IPHONEOS_DEPLOYMENT_TARGET = 17.0;
				LOCALIZATION_PREFERS_STRING_CATALOGS = YES;
				MTL_ENABLE_DEBUG_INFO = INCLUDE_SOURCE;
				MTL_FAST_MATH = YES;
				ONLY_ACTIVE_ARCH = YES;
				SDKROOT = iphoneos;
				SWIFT_ACTIVE_COMPILATION_CONDITIONS = "DEBUG $(inherited)";
				SWIFT_OPTIMIZATION_LEVEL = "-Onone";
			};
			name = Debug;
		};
		47FBEE7F2AD1760E00719074 /* Release */ = {
			isa = XCBuildConfiguration;
			buildSettings = {
				ALWAYS_SEARCH_USER_PATHS = NO;
				ASSETCATALOG_COMPILER_GENERATE_SWIFT_ASSET_SYMBOL_EXTENSIONS = YES;
				CLANG_ANALYZER_NONNULL = YES;
				CLANG_ANALYZER_NUMBER_OBJECT_CONVERSION = YES_AGGRESSIVE;
				CLANG_CXX_LANGUAGE_STANDARD = "gnu++20";
				CLANG_ENABLE_MODULES = YES;
				CLANG_ENABLE_OBJC_ARC = YES;
				CLANG_ENABLE_OBJC_WEAK = YES;
				CLANG_WARN_BLOCK_CAPTURE_AUTORELEASING = YES;
				CLANG_WARN_BOOL_CONVERSION = YES;
				CLANG_WARN_COMMA = YES;
				CLANG_WARN_CONSTANT_CONVERSION = YES;
				CLANG_WARN_DEPRECATED_OBJC_IMPLEMENTATIONS = YES;
				CLANG_WARN_DIRECT_OBJC_ISA_USAGE = YES_ERROR;
				CLANG_WARN_DOCUMENTATION_COMMENTS = YES;
				CLANG_WARN_EMPTY_BODY = YES;
				CLANG_WARN_ENUM_CONVERSION = YES;
				CLANG_WARN_INFINITE_RECURSION = YES;
				CLANG_WARN_INT_CONVERSION = YES;
				CLANG_WARN_NON_LITERAL_NULL_CONVERSION = YES;
				CLANG_WARN_OBJC_IMPLICIT_RETAIN_SELF = YES;
				CLANG_WARN_OBJC_LITERAL_CONVERSION = YES;
				CLANG_WARN_OBJC_ROOT_CLASS = YES_ERROR;
				CLANG_WARN_QUOTED_INCLUDE_IN_FRAMEWORK_HEADER = YES;
				CLANG_WARN_RANGE_LOOP_ANALYSIS = YES;
				CLANG_WARN_STRICT_PROTOTYPES = YES;
				CLANG_WARN_SUSPICIOUS_MOVE = YES;
				CLANG_WARN_UNGUARDED_AVAILABILITY = YES_AGGRESSIVE;
				CLANG_WARN_UNREACHABLE_CODE = YES;
				CLANG_WARN__DUPLICATE_METHOD_MATCH = YES;
				COPY_PHASE_STRIP = NO;
				DEBUG_INFORMATION_FORMAT = "dwarf-with-dsym";
				ENABLE_NS_ASSERTIONS = NO;
				ENABLE_STRICT_OBJC_MSGSEND = YES;
				ENABLE_USER_SCRIPT_SANDBOXING = YES;
				GCC_C_LANGUAGE_STANDARD = gnu17;
				GCC_NO_COMMON_BLOCKS = YES;
				GCC_WARN_64_TO_32_BIT_CONVERSION = YES;
				GCC_WARN_ABOUT_RETURN_TYPE = YES_ERROR;
				GCC_WARN_UNDECLARED_SELECTOR = YES;
				GCC_WARN_UNINITIALIZED_AUTOS = YES_AGGRESSIVE;
				GCC_WARN_UNUSED_FUNCTION = YES;
				GCC_WARN_UNUSED_VARIABLE = YES;
				IPHONEOS_DEPLOYMENT_TARGET = 17.0;
				LOCALIZATION_PREFERS_STRING_CATALOGS = YES;
				MTL_ENABLE_DEBUG_INFO = NO;
				MTL_FAST_MATH = YES;
				SDKROOT = iphoneos;
				SWIFT_COMPILATION_MODE = wholemodule;
				VALIDATE_PRODUCT = YES;
			};
			name = Release;
		};
		47FBEE812AD1760E00719074 /* Debug */ = {
			isa = XCBuildConfiguration;
			buildSettings = {
				ASSETCATALOG_COMPILER_APPICON_NAME = AppIcon;
				ASSETCATALOG_COMPILER_GLOBAL_ACCENT_COLOR_NAME = AccentColor;
				CODE_SIGN_STYLE = Automatic;
				CURRENT_PROJECT_VERSION = 1;
				DEVELOPMENT_TEAM = F6SZ5LV55B;
				GENERATE_INFOPLIST_FILE = YES;
				INFOPLIST_FILE = RickyAndMorty/Info.plist;
				INFOPLIST_KEY_UIApplicationSupportsIndirectInputEvents = YES;
				INFOPLIST_KEY_UILaunchStoryboardName = LaunchScreen;
				INFOPLIST_KEY_UISupportedInterfaceOrientations = UIInterfaceOrientationPortrait;
				LD_RUNPATH_SEARCH_PATHS = (
					"$(inherited)",
					"@executable_path/Frameworks",
				);
				MARKETING_VERSION = 1.0;
				PRODUCT_BUNDLE_IDENTIFIER = Devjoonn.RickyAndMorty.RickyAndMorty;
				PRODUCT_NAME = "$(TARGET_NAME)";
				SWIFT_EMIT_LOC_STRINGS = YES;
				SWIFT_VERSION = 5.0;
				TARGETED_DEVICE_FAMILY = "1,2";
			};
			name = Debug;
		};
		47FBEE822AD1760E00719074 /* Release */ = {
			isa = XCBuildConfiguration;
			buildSettings = {
				ASSETCATALOG_COMPILER_APPICON_NAME = AppIcon;
				ASSETCATALOG_COMPILER_GLOBAL_ACCENT_COLOR_NAME = AccentColor;
				CODE_SIGN_STYLE = Automatic;
				CURRENT_PROJECT_VERSION = 1;
				DEVELOPMENT_TEAM = F6SZ5LV55B;
				GENERATE_INFOPLIST_FILE = YES;
				INFOPLIST_FILE = RickyAndMorty/Info.plist;
				INFOPLIST_KEY_UIApplicationSupportsIndirectInputEvents = YES;
				INFOPLIST_KEY_UILaunchStoryboardName = LaunchScreen;
				INFOPLIST_KEY_UISupportedInterfaceOrientations = UIInterfaceOrientationPortrait;
				LD_RUNPATH_SEARCH_PATHS = (
					"$(inherited)",
					"@executable_path/Frameworks",
				);
				MARKETING_VERSION = 1.0;
				PRODUCT_BUNDLE_IDENTIFIER = Devjoonn.RickyAndMorty.RickyAndMorty;
				PRODUCT_NAME = "$(TARGET_NAME)";
				SWIFT_EMIT_LOC_STRINGS = YES;
				SWIFT_VERSION = 5.0;
				TARGETED_DEVICE_FAMILY = "1,2";
			};
			name = Release;
		};
		47FBEE842AD1760E00719074 /* Debug */ = {
			isa = XCBuildConfiguration;
			buildSettings = {
				ALWAYS_EMBED_SWIFT_STANDARD_LIBRARIES = YES;
				BUNDLE_LOADER = "$(TEST_HOST)";
				CODE_SIGN_STYLE = Automatic;
				CURRENT_PROJECT_VERSION = 1;
				DEVELOPMENT_TEAM = F6SZ5LV55B;
				GENERATE_INFOPLIST_FILE = YES;
				IPHONEOS_DEPLOYMENT_TARGET = 17.0;
				MARKETING_VERSION = 1.0;
				PRODUCT_BUNDLE_IDENTIFIER = Devjoonn.RickyAndMorty.RickyAndMortyTests;
				PRODUCT_NAME = "$(TARGET_NAME)";
				SWIFT_EMIT_LOC_STRINGS = NO;
				SWIFT_VERSION = 5.0;
				TARGETED_DEVICE_FAMILY = "1,2";
				TEST_HOST = "$(BUILT_PRODUCTS_DIR)/RickyAndMorty.app/$(BUNDLE_EXECUTABLE_FOLDER_PATH)/RickyAndMorty";
			};
			name = Debug;
		};
		47FBEE852AD1760E00719074 /* Release */ = {
			isa = XCBuildConfiguration;
			buildSettings = {
				ALWAYS_EMBED_SWIFT_STANDARD_LIBRARIES = YES;
				BUNDLE_LOADER = "$(TEST_HOST)";
				CODE_SIGN_STYLE = Automatic;
				CURRENT_PROJECT_VERSION = 1;
				DEVELOPMENT_TEAM = F6SZ5LV55B;
				GENERATE_INFOPLIST_FILE = YES;
				IPHONEOS_DEPLOYMENT_TARGET = 17.0;
				MARKETING_VERSION = 1.0;
				PRODUCT_BUNDLE_IDENTIFIER = Devjoonn.RickyAndMorty.RickyAndMortyTests;
				PRODUCT_NAME = "$(TARGET_NAME)";
				SWIFT_EMIT_LOC_STRINGS = NO;
				SWIFT_VERSION = 5.0;
				TARGETED_DEVICE_FAMILY = "1,2";
				TEST_HOST = "$(BUILT_PRODUCTS_DIR)/RickyAndMorty.app/$(BUNDLE_EXECUTABLE_FOLDER_PATH)/RickyAndMorty";
			};
			name = Release;
		};
		47FBEE872AD1760E00719074 /* Debug */ = {
			isa = XCBuildConfiguration;
			buildSettings = {
				ALWAYS_EMBED_SWIFT_STANDARD_LIBRARIES = YES;
				CODE_SIGN_STYLE = Automatic;
				CURRENT_PROJECT_VERSION = 1;
				DEVELOPMENT_TEAM = F6SZ5LV55B;
				GENERATE_INFOPLIST_FILE = YES;
				MARKETING_VERSION = 1.0;
				PRODUCT_BUNDLE_IDENTIFIER = Devjoonn.RickyAndMorty.RickyAndMortyUITests;
				PRODUCT_NAME = "$(TARGET_NAME)";
				SWIFT_EMIT_LOC_STRINGS = NO;
				SWIFT_VERSION = 5.0;
				TARGETED_DEVICE_FAMILY = "1,2";
				TEST_TARGET_NAME = RickyAndMorty;
			};
			name = Debug;
		};
		47FBEE882AD1760E00719074 /* Release */ = {
			isa = XCBuildConfiguration;
			buildSettings = {
				ALWAYS_EMBED_SWIFT_STANDARD_LIBRARIES = YES;
				CODE_SIGN_STYLE = Automatic;
				CURRENT_PROJECT_VERSION = 1;
				DEVELOPMENT_TEAM = F6SZ5LV55B;
				GENERATE_INFOPLIST_FILE = YES;
				MARKETING_VERSION = 1.0;
				PRODUCT_BUNDLE_IDENTIFIER = Devjoonn.RickyAndMorty.RickyAndMortyUITests;
				PRODUCT_NAME = "$(TARGET_NAME)";
				SWIFT_EMIT_LOC_STRINGS = NO;
				SWIFT_VERSION = 5.0;
				TARGETED_DEVICE_FAMILY = "1,2";
				TEST_TARGET_NAME = RickyAndMorty;
			};
			name = Release;
		};
/* End XCBuildConfiguration section */

/* Begin XCConfigurationList section */
		47FBEE512AD1760C00719074 /* Build configuration list for PBXProject "RickyAndMorty" */ = {
			isa = XCConfigurationList;
			buildConfigurations = (
				47FBEE7E2AD1760E00719074 /* Debug */,
				47FBEE7F2AD1760E00719074 /* Release */,
			);
			defaultConfigurationIsVisible = 0;
			defaultConfigurationName = Release;
		};
		47FBEE802AD1760E00719074 /* Build configuration list for PBXNativeTarget "RickyAndMorty" */ = {
			isa = XCConfigurationList;
			buildConfigurations = (
				47FBEE812AD1760E00719074 /* Debug */,
				47FBEE822AD1760E00719074 /* Release */,
			);
			defaultConfigurationIsVisible = 0;
			defaultConfigurationName = Release;
		};
		47FBEE832AD1760E00719074 /* Build configuration list for PBXNativeTarget "RickyAndMortyTests" */ = {
			isa = XCConfigurationList;
			buildConfigurations = (
				47FBEE842AD1760E00719074 /* Debug */,
				47FBEE852AD1760E00719074 /* Release */,
			);
			defaultConfigurationIsVisible = 0;
			defaultConfigurationName = Release;
		};
		47FBEE862AD1760E00719074 /* Build configuration list for PBXNativeTarget "RickyAndMortyUITests" */ = {
			isa = XCConfigurationList;
			buildConfigurations = (
				47FBEE872AD1760E00719074 /* Debug */,
				47FBEE882AD1760E00719074 /* Release */,
			);
			defaultConfigurationIsVisible = 0;
			defaultConfigurationName = Release;
		};
/* End XCConfigurationList section */
	};
	rootObject = 47FBEE4E2AD1760C00719074 /* Project object */;
}
