// !$*UTF8*$!
{
	archiveVersion = 1;
	classes = {
	};
	objectVersion = 56;
	objects = {

/* Begin PBXBuildFile section */
		470EDD6A2B148F5F00A3AE8F /* LocationsRepository.swift in Sources */ = {isa = PBXBuildFile; fileRef = 470EDD692B148F5F00A3AE8F /* LocationsRepository.swift */; };
		470EDD6E2B14900E00A3AE8F /* LocationRepositoryImp.swift in Sources */ = {isa = PBXBuildFile; fileRef = 470EDD6D2B14900E00A3AE8F /* LocationRepositoryImp.swift */; };
		470EDD712B1490B700A3AE8F /* ResultLocationDTO.swift in Sources */ = {isa = PBXBuildFile; fileRef = 470EDD702B1490B700A3AE8F /* ResultLocationDTO.swift */; };
		470EDD732B1490F900A3AE8F /* ResultLocationDTO+Mapper.swift in Sources */ = {isa = PBXBuildFile; fileRef = 470EDD722B1490F900A3AE8F /* ResultLocationDTO+Mapper.swift */; };
		470EDD762B14920700A3AE8F /* LoadLocationsUseCase.swift in Sources */ = {isa = PBXBuildFile; fileRef = 470EDD752B14920600A3AE8F /* LoadLocationsUseCase.swift */; };
		470EDD792B14E8F100A3AE8F /* ItemLocationViewModel.swift in Sources */ = {isa = PBXBuildFile; fileRef = 470EDD782B14E8F100A3AE8F /* ItemLocationViewModel.swift */; };
		470EDD7B2B14EA0600A3AE8F /* ItemLocationTableViewCell.swift in Sources */ = {isa = PBXBuildFile; fileRef = 470EDD7A2B14EA0600A3AE8F /* ItemLocationTableViewCell.swift */; };
		470EDD7D2B14ECF600A3AE8F /* LocationViewModel.swift in Sources */ = {isa = PBXBuildFile; fileRef = 470EDD7C2B14ECF600A3AE8F /* LocationViewModel.swift */; };
		471806F52AE67255005AC850 /* UIImageView+Utils.swift in Sources */ = {isa = PBXBuildFile; fileRef = 471806F42AE67255005AC850 /* UIImageView+Utils.swift */; };
		472398C52ADD3CF0004C4D47 /* Character.swift in Sources */ = {isa = PBXBuildFile; fileRef = 472398C42ADD3CF0004C4D47 /* Character.swift */; };
		472398C72ADD3D2B004C4D47 /* StatusCharacter.swift in Sources */ = {isa = PBXBuildFile; fileRef = 472398C62ADD3D2B004C4D47 /* StatusCharacter.swift */; };
		472398C92ADD3DEC004C4D47 /* String+empty.swift in Sources */ = {isa = PBXBuildFile; fileRef = 472398C82ADD3DEC004C4D47 /* String+empty.swift */; };
		472398CB2ADD3F4B004C4D47 /* Specie.swift in Sources */ = {isa = PBXBuildFile; fileRef = 472398CA2ADD3F4B004C4D47 /* Specie.swift */; };
		472398CD2ADD4131004C4D47 /* Origin.swift in Sources */ = {isa = PBXBuildFile; fileRef = 472398CC2ADD4131004C4D47 /* Origin.swift */; };
		472398CF2ADD4154004C4D47 /* Location.swift in Sources */ = {isa = PBXBuildFile; fileRef = 472398CE2ADD4154004C4D47 /* Location.swift */; };
		472398D32ADD41F5004C4D47 /* ResultsCharactersDTO.swift in Sources */ = {isa = PBXBuildFile; fileRef = 472398D22ADD41F5004C4D47 /* ResultsCharactersDTO.swift */; };
		472398D52ADD4228004C4D47 /* CharacterDTO.swift in Sources */ = {isa = PBXBuildFile; fileRef = 472398D42ADD4228004C4D47 /* CharacterDTO.swift */; };
		472398D82ADD4E6A004C4D47 /* OriginDTO.swift in Sources */ = {isa = PBXBuildFile; fileRef = 472398D72ADD4E6A004C4D47 /* OriginDTO.swift */; };
		472398DA2ADD4E9E004C4D47 /* LocationDTO.swift in Sources */ = {isa = PBXBuildFile; fileRef = 472398D92ADD4E9E004C4D47 /* LocationDTO.swift */; };
		472398DC2ADD4ED2004C4D47 /* InfoDTO.swift in Sources */ = {isa = PBXBuildFile; fileRef = 472398DB2ADD4ED2004C4D47 /* InfoDTO.swift */; };
		472398E02ADD4F8C004C4D47 /* CharactersRepository.swift in Sources */ = {isa = PBXBuildFile; fileRef = 472398DF2ADD4F8C004C4D47 /* CharactersRepository.swift */; };
		472398E22ADD5025004C4D47 /* Info.swift in Sources */ = {isa = PBXBuildFile; fileRef = 472398E12ADD5025004C4D47 /* Info.swift */; };
		472398E52ADD50AA004C4D47 /* CharacterRepositoryImp.swift in Sources */ = {isa = PBXBuildFile; fileRef = 472398E42ADD50AA004C4D47 /* CharacterRepositoryImp.swift */; };
		472398E72ADD516C004C4D47 /* ResultsCharactersDTO+Mapping.swift in Sources */ = {isa = PBXBuildFile; fileRef = 472398E62ADD516C004C4D47 /* ResultsCharactersDTO+Mapping.swift */; };
		472398EA2ADD5466004C4D47 /* LoadCharactersUseCase.swift in Sources */ = {isa = PBXBuildFile; fileRef = 472398E92ADD5466004C4D47 /* LoadCharactersUseCase.swift */; };
		472398EF2ADD569B004C4D47 /* CharactersViewModel.swift in Sources */ = {isa = PBXBuildFile; fileRef = 472398EE2ADD569B004C4D47 /* CharactersViewModel.swift */; };
		472398F12ADD571B004C4D47 /* ItemCharacterViewModel.swift in Sources */ = {isa = PBXBuildFile; fileRef = 472398F02ADD571B004C4D47 /* ItemCharacterViewModel.swift */; };
		472398F42ADD585A004C4D47 /* BaseViewModel.swift in Sources */ = {isa = PBXBuildFile; fileRef = 472398F32ADD585A004C4D47 /* BaseViewModel.swift */; };
		47303E712B1A3C94005B7152 /* EpisodesFactory.swift in Sources */ = {isa = PBXBuildFile; fileRef = 47303E702B1A3C94005B7152 /* EpisodesFactory.swift */; };
		47303E732B1A3D3C005B7152 /* EpisodesCoordinator.swift in Sources */ = {isa = PBXBuildFile; fileRef = 47303E722B1A3D3C005B7152 /* EpisodesCoordinator.swift */; };
		47303E772B1A40F0005B7152 /* EpisodesViewController.swift in Sources */ = {isa = PBXBuildFile; fileRef = 47303E762B1A40F0005B7152 /* EpisodesViewController.swift */; };
		4746D7B22AD803FE002AC15F /* ApiClientService.swift in Sources */ = {isa = PBXBuildFile; fileRef = 4746D7B12AD803FE002AC15F /* ApiClientService.swift */; };
		4746D7B52AD804AF002AC15F /* ApiClientServiceImp.swift in Sources */ = {isa = PBXBuildFile; fileRef = 4746D7B42AD804AF002AC15F /* ApiClientServiceImp.swift */; };
		4746D7B82AD80582002AC15F /* ApiError.swift in Sources */ = {isa = PBXBuildFile; fileRef = 4746D7B72AD80582002AC15F /* ApiError.swift */; };
		4746D7BB2AD8090E002AC15F /* HttpResponseStatus.swift in Sources */ = {isa = PBXBuildFile; fileRef = 4746D7BA2AD8090E002AC15F /* HttpResponseStatus.swift */; };
		4746D80A2AD90D20002AC15F /* MenuDTO.swift in Sources */ = {isa = PBXBuildFile; fileRef = 4746D8092AD90D20002AC15F /* MenuDTO.swift */; };
		4746D80C2AD90FA4002AC15F /* MenuDTO+Mapper.swift in Sources */ = {isa = PBXBuildFile; fileRef = 4746D80B2AD90FA4002AC15F /* MenuDTO+Mapper.swift */; };
		4746D80E2AD91038002AC15F /* PropertyIterator.swift in Sources */ = {isa = PBXBuildFile; fileRef = 4746D80D2AD91038002AC15F /* PropertyIterator.swift */; };
		4746D8102AD913DB002AC15F /* Endpoint.swift in Sources */ = {isa = PBXBuildFile; fileRef = 4746D80F2AD913DB002AC15F /* Endpoint.swift */; };
		4746D8132AD91EFD002AC15F /* SpinnerDisplayable.swift in Sources */ = {isa = PBXBuildFile; fileRef = 4746D8122AD91EFD002AC15F /* SpinnerDisplayable.swift */; };
		4746D8152AD92562002AC15F /* ViewValues.swift in Sources */ = {isa = PBXBuildFile; fileRef = 4746D8142AD92562002AC15F /* ViewValues.swift */; };
		4746D8172AD9280D002AC15F /* MessageDisplayable.swift in Sources */ = {isa = PBXBuildFile; fileRef = 4746D8162AD9280D002AC15F /* MessageDisplayable.swift */; };
		4746D8192AD933CD002AC15F /* AppLocalized.swift in Sources */ = {isa = PBXBuildFile; fileRef = 4746D8182AD933CD002AC15F /* AppLocalized.swift */; };
		4746D81B2AD9350B002AC15F /* Images.swift in Sources */ = {isa = PBXBuildFile; fileRef = 4746D81A2AD9350B002AC15F /* Images.swift */; };
		474C00AF2B285D0200503A82 /* ItemEpisodeViewModel.swift in Sources */ = {isa = PBXBuildFile; fileRef = 474C00AE2B285D0200503A82 /* ItemEpisodeViewModel.swift */; };
		474C00B12B285F1E00503A82 /* ItemEpisodeTableViewCell.swift in Sources */ = {isa = PBXBuildFile; fileRef = 474C00B02B285F1E00503A82 /* ItemEpisodeTableViewCell.swift */; };
		474C00B32B285FF900503A82 /* CustomPaddingLabel.swift in Sources */ = {isa = PBXBuildFile; fileRef = 474C00B22B285FF900503A82 /* CustomPaddingLabel.swift */; };
		475DF2A32AEE260900A1766E /* CharacterDetailViewController.swift in Sources */ = {isa = PBXBuildFile; fileRef = 475DF2A22AEE260900A1766E /* CharacterDetailViewController.swift */; };
		475DF2A52AEE26AB00A1766E /* CharacterDetailCoordinator.swift in Sources */ = {isa = PBXBuildFile; fileRef = 475DF2A42AEE26AB00A1766E /* CharacterDetailCoordinator.swift */; };
		475DF2A72AEE284A00A1766E /* CharacterDetailFactory.swift in Sources */ = {isa = PBXBuildFile; fileRef = 475DF2A62AEE284A00A1766E /* CharacterDetailFactory.swift */; };
		475DF2B02AF24B6F00A1766E /* CharacterDetailRepository.swift in Sources */ = {isa = PBXBuildFile; fileRef = 475DF2AF2AF24B6F00A1766E /* CharacterDetailRepository.swift */; };
		475DF2B32AF24C3600A1766E /* CharacterDetailRepositoryImp.swift in Sources */ = {isa = PBXBuildFile; fileRef = 475DF2B22AF24C3600A1766E /* CharacterDetailRepositoryImp.swift */; };
		475DF2B62AF24D9100A1766E /* CharacterDTO+Mapping.swift in Sources */ = {isa = PBXBuildFile; fileRef = 475DF2B52AF24D9100A1766E /* CharacterDTO+Mapping.swift */; };
		475DF2B92AF252D900A1766E /* LoadCharacterDetailUseCase.swift in Sources */ = {isa = PBXBuildFile; fileRef = 475DF2B82AF252D900A1766E /* LoadCharacterDetailUseCase.swift */; };
		475DF2BD2AF254EA00A1766E /* CharacterDetailViewModel.swift in Sources */ = {isa = PBXBuildFile; fileRef = 475DF2BC2AF254EA00A1766E /* CharacterDetailViewModel.swift */; };
		47826F172ADFD5800067FC6D /* UITableViewController+SpinnerLast.swift in Sources */ = {isa = PBXBuildFile; fileRef = 47826F162ADFD5800067FC6D /* UITableViewController+SpinnerLast.swift */; };
		47826F192AE0D60C0067FC6D /* LastPageValidationUseCase.swift in Sources */ = {isa = PBXBuildFile; fileRef = 47826F182AE0D60C0067FC6D /* LastPageValidationUseCase.swift */; };
		478D32922AD698EA00B50663 /* Reusable.swift in Sources */ = {isa = PBXBuildFile; fileRef = 478D32912AD698E900B50663 /* Reusable.swift */; };
		478D32982AD6AD2100B50663 /* MenuRepository.swift in Sources */ = {isa = PBXBuildFile; fileRef = 478D32972AD6AD2100B50663 /* MenuRepository.swift */; };
		478D329B2AD6ADB500B50663 /* MenuItem.swift in Sources */ = {isa = PBXBuildFile; fileRef = 478D329A2AD6ADB500B50663 /* MenuItem.swift */; };
		478D329E2AD6AE5300B50663 /* MenuRepositoryImp.swift in Sources */ = {isa = PBXBuildFile; fileRef = 478D329D2AD6AE5300B50663 /* MenuRepositoryImp.swift */; };
		478D32A12AD6AF2400B50663 /* LoadMenuUseCase.swift in Sources */ = {isa = PBXBuildFile; fileRef = 478D32A02AD6AF2400B50663 /* LoadMenuUseCase.swift */; };
		478D32A52AD6B14B00B50663 /* HomeMenuViewModel.swift in Sources */ = {isa = PBXBuildFile; fileRef = 478D32A42AD6B14B00B50663 /* HomeMenuViewModel.swift */; };
		478D32A72AD6B1DD00B50663 /* StateController.swift in Sources */ = {isa = PBXBuildFile; fileRef = 478D32A62AD6B1DD00B50663 /* StateController.swift */; };
		478D32A92AD6B28B00B50663 /* ItemHomeMenuViewModel.swift in Sources */ = {isa = PBXBuildFile; fileRef = 478D32A82AD6B28B00B50663 /* ItemHomeMenuViewModel.swift */; };
		4797CA302AFE01DF001D80E9 /* OriginCoordinator.swift in Sources */ = {isa = PBXBuildFile; fileRef = 4797CA2F2AFE01DF001D80E9 /* OriginCoordinator.swift */; };
		4797CA322AFE0210001D80E9 /* OriginFactory.swift in Sources */ = {isa = PBXBuildFile; fileRef = 4797CA312AFE0210001D80E9 /* OriginFactory.swift */; };
		4797CA342AFE0618001D80E9 /* LocationFactory.swift in Sources */ = {isa = PBXBuildFile; fileRef = 4797CA332AFE0618001D80E9 /* LocationFactory.swift */; };
		4797CA362AFE0661001D80E9 /* LocationCoordinator.swift in Sources */ = {isa = PBXBuildFile; fileRef = 4797CA352AFE0661001D80E9 /* LocationCoordinator.swift */; };
		4797CA3A2AFE0B6D001D80E9 /* LocationDetailViewController.swift in Sources */ = {isa = PBXBuildFile; fileRef = 4797CA392AFE0B6D001D80E9 /* LocationDetailViewController.swift */; };
		4797CA3D2AFE0BF6001D80E9 /* OriginViewController.swift in Sources */ = {isa = PBXBuildFile; fileRef = 4797CA3C2AFE0BF6001D80E9 /* OriginViewController.swift */; };
		47980BB22ADA7714001946F8 /* CharactersFactory.swift in Sources */ = {isa = PBXBuildFile; fileRef = 47980BB12ADA7714001946F8 /* CharactersFactory.swift */; };
		47980BB52ADA7780001946F8 /* CharactersViewController.swift in Sources */ = {isa = PBXBuildFile; fileRef = 47980BB42ADA7780001946F8 /* CharactersViewController.swift */; };
		47980BB72ADA78A1001946F8 /* CharactersCoordinator.swift in Sources */ = {isa = PBXBuildFile; fileRef = 47980BB62ADA78A1001946F8 /* CharactersCoordinator.swift */; };
		47980BBA2ADA860F001946F8 /* ItemCharacterTableViewCell.swift in Sources */ = {isa = PBXBuildFile; fileRef = 47980BB92ADA860F001946F8 /* ItemCharacterTableViewCell.swift */; };
		47D7B1472AE4EF3C00C40805 /* RemoteImageDataService.swift in Sources */ = {isa = PBXBuildFile; fileRef = 47D7B1462AE4EF3C00C40805 /* RemoteImageDataService.swift */; };
		47D7B1492AE4EFC000C40805 /* ApiClientServiceImp+RemoteImageDataService.swift in Sources */ = {isa = PBXBuildFile; fileRef = 47D7B1482AE4EFC000C40805 /* ApiClientServiceImp+RemoteImageDataService.swift */; };
		47D7B14B2AE4F0B000C40805 /* LocalDataImageService.swift in Sources */ = {isa = PBXBuildFile; fileRef = 47D7B14A2AE4F0B000C40805 /* LocalDataImageService.swift */; };
		47D7B14E2AE4F20F00C40805 /* ImageDataRepository.swift in Sources */ = {isa = PBXBuildFile; fileRef = 47D7B14D2AE4F20F00C40805 /* ImageDataRepository.swift */; };
		47D7B1512AE4F2C900C40805 /* ImageDataRepositoryImp.swift in Sources */ = {isa = PBXBuildFile; fileRef = 47D7B1502AE4F2C900C40805 /* ImageDataRepositoryImp.swift */; };
		47D7B1542AE4F42F00C40805 /* ImageDataUseCase.swift in Sources */ = {isa = PBXBuildFile; fileRef = 47D7B1532AE4F42F00C40805 /* ImageDataUseCase.swift */; };
		47D7B1562AE4F5A300C40805 /* AppContainer.swift in Sources */ = {isa = PBXBuildFile; fileRef = 47D7B1552AE4F5A300C40805 /* AppContainer.swift */; };
		47E8D4552B12581300F1A7E1 /* LocationsViewController.swift in Sources */ = {isa = PBXBuildFile; fileRef = 47E8D4542B12581300F1A7E1 /* LocationsViewController.swift */; };
		47E8D4572B12593600F1A7E1 /* LocationDetailFactory.swift in Sources */ = {isa = PBXBuildFile; fileRef = 47E8D4562B12593600F1A7E1 /* LocationDetailFactory.swift */; };
		47E8D4592B1259A600F1A7E1 /* LocationDetailCoordinator.swift in Sources */ = {isa = PBXBuildFile; fileRef = 47E8D4582B1259A600F1A7E1 /* LocationDetailCoordinator.swift */; };
		47F169242AD55D3200E1BD0B /* HomeCoordinator.swift in Sources */ = {isa = PBXBuildFile; fileRef = 47F169232AD55D3200E1BD0B /* HomeCoordinator.swift */; };
		47F169262AD55DDA00E1BD0B /* HomeFactory.swift in Sources */ = {isa = PBXBuildFile; fileRef = 47F169252AD55DDA00E1BD0B /* HomeFactory.swift */; };
		47F169282AD5662C00E1BD0B /* ItemHomeMenuCell.swift in Sources */ = {isa = PBXBuildFile; fileRef = 47F169272AD5662C00E1BD0B /* ItemHomeMenuCell.swift */; };
		47F1692A2AD5676F00E1BD0B /* UIView.swift in Sources */ = {isa = PBXBuildFile; fileRef = 47F169292AD5676F00E1BD0B /* UIView.swift */; };
		47FB61412AD41F5300D4F5CF /* AppCoordinator.swift in Sources */ = {isa = PBXBuildFile; fileRef = 47FB61402AD41F5300D4F5CF /* AppCoordinator.swift */; };
		47FB61432AD41FBA00D4F5CF /* AppFactory.swift in Sources */ = {isa = PBXBuildFile; fileRef = 47FB61422AD41FBA00D4F5CF /* AppFactory.swift */; };
		47FBEE5A2AD1760C00719074 /* AppDelegate.swift in Sources */ = {isa = PBXBuildFile; fileRef = 47FBEE592AD1760C00719074 /* AppDelegate.swift */; };
		47FBEE5C2AD1760C00719074 /* SceneDelegate.swift in Sources */ = {isa = PBXBuildFile; fileRef = 47FBEE5B2AD1760C00719074 /* SceneDelegate.swift */; };
		47FBEE5E2AD1760C00719074 /* HomeMenuController.swift in Sources */ = {isa = PBXBuildFile; fileRef = 47FBEE5D2AD1760C00719074 /* HomeMenuController.swift */; };
		47FBEE632AD1760D00719074 /* Assets.xcassets in Resources */ = {isa = PBXBuildFile; fileRef = 47FBEE622AD1760D00719074 /* Assets.xcassets */; };
		47FBEE662AD1760D00719074 /* LaunchScreen.storyboard in Resources */ = {isa = PBXBuildFile; fileRef = 47FBEE642AD1760D00719074 /* LaunchScreen.storyboard */; };
		47FBEE712AD1760E00719074 /* RickyAndMortyTests.swift in Sources */ = {isa = PBXBuildFile; fileRef = 47FBEE702AD1760E00719074 /* RickyAndMortyTests.swift */; };
		47FBEEA92AD2A3BB00719074 /* Coordinator.swift in Sources */ = {isa = PBXBuildFile; fileRef = 47FBEEA82AD2A3BB00719074 /* Coordinator.swift */; };
		47FD226C2B21F528006EE4C3 /* Episode.swift in Sources */ = {isa = PBXBuildFile; fileRef = 47FD226B2B21F528006EE4C3 /* Episode.swift */; };
		47FD226E2B21F553006EE4C3 /* EpisodeDTO.swift in Sources */ = {isa = PBXBuildFile; fileRef = 47FD226D2B21F553006EE4C3 /* EpisodeDTO.swift */; };
		47FD22702B21F57B006EE4C3 /* ResultEpisodesDTO.swift in Sources */ = {isa = PBXBuildFile; fileRef = 47FD226F2B21F57B006EE4C3 /* ResultEpisodesDTO.swift */; };
		47FD22722B21F5B0006EE4C3 /* ResultEpisodesDTO+Mapper.swift in Sources */ = {isa = PBXBuildFile; fileRef = 47FD22712B21F5B0006EE4C3 /* ResultEpisodesDTO+Mapper.swift */; };
		47FD22742B221132006EE4C3 /* EpisodesRepository.swift in Sources */ = {isa = PBXBuildFile; fileRef = 47FD22732B221132006EE4C3 /* EpisodesRepository.swift */; };
		47FD22762B221195006EE4C3 /* EpisodesRepositoryImp.swift in Sources */ = {isa = PBXBuildFile; fileRef = 47FD22752B221195006EE4C3 /* EpisodesRepositoryImp.swift */; };
		47FD22782B22221F006EE4C3 /* LoadEpisodesUseCase.swift in Sources */ = {isa = PBXBuildFile; fileRef = 47FD22772B22221F006EE4C3 /* LoadEpisodesUseCase.swift */; };
/* End PBXBuildFile section */

/* Begin PBXContainerItemProxy section */
		47FBEE6D2AD1760E00719074 /* PBXContainerItemProxy */ = {
			isa = PBXContainerItemProxy;
			containerPortal = 47FBEE4E2AD1760C00719074 /* Project object */;
			proxyType = 1;
			remoteGlobalIDString = 47FBEE552AD1760C00719074;
			remoteInfo = RickyAndMorty;
		};
		47FBEE772AD1760E00719074 /* PBXContainerItemProxy */ = {
			isa = PBXContainerItemProxy;
			containerPortal = 47FBEE4E2AD1760C00719074 /* Project object */;
			proxyType = 1;
			remoteGlobalIDString = 47FBEE552AD1760C00719074;
			remoteInfo = RickyAndMorty;
		};
/* End PBXContainerItemProxy section */

/* Begin PBXFileReference section */
		470EDD692B148F5F00A3AE8F /* LocationsRepository.swift */ = {isa = PBXFileReference; lastKnownFileType = sourcecode.swift; path = LocationsRepository.swift; sourceTree = "<group>"; };
		470EDD6D2B14900E00A3AE8F /* LocationRepositoryImp.swift */ = {isa = PBXFileReference; lastKnownFileType = sourcecode.swift; path = LocationRepositoryImp.swift; sourceTree = "<group>"; };
		470EDD702B1490B700A3AE8F /* ResultLocationDTO.swift */ = {isa = PBXFileReference; lastKnownFileType = sourcecode.swift; path = ResultLocationDTO.swift; sourceTree = "<group>"; };
		470EDD722B1490F900A3AE8F /* ResultLocationDTO+Mapper.swift */ = {isa = PBXFileReference; lastKnownFileType = sourcecode.swift; path = "ResultLocationDTO+Mapper.swift"; sourceTree = "<group>"; };
		470EDD752B14920600A3AE8F /* LoadLocationsUseCase.swift */ = {isa = PBXFileReference; lastKnownFileType = sourcecode.swift; path = LoadLocationsUseCase.swift; sourceTree = "<group>"; };
		470EDD782B14E8F100A3AE8F /* ItemLocationViewModel.swift */ = {isa = PBXFileReference; lastKnownFileType = sourcecode.swift; path = ItemLocationViewModel.swift; sourceTree = "<group>"; };
		470EDD7A2B14EA0600A3AE8F /* ItemLocationTableViewCell.swift */ = {isa = PBXFileReference; lastKnownFileType = sourcecode.swift; path = ItemLocationTableViewCell.swift; sourceTree = "<group>"; };
		470EDD7C2B14ECF600A3AE8F /* LocationViewModel.swift */ = {isa = PBXFileReference; lastKnownFileType = sourcecode.swift; path = LocationViewModel.swift; sourceTree = "<group>"; };
		471806F42AE67255005AC850 /* UIImageView+Utils.swift */ = {isa = PBXFileReference; lastKnownFileType = sourcecode.swift; path = "UIImageView+Utils.swift"; sourceTree = "<group>"; };
		472398C42ADD3CF0004C4D47 /* Character.swift */ = {isa = PBXFileReference; lastKnownFileType = sourcecode.swift; path = Character.swift; sourceTree = "<group>"; };
		472398C62ADD3D2B004C4D47 /* StatusCharacter.swift */ = {isa = PBXFileReference; lastKnownFileType = sourcecode.swift; path = StatusCharacter.swift; sourceTree = "<group>"; };
		472398C82ADD3DEC004C4D47 /* String+empty.swift */ = {isa = PBXFileReference; lastKnownFileType = sourcecode.swift; path = "String+empty.swift"; sourceTree = "<group>"; };
		472398CA2ADD3F4B004C4D47 /* Specie.swift */ = {isa = PBXFileReference; lastKnownFileType = sourcecode.swift; path = Specie.swift; sourceTree = "<group>"; };
		472398CC2ADD4131004C4D47 /* Origin.swift */ = {isa = PBXFileReference; lastKnownFileType = sourcecode.swift; path = Origin.swift; sourceTree = "<group>"; };
		472398CE2ADD4154004C4D47 /* Location.swift */ = {isa = PBXFileReference; lastKnownFileType = sourcecode.swift; path = Location.swift; sourceTree = "<group>"; };
		472398D22ADD41F5004C4D47 /* ResultsCharactersDTO.swift */ = {isa = PBXFileReference; lastKnownFileType = sourcecode.swift; path = ResultsCharactersDTO.swift; sourceTree = "<group>"; };
		472398D42ADD4228004C4D47 /* CharacterDTO.swift */ = {isa = PBXFileReference; lastKnownFileType = sourcecode.swift; path = CharacterDTO.swift; sourceTree = "<group>"; };
		472398D72ADD4E6A004C4D47 /* OriginDTO.swift */ = {isa = PBXFileReference; lastKnownFileType = sourcecode.swift; path = OriginDTO.swift; sourceTree = "<group>"; };
		472398D92ADD4E9E004C4D47 /* LocationDTO.swift */ = {isa = PBXFileReference; lastKnownFileType = sourcecode.swift; path = LocationDTO.swift; sourceTree = "<group>"; };
		472398DB2ADD4ED2004C4D47 /* InfoDTO.swift */ = {isa = PBXFileReference; lastKnownFileType = sourcecode.swift; path = InfoDTO.swift; sourceTree = "<group>"; };
		472398DF2ADD4F8C004C4D47 /* CharactersRepository.swift */ = {isa = PBXFileReference; lastKnownFileType = sourcecode.swift; path = CharactersRepository.swift; sourceTree = "<group>"; };
		472398E12ADD5025004C4D47 /* Info.swift */ = {isa = PBXFileReference; lastKnownFileType = sourcecode.swift; path = Info.swift; sourceTree = "<group>"; };
		472398E42ADD50AA004C4D47 /* CharacterRepositoryImp.swift */ = {isa = PBXFileReference; lastKnownFileType = sourcecode.swift; path = CharacterRepositoryImp.swift; sourceTree = "<group>"; };
		472398E62ADD516C004C4D47 /* ResultsCharactersDTO+Mapping.swift */ = {isa = PBXFileReference; lastKnownFileType = sourcecode.swift; path = "ResultsCharactersDTO+Mapping.swift"; sourceTree = "<group>"; };
		472398E92ADD5466004C4D47 /* LoadCharactersUseCase.swift */ = {isa = PBXFileReference; lastKnownFileType = sourcecode.swift; path = LoadCharactersUseCase.swift; sourceTree = "<group>"; };
		472398EE2ADD569B004C4D47 /* CharactersViewModel.swift */ = {isa = PBXFileReference; lastKnownFileType = sourcecode.swift; path = CharactersViewModel.swift; sourceTree = "<group>"; };
		472398F02ADD571B004C4D47 /* ItemCharacterViewModel.swift */ = {isa = PBXFileReference; lastKnownFileType = sourcecode.swift; path = ItemCharacterViewModel.swift; sourceTree = "<group>"; };
		472398F32ADD585A004C4D47 /* BaseViewModel.swift */ = {isa = PBXFileReference; lastKnownFileType = sourcecode.swift; path = BaseViewModel.swift; sourceTree = "<group>"; };
		47303E702B1A3C94005B7152 /* EpisodesFactory.swift */ = {isa = PBXFileReference; lastKnownFileType = sourcecode.swift; path = EpisodesFactory.swift; sourceTree = "<group>"; };
		47303E722B1A3D3C005B7152 /* EpisodesCoordinator.swift */ = {isa = PBXFileReference; lastKnownFileType = sourcecode.swift; path = EpisodesCoordinator.swift; sourceTree = "<group>"; };
		47303E762B1A40F0005B7152 /* EpisodesViewController.swift */ = {isa = PBXFileReference; lastKnownFileType = sourcecode.swift; path = EpisodesViewController.swift; sourceTree = "<group>"; };
		4746D7B12AD803FE002AC15F /* ApiClientService.swift */ = {isa = PBXFileReference; lastKnownFileType = sourcecode.swift; path = ApiClientService.swift; sourceTree = "<group>"; };
		4746D7B42AD804AF002AC15F /* ApiClientServiceImp.swift */ = {isa = PBXFileReference; lastKnownFileType = sourcecode.swift; path = ApiClientServiceImp.swift; sourceTree = "<group>"; };
		4746D7B72AD80582002AC15F /* ApiError.swift */ = {isa = PBXFileReference; lastKnownFileType = sourcecode.swift; path = ApiError.swift; sourceTree = "<group>"; };
		4746D7BA2AD8090E002AC15F /* HttpResponseStatus.swift */ = {isa = PBXFileReference; lastKnownFileType = sourcecode.swift; path = HttpResponseStatus.swift; sourceTree = "<group>"; };
		4746D8092AD90D20002AC15F /* MenuDTO.swift */ = {isa = PBXFileReference; lastKnownFileType = sourcecode.swift; path = MenuDTO.swift; sourceTree = "<group>"; };
		4746D80B2AD90FA4002AC15F /* MenuDTO+Mapper.swift */ = {isa = PBXFileReference; lastKnownFileType = sourcecode.swift; path = "MenuDTO+Mapper.swift"; sourceTree = "<group>"; };
		4746D80D2AD91038002AC15F /* PropertyIterator.swift */ = {isa = PBXFileReference; lastKnownFileType = sourcecode.swift; path = PropertyIterator.swift; sourceTree = "<group>"; };
		4746D80F2AD913DB002AC15F /* Endpoint.swift */ = {isa = PBXFileReference; lastKnownFileType = sourcecode.swift; path = Endpoint.swift; sourceTree = "<group>"; };
		4746D8122AD91EFD002AC15F /* SpinnerDisplayable.swift */ = {isa = PBXFileReference; lastKnownFileType = sourcecode.swift; path = SpinnerDisplayable.swift; sourceTree = "<group>"; };
		4746D8142AD92562002AC15F /* ViewValues.swift */ = {isa = PBXFileReference; lastKnownFileType = sourcecode.swift; path = ViewValues.swift; sourceTree = "<group>"; };
		4746D8162AD9280D002AC15F /* MessageDisplayable.swift */ = {isa = PBXFileReference; lastKnownFileType = sourcecode.swift; path = MessageDisplayable.swift; sourceTree = "<group>"; };
		4746D8182AD933CD002AC15F /* AppLocalized.swift */ = {isa = PBXFileReference; lastKnownFileType = sourcecode.swift; path = AppLocalized.swift; sourceTree = "<group>"; };
		4746D81A2AD9350B002AC15F /* Images.swift */ = {isa = PBXFileReference; lastKnownFileType = sourcecode.swift; path = Images.swift; sourceTree = "<group>"; };
		474C00AE2B285D0200503A82 /* ItemEpisodeViewModel.swift */ = {isa = PBXFileReference; lastKnownFileType = sourcecode.swift; path = ItemEpisodeViewModel.swift; sourceTree = "<group>"; };
		474C00B02B285F1E00503A82 /* ItemEpisodeTableViewCell.swift */ = {isa = PBXFileReference; lastKnownFileType = sourcecode.swift; path = ItemEpisodeTableViewCell.swift; sourceTree = "<group>"; };
		474C00B22B285FF900503A82 /* CustomPaddingLabel.swift */ = {isa = PBXFileReference; lastKnownFileType = sourcecode.swift; path = CustomPaddingLabel.swift; sourceTree = "<group>"; };
		475DF2A22AEE260900A1766E /* CharacterDetailViewController.swift */ = {isa = PBXFileReference; lastKnownFileType = sourcecode.swift; path = CharacterDetailViewController.swift; sourceTree = "<group>"; };
		475DF2A42AEE26AB00A1766E /* CharacterDetailCoordinator.swift */ = {isa = PBXFileReference; lastKnownFileType = sourcecode.swift; path = CharacterDetailCoordinator.swift; sourceTree = "<group>"; };
		475DF2A62AEE284A00A1766E /* CharacterDetailFactory.swift */ = {isa = PBXFileReference; lastKnownFileType = sourcecode.swift; path = CharacterDetailFactory.swift; sourceTree = "<group>"; };
		475DF2AF2AF24B6F00A1766E /* CharacterDetailRepository.swift */ = {isa = PBXFileReference; lastKnownFileType = sourcecode.swift; path = CharacterDetailRepository.swift; sourceTree = "<group>"; };
		475DF2B22AF24C3600A1766E /* CharacterDetailRepositoryImp.swift */ = {isa = PBXFileReference; lastKnownFileType = sourcecode.swift; path = CharacterDetailRepositoryImp.swift; sourceTree = "<group>"; };
		475DF2B52AF24D9100A1766E /* CharacterDTO+Mapping.swift */ = {isa = PBXFileReference; lastKnownFileType = sourcecode.swift; path = "CharacterDTO+Mapping.swift"; sourceTree = "<group>"; };
		475DF2B82AF252D900A1766E /* LoadCharacterDetailUseCase.swift */ = {isa = PBXFileReference; lastKnownFileType = sourcecode.swift; path = LoadCharacterDetailUseCase.swift; sourceTree = "<group>"; };
		475DF2BC2AF254EA00A1766E /* CharacterDetailViewModel.swift */ = {isa = PBXFileReference; lastKnownFileType = sourcecode.swift; path = CharacterDetailViewModel.swift; sourceTree = "<group>"; };
		47826F162ADFD5800067FC6D /* UITableViewController+SpinnerLast.swift */ = {isa = PBXFileReference; lastKnownFileType = sourcecode.swift; path = "UITableViewController+SpinnerLast.swift"; sourceTree = "<group>"; };
		47826F182AE0D60C0067FC6D /* LastPageValidationUseCase.swift */ = {isa = PBXFileReference; lastKnownFileType = sourcecode.swift; path = LastPageValidationUseCase.swift; sourceTree = "<group>"; };
		478D32912AD698E900B50663 /* Reusable.swift */ = {isa = PBXFileReference; lastKnownFileType = sourcecode.swift; path = Reusable.swift; sourceTree = "<group>"; };
		478D32972AD6AD2100B50663 /* MenuRepository.swift */ = {isa = PBXFileReference; lastKnownFileType = sourcecode.swift; path = MenuRepository.swift; sourceTree = "<group>"; };
		478D329A2AD6ADB500B50663 /* MenuItem.swift */ = {isa = PBXFileReference; lastKnownFileType = sourcecode.swift; path = MenuItem.swift; sourceTree = "<group>"; };
		478D329D2AD6AE5300B50663 /* MenuRepositoryImp.swift */ = {isa = PBXFileReference; lastKnownFileType = sourcecode.swift; path = MenuRepositoryImp.swift; sourceTree = "<group>"; };
		478D32A02AD6AF2400B50663 /* LoadMenuUseCase.swift */ = {isa = PBXFileReference; lastKnownFileType = sourcecode.swift; path = LoadMenuUseCase.swift; sourceTree = "<group>"; };
		478D32A42AD6B14B00B50663 /* HomeMenuViewModel.swift */ = {isa = PBXFileReference; lastKnownFileType = sourcecode.swift; path = HomeMenuViewModel.swift; sourceTree = "<group>"; };
		478D32A62AD6B1DD00B50663 /* StateController.swift */ = {isa = PBXFileReference; lastKnownFileType = sourcecode.swift; path = StateController.swift; sourceTree = "<group>"; };
		478D32A82AD6B28B00B50663 /* ItemHomeMenuViewModel.swift */ = {isa = PBXFileReference; lastKnownFileType = sourcecode.swift; path = ItemHomeMenuViewModel.swift; sourceTree = "<group>"; };
		4797CA2F2AFE01DF001D80E9 /* OriginCoordinator.swift */ = {isa = PBXFileReference; lastKnownFileType = sourcecode.swift; path = OriginCoordinator.swift; sourceTree = "<group>"; };
		4797CA312AFE0210001D80E9 /* OriginFactory.swift */ = {isa = PBXFileReference; lastKnownFileType = sourcecode.swift; path = OriginFactory.swift; sourceTree = "<group>"; };
		4797CA332AFE0618001D80E9 /* LocationFactory.swift */ = {isa = PBXFileReference; lastKnownFileType = sourcecode.swift; path = LocationFactory.swift; sourceTree = "<group>"; };
		4797CA352AFE0661001D80E9 /* LocationCoordinator.swift */ = {isa = PBXFileReference; lastKnownFileType = sourcecode.swift; path = LocationCoordinator.swift; sourceTree = "<group>"; };
		4797CA392AFE0B6D001D80E9 /* LocationDetailViewController.swift */ = {isa = PBXFileReference; lastKnownFileType = sourcecode.swift; path = LocationDetailViewController.swift; sourceTree = "<group>"; };
		4797CA3C2AFE0BF6001D80E9 /* OriginViewController.swift */ = {isa = PBXFileReference; lastKnownFileType = sourcecode.swift; path = OriginViewController.swift; sourceTree = "<group>"; };
		47980BB12ADA7714001946F8 /* CharactersFactory.swift */ = {isa = PBXFileReference; lastKnownFileType = sourcecode.swift; path = CharactersFactory.swift; sourceTree = "<group>"; };
		47980BB42ADA7780001946F8 /* CharactersViewController.swift */ = {isa = PBXFileReference; lastKnownFileType = sourcecode.swift; path = CharactersViewController.swift; sourceTree = "<group>"; };
		47980BB62ADA78A1001946F8 /* CharactersCoordinator.swift */ = {isa = PBXFileReference; lastKnownFileType = sourcecode.swift; path = CharactersCoordinator.swift; sourceTree = "<group>"; };
		47980BB92ADA860F001946F8 /* ItemCharacterTableViewCell.swift */ = {isa = PBXFileReference; lastKnownFileType = sourcecode.swift; path = ItemCharacterTableViewCell.swift; sourceTree = "<group>"; };
		47D7B1462AE4EF3C00C40805 /* RemoteImageDataService.swift */ = {isa = PBXFileReference; lastKnownFileType = sourcecode.swift; path = RemoteImageDataService.swift; sourceTree = "<group>"; };
		47D7B1482AE4EFC000C40805 /* ApiClientServiceImp+RemoteImageDataService.swift */ = {isa = PBXFileReference; lastKnownFileType = sourcecode.swift; path = "ApiClientServiceImp+RemoteImageDataService.swift"; sourceTree = "<group>"; };
		47D7B14A2AE4F0B000C40805 /* LocalDataImageService.swift */ = {isa = PBXFileReference; lastKnownFileType = sourcecode.swift; path = LocalDataImageService.swift; sourceTree = "<group>"; };
		47D7B14D2AE4F20F00C40805 /* ImageDataRepository.swift */ = {isa = PBXFileReference; lastKnownFileType = sourcecode.swift; path = ImageDataRepository.swift; sourceTree = "<group>"; };
		47D7B1502AE4F2C900C40805 /* ImageDataRepositoryImp.swift */ = {isa = PBXFileReference; lastKnownFileType = sourcecode.swift; path = ImageDataRepositoryImp.swift; sourceTree = "<group>"; };
		47D7B1532AE4F42F00C40805 /* ImageDataUseCase.swift */ = {isa = PBXFileReference; lastKnownFileType = sourcecode.swift; path = ImageDataUseCase.swift; sourceTree = "<group>"; };
		47D7B1552AE4F5A300C40805 /* AppContainer.swift */ = {isa = PBXFileReference; lastKnownFileType = sourcecode.swift; path = AppContainer.swift; sourceTree = "<group>"; };
		47E8D4542B12581300F1A7E1 /* LocationsViewController.swift */ = {isa = PBXFileReference; lastKnownFileType = sourcecode.swift; path = LocationsViewController.swift; sourceTree = "<group>"; };
		47E8D4562B12593600F1A7E1 /* LocationDetailFactory.swift */ = {isa = PBXFileReference; lastKnownFileType = sourcecode.swift; path = LocationDetailFactory.swift; sourceTree = "<group>"; };
		47E8D4582B1259A600F1A7E1 /* LocationDetailCoordinator.swift */ = {isa = PBXFileReference; lastKnownFileType = sourcecode.swift; path = LocationDetailCoordinator.swift; sourceTree = "<group>"; };
		47F169232AD55D3200E1BD0B /* HomeCoordinator.swift */ = {isa = PBXFileReference; lastKnownFileType = sourcecode.swift; path = HomeCoordinator.swift; sourceTree = "<group>"; };
		47F169252AD55DDA00E1BD0B /* HomeFactory.swift */ = {isa = PBXFileReference; lastKnownFileType = sourcecode.swift; path = HomeFactory.swift; sourceTree = "<group>"; };
		47F169272AD5662C00E1BD0B /* ItemHomeMenuCell.swift */ = {isa = PBXFileReference; lastKnownFileType = sourcecode.swift; path = ItemHomeMenuCell.swift; sourceTree = "<group>"; };
		47F169292AD5676F00E1BD0B /* UIView.swift */ = {isa = PBXFileReference; lastKnownFileType = sourcecode.swift; path = UIView.swift; sourceTree = "<group>"; };
		47FB61402AD41F5300D4F5CF /* AppCoordinator.swift */ = {isa = PBXFileReference; lastKnownFileType = sourcecode.swift; path = AppCoordinator.swift; sourceTree = "<group>"; };
		47FB61422AD41FBA00D4F5CF /* AppFactory.swift */ = {isa = PBXFileReference; lastKnownFileType = sourcecode.swift; path = AppFactory.swift; sourceTree = "<group>"; };
		47FBEE562AD1760C00719074 /* RickyAndMorty.app */ = {isa = PBXFileReference; explicitFileType = wrapper.application; includeInIndex = 0; path = RickyAndMorty.app; sourceTree = BUILT_PRODUCTS_DIR; };
		47FBEE592AD1760C00719074 /* AppDelegate.swift */ = {isa = PBXFileReference; lastKnownFileType = sourcecode.swift; path = AppDelegate.swift; sourceTree = "<group>"; };
		47FBEE5B2AD1760C00719074 /* SceneDelegate.swift */ = {isa = PBXFileReference; lastKnownFileType = sourcecode.swift; path = SceneDelegate.swift; sourceTree = "<group>"; };
		47FBEE5D2AD1760C00719074 /* HomeMenuController.swift */ = {isa = PBXFileReference; lastKnownFileType = sourcecode.swift; path = HomeMenuController.swift; sourceTree = "<group>"; };
		47FBEE622AD1760D00719074 /* Assets.xcassets */ = {isa = PBXFileReference; lastKnownFileType = folder.assetcatalog; path = Assets.xcassets; sourceTree = "<group>"; };
		47FBEE652AD1760D00719074 /* Base */ = {isa = PBXFileReference; lastKnownFileType = file.storyboard; name = Base; path = Base.lproj/LaunchScreen.storyboard; sourceTree = "<group>"; };
		47FBEE672AD1760D00719074 /* Info.plist */ = {isa = PBXFileReference; lastKnownFileType = text.plist.xml; path = Info.plist; sourceTree = "<group>"; };
		47FBEE6C2AD1760E00719074 /* RickyAndMortyTests.xctest */ = {isa = PBXFileReference; explicitFileType = wrapper.cfbundle; includeInIndex = 0; path = RickyAndMortyTests.xctest; sourceTree = BUILT_PRODUCTS_DIR; };
		47FBEE702AD1760E00719074 /* RickyAndMortyTests.swift */ = {isa = PBXFileReference; lastKnownFileType = sourcecode.swift; path = RickyAndMortyTests.swift; sourceTree = "<group>"; };
		47FBEE762AD1760E00719074 /* RickyAndMortyUITests.xctest */ = {isa = PBXFileReference; explicitFileType = wrapper.cfbundle; includeInIndex = 0; path = RickyAndMortyUITests.xctest; sourceTree = BUILT_PRODUCTS_DIR; };
		47FBEEA82AD2A3BB00719074 /* Coordinator.swift */ = {isa = PBXFileReference; lastKnownFileType = sourcecode.swift; path = Coordinator.swift; sourceTree = "<group>"; };
		47FD226B2B21F528006EE4C3 /* Episode.swift */ = {isa = PBXFileReference; lastKnownFileType = sourcecode.swift; path = Episode.swift; sourceTree = "<group>"; };
		47FD226D2B21F553006EE4C3 /* EpisodeDTO.swift */ = {isa = PBXFileReference; lastKnownFileType = sourcecode.swift; path = EpisodeDTO.swift; sourceTree = "<group>"; };
		47FD226F2B21F57B006EE4C3 /* ResultEpisodesDTO.swift */ = {isa = PBXFileReference; lastKnownFileType = sourcecode.swift; path = ResultEpisodesDTO.swift; sourceTree = "<group>"; };
		47FD22712B21F5B0006EE4C3 /* ResultEpisodesDTO+Mapper.swift */ = {isa = PBXFileReference; lastKnownFileType = sourcecode.swift; path = "ResultEpisodesDTO+Mapper.swift"; sourceTree = "<group>"; };
		47FD22732B221132006EE4C3 /* EpisodesRepository.swift */ = {isa = PBXFileReference; lastKnownFileType = sourcecode.swift; path = EpisodesRepository.swift; sourceTree = "<group>"; };
		47FD22752B221195006EE4C3 /* EpisodesRepositoryImp.swift */ = {isa = PBXFileReference; lastKnownFileType = sourcecode.swift; path = EpisodesRepositoryImp.swift; sourceTree = "<group>"; };
		47FD22772B22221F006EE4C3 /* LoadEpisodesUseCase.swift */ = {isa = PBXFileReference; lastKnownFileType = sourcecode.swift; path = LoadEpisodesUseCase.swift; sourceTree = "<group>"; };
/* End PBXFileReference section */

/* Begin PBXFrameworksBuildPhase section */
		47FBEE532AD1760C00719074 /* Frameworks */ = {
			isa = PBXFrameworksBuildPhase;
			buildActionMask = 2147483647;
			files = (
			);
			runOnlyForDeploymentPostprocessing = 0;
		};
		47FBEE692AD1760E00719074 /* Frameworks */ = {
			isa = PBXFrameworksBuildPhase;
			buildActionMask = 2147483647;
			files = (
			);
			runOnlyForDeploymentPostprocessing = 0;
		};
		47FBEE732AD1760E00719074 /* Frameworks */ = {
			isa = PBXFrameworksBuildPhase;
			buildActionMask = 2147483647;
			files = (
			);
			runOnlyForDeploymentPostprocessing = 0;
		};
/* End PBXFrameworksBuildPhase section */

/* Begin PBXGroup section */
		470EDD672B148F2F00A3AE8F /* Domain */ = {
			isa = PBXGroup;
			children = (
				470EDD742B1491EB00A3AE8F /* Usecases */,
				470EDD682B148F3B00A3AE8F /* RepositoriesInterface */,
			);
			path = Domain;
			sourceTree = "<group>";
		};
		470EDD682B148F3B00A3AE8F /* RepositoriesInterface */ = {
			isa = PBXGroup;
			children = (
				470EDD692B148F5F00A3AE8F /* LocationsRepository.swift */,
			);
			path = RepositoriesInterface;
			sourceTree = "<group>";
		};
		470EDD6B2B148FD300A3AE8F /* Data */ = {
			isa = PBXGroup;
			children = (
				470EDD6C2B148FDB00A3AE8F /* RepositoriesImplementations */,
			);
			path = Data;
			sourceTree = "<group>";
		};
		470EDD6C2B148FDB00A3AE8F /* RepositoriesImplementations */ = {
			isa = PBXGroup;
			children = (
				470EDD6D2B14900E00A3AE8F /* LocationRepositoryImp.swift */,
			);
			path = RepositoriesImplementations;
			sourceTree = "<group>";
		};
		470EDD6F2B1490A100A3AE8F /* DTO */ = {
			isa = PBXGroup;
			children = (
				470EDD702B1490B700A3AE8F /* ResultLocationDTO.swift */,
				470EDD722B1490F900A3AE8F /* ResultLocationDTO+Mapper.swift */,
			);
			path = DTO;
			sourceTree = "<group>";
		};
		470EDD742B1491EB00A3AE8F /* Usecases */ = {
			isa = PBXGroup;
			children = (
				470EDD752B14920600A3AE8F /* LoadLocationsUseCase.swift */,
			);
			path = Usecases;
			sourceTree = "<group>";
		};
		470EDD772B14E8DC00A3AE8F /* ViewModel */ = {
			isa = PBXGroup;
			children = (
				470EDD782B14E8F100A3AE8F /* ItemLocationViewModel.swift */,
				470EDD7C2B14ECF600A3AE8F /* LocationViewModel.swift */,
			);
			path = ViewModel;
			sourceTree = "<group>";
		};
		472398C32ADD3CCD004C4D47 /* Entities */ = {
			isa = PBXGroup;
			children = (
				472398C42ADD3CF0004C4D47 /* Character.swift */,
				472398C62ADD3D2B004C4D47 /* StatusCharacter.swift */,
				472398CA2ADD3F4B004C4D47 /* Specie.swift */,
				472398CC2ADD4131004C4D47 /* Origin.swift */,
				472398CE2ADD4154004C4D47 /* Location.swift */,
				472398E12ADD5025004C4D47 /* Info.swift */,
			);
			path = Entities;
			sourceTree = "<group>";
		};
		472398D02ADD41BC004C4D47 /* Data */ = {
			isa = PBXGroup;
			children = (
				472398E32ADD5085004C4D47 /* Repositories */,
				472398D12ADD41C4004C4D47 /* DTO */,
			);
			path = Data;
			sourceTree = "<group>";
		};
		472398D12ADD41C4004C4D47 /* DTO */ = {
			isa = PBXGroup;
			children = (
				472398D22ADD41F5004C4D47 /* ResultsCharactersDTO.swift */,
				472398E62ADD516C004C4D47 /* ResultsCharactersDTO+Mapping.swift */,
			);
			path = DTO;
			sourceTree = "<group>";
		};
		472398D62ADD4E5E004C4D47 /* DTO */ = {
			isa = PBXGroup;
			children = (
				472398D72ADD4E6A004C4D47 /* OriginDTO.swift */,
				472398D42ADD4228004C4D47 /* CharacterDTO.swift */,
				472398D92ADD4E9E004C4D47 /* LocationDTO.swift */,
				472398DB2ADD4ED2004C4D47 /* InfoDTO.swift */,
			);
			path = DTO;
			sourceTree = "<group>";
		};
		472398DD2ADD4F4E004C4D47 /* Domain */ = {
			isa = PBXGroup;
			children = (
				472398E82ADD5441004C4D47 /* UseCases */,
				472398DE2ADD4F58004C4D47 /* RepositoriesInterfaces */,
			);
			path = Domain;
			sourceTree = "<group>";
		};
		472398DE2ADD4F58004C4D47 /* RepositoriesInterfaces */ = {
			isa = PBXGroup;
			children = (
				472398DF2ADD4F8C004C4D47 /* CharactersRepository.swift */,
			);
			path = RepositoriesInterfaces;
			sourceTree = "<group>";
		};
		472398E32ADD5085004C4D47 /* Repositories */ = {
			isa = PBXGroup;
			children = (
				472398E42ADD50AA004C4D47 /* CharacterRepositoryImp.swift */,
			);
			path = Repositories;
			sourceTree = "<group>";
		};
		472398E82ADD5441004C4D47 /* UseCases */ = {
			isa = PBXGroup;
			children = (
				472398E92ADD5466004C4D47 /* LoadCharactersUseCase.swift */,
				47826F182AE0D60C0067FC6D /* LastPageValidationUseCase.swift */,
			);
			path = UseCases;
			sourceTree = "<group>";
		};
		472398EB2ADD566B004C4D47 /* View */ = {
			isa = PBXGroup;
			children = (
				47980BB82ADA85F4001946F8 /* Cell */,
				47980BB42ADA7780001946F8 /* CharactersViewController.swift */,
			);
			path = View;
			sourceTree = "<group>";
		};
		472398EC2ADD566F004C4D47 /* ViewModel */ = {
			isa = PBXGroup;
			children = (
				472398EE2ADD569B004C4D47 /* CharactersViewModel.swift */,
				472398F02ADD571B004C4D47 /* ItemCharacterViewModel.swift */,
			);
			path = ViewModel;
			sourceTree = "<group>";
		};
		472398F22ADD584E004C4D47 /* ViewModel */ = {
			isa = PBXGroup;
			children = (
				472398F32ADD585A004C4D47 /* BaseViewModel.swift */,
			);
			path = ViewModel;
			sourceTree = "<group>";
		};
		47303E742B1A40C4005B7152 /* Presentation */ = {
			isa = PBXGroup;
			children = (
				474C00AD2B285CE300503A82 /* ViewModel */,
				47303E752B1A40CD005B7152 /* View */,
			);
			path = Presentation;
			sourceTree = "<group>";
		};
		47303E752B1A40CD005B7152 /* View */ = {
			isa = PBXGroup;
			children = (
				47303E762B1A40F0005B7152 /* EpisodesViewController.swift */,
				474C00B02B285F1E00503A82 /* ItemEpisodeTableViewCell.swift */,
			);
			path = View;
			sourceTree = "<group>";
		};
		4746D7B02AD803D4002AC15F /* AppClient */ = {
			isa = PBXGroup;
			children = (
				4746D7B12AD803FE002AC15F /* ApiClientService.swift */,
				47D7B1462AE4EF3C00C40805 /* RemoteImageDataService.swift */,
			);
			path = AppClient;
			sourceTree = "<group>";
		};
		4746D7B32AD80488002AC15F /* Implementations */ = {
			isa = PBXGroup;
			children = (
				4746D7B42AD804AF002AC15F /* ApiClientServiceImp.swift */,
				47D7B1482AE4EFC000C40805 /* ApiClientServiceImp+RemoteImageDataService.swift */,
			);
			path = Implementations;
			sourceTree = "<group>";
		};
		4746D7B62AD80562002AC15F /* Errors */ = {
			isa = PBXGroup;
			children = (
				4746D7B72AD80582002AC15F /* ApiError.swift */,
			);
			path = Errors;
			sourceTree = "<group>";
		};
		4746D7B92AD808F3002AC15F /* StatusResponse */ = {
			isa = PBXGroup;
			children = (
				4746D7BA2AD8090E002AC15F /* HttpResponseStatus.swift */,
			);
			name = StatusResponse;
			sourceTree = "<group>";
		};
		4746D8082AD90D09002AC15F /* DTO */ = {
			isa = PBXGroup;
			children = (
				4746D8092AD90D20002AC15F /* MenuDTO.swift */,
				4746D80B2AD90FA4002AC15F /* MenuDTO+Mapper.swift */,
			);
			path = DTO;
			sourceTree = "<group>";
		};
		4746D8112AD91ED8002AC15F /* Components */ = {
			isa = PBXGroup;
			children = (
				4746D8122AD91EFD002AC15F /* SpinnerDisplayable.swift */,
				4746D8162AD9280D002AC15F /* MessageDisplayable.swift */,
				474C00B22B285FF900503A82 /* CustomPaddingLabel.swift */,
			);
			path = Components;
			sourceTree = "<group>";
		};
		474C00AD2B285CE300503A82 /* ViewModel */ = {
			isa = PBXGroup;
			children = (
				474C00AE2B285D0200503A82 /* ItemEpisodeViewModel.swift */,
			);
			path = ViewModel;
			sourceTree = "<group>";
		};
		475DF2A12AEE24F000A1766E /* Presentation */ = {
			isa = PBXGroup;
			children = (
				475DF2BB2AF254D400A1766E /* View */,
				475DF2BA2AF254CF00A1766E /* ViewModel */,
			);
			path = Presentation;
			sourceTree = "<group>";
		};
		475DF2AC2AF24B0000A1766E /* Data */ = {
			isa = PBXGroup;
			children = (
				475DF2B42AF24D7200A1766E /* DTO */,
				475DF2B12AF24BF100A1766E /* RepositoriesImplementation */,
			);
			path = Data;
			sourceTree = "<group>";
		};
		475DF2AD2AF24B0700A1766E /* Domain */ = {
			isa = PBXGroup;
			children = (
				475DF2B72AF252B900A1766E /* UseCases */,
				475DF2AE2AF24B2B00A1766E /* RepositoriesInterface */,
			);
			path = Domain;
			sourceTree = "<group>";
		};
		475DF2AE2AF24B2B00A1766E /* RepositoriesInterface */ = {
			isa = PBXGroup;
			children = (
				475DF2AF2AF24B6F00A1766E /* CharacterDetailRepository.swift */,
			);
			path = RepositoriesInterface;
			sourceTree = "<group>";
		};
		475DF2B12AF24BF100A1766E /* RepositoriesImplementation */ = {
			isa = PBXGroup;
			children = (
				475DF2B22AF24C3600A1766E /* CharacterDetailRepositoryImp.swift */,
			);
			path = RepositoriesImplementation;
			sourceTree = "<group>";
		};
		475DF2B42AF24D7200A1766E /* DTO */ = {
			isa = PBXGroup;
			children = (
				475DF2B52AF24D9100A1766E /* CharacterDTO+Mapping.swift */,
			);
			path = DTO;
			sourceTree = "<group>";
		};
		475DF2B72AF252B900A1766E /* UseCases */ = {
			isa = PBXGroup;
			children = (
				475DF2B82AF252D900A1766E /* LoadCharacterDetailUseCase.swift */,
			);
			path = UseCases;
			sourceTree = "<group>";
		};
		475DF2BA2AF254CF00A1766E /* ViewModel */ = {
			isa = PBXGroup;
			children = (
				475DF2BC2AF254EA00A1766E /* CharacterDetailViewModel.swift */,
			);
			path = ViewModel;
			sourceTree = "<group>";
		};
		475DF2BB2AF254D400A1766E /* View */ = {
			isa = PBXGroup;
			children = (
				475DF2A22AEE260900A1766E /* CharacterDetailViewController.swift */,
			);
			path = View;
			sourceTree = "<group>";
		};
		478D32932AD6ACCD00B50663 /* Presentation */ = {
			isa = PBXGroup;
			children = (
				478D32A32AD6B12100B50663 /* Cell */,
				478D32A22AD6B11C00B50663 /* Controller */,
			);
			path = Presentation;
			sourceTree = "<group>";
		};
		478D32942AD6ACDE00B50663 /* Data */ = {
			isa = PBXGroup;
			children = (
				4746D8082AD90D09002AC15F /* DTO */,
				478D329C2AD6AE1900B50663 /* Repositories */,
			);
			path = Data;
			sourceTree = "<group>";
		};
		478D32952AD6ACE100B50663 /* Domain */ = {
			isa = PBXGroup;
			children = (
				478D329F2AD6AF0F00B50663 /* UseCase */,
				478D32992AD6ADA500B50663 /* Entities */,
				478D32962AD6AD0100B50663 /* InterfacesRepositories */,
			);
			path = Domain;
			sourceTree = "<group>";
		};
		478D32962AD6AD0100B50663 /* InterfacesRepositories */ = {
			isa = PBXGroup;
			children = (
				478D32972AD6AD2100B50663 /* MenuRepository.swift */,
			);
			path = InterfacesRepositories;
			sourceTree = "<group>";
		};
		478D32992AD6ADA500B50663 /* Entities */ = {
			isa = PBXGroup;
			children = (
				478D329A2AD6ADB500B50663 /* MenuItem.swift */,
			);
			path = Entities;
			sourceTree = "<group>";
		};
		478D329C2AD6AE1900B50663 /* Repositories */ = {
			isa = PBXGroup;
			children = (
				478D329D2AD6AE5300B50663 /* MenuRepositoryImp.swift */,
			);
			path = Repositories;
			sourceTree = "<group>";
		};
		478D329F2AD6AF0F00B50663 /* UseCase */ = {
			isa = PBXGroup;
			children = (
				478D32A02AD6AF2400B50663 /* LoadMenuUseCase.swift */,
			);
			path = UseCase;
			sourceTree = "<group>";
		};
		478D32A22AD6B11C00B50663 /* Controller */ = {
			isa = PBXGroup;
			children = (
				47FBEE5D2AD1760C00719074 /* HomeMenuController.swift */,
				478D32A42AD6B14B00B50663 /* HomeMenuViewModel.swift */,
			);
			path = Controller;
			sourceTree = "<group>";
		};
		478D32A32AD6B12100B50663 /* Cell */ = {
			isa = PBXGroup;
			children = (
				47F169272AD5662C00E1BD0B /* ItemHomeMenuCell.swift */,
				478D32A82AD6B28B00B50663 /* ItemHomeMenuViewModel.swift */,
			);
			path = Cell;
			sourceTree = "<group>";
		};
		4797CA2D2AFE0123001D80E9 /* AppCoordinator */ = {
			isa = PBXGroup;
			children = (
				47FBEEA82AD2A3BB00719074 /* Coordinator.swift */,
				47FB61402AD41F5300D4F5CF /* AppCoordinator.swift */,
			);
			path = AppCoordinator;
			sourceTree = "<group>";
		};
		4797CA382AFE0B59001D80E9 /* Presentation */ = {
			isa = PBXGroup;
			children = (
				4797CA392AFE0B6D001D80E9 /* LocationDetailViewController.swift */,
			);
			path = Presentation;
			sourceTree = "<group>";
		};
		4797CA3B2AFE0BE2001D80E9 /* Presentation */ = {
			isa = PBXGroup;
			children = (
				4797CA3C2AFE0BF6001D80E9 /* OriginViewController.swift */,
			);
			path = Presentation;
			sourceTree = "<group>";
		};
		47980BB32ADA7770001946F8 /* Presentation */ = {
			isa = PBXGroup;
			children = (
				472398EC2ADD566F004C4D47 /* ViewModel */,
				472398EB2ADD566B004C4D47 /* View */,
			);
			path = Presentation;
			sourceTree = "<group>";
		};
		47980BB82ADA85F4001946F8 /* Cell */ = {
			isa = PBXGroup;
			children = (
				47980BB92ADA860F001946F8 /* ItemCharacterTableViewCell.swift */,
			);
			path = Cell;
			sourceTree = "<group>";
		};
		47D7B14C2AE4F1EC00C40805 /* InterfacesRepository */ = {
			isa = PBXGroup;
			children = (
				47D7B14D2AE4F20F00C40805 /* ImageDataRepository.swift */,
			);
			path = InterfacesRepository;
			sourceTree = "<group>";
		};
		47D7B14F2AE4F29500C40805 /* RepositoriesImplementation */ = {
			isa = PBXGroup;
			children = (
				47D7B1502AE4F2C900C40805 /* ImageDataRepositoryImp.swift */,
			);
			path = RepositoriesImplementation;
			sourceTree = "<group>";
		};
		47D7B1522AE4F41700C40805 /* UseCases */ = {
			isa = PBXGroup;
			children = (
				47D7B1532AE4F42F00C40805 /* ImageDataUseCase.swift */,
			);
			path = UseCases;
			sourceTree = "<group>";
		};
		47E8D4522B1257F400F1A7E1 /* Presentation */ = {
			isa = PBXGroup;
			children = (
				470EDD772B14E8DC00A3AE8F /* ViewModel */,
				47E8D4532B1257FF00F1A7E1 /* Views */,
			);
			path = Presentation;
			sourceTree = "<group>";
		};
		47E8D4532B1257FF00F1A7E1 /* Views */ = {
			isa = PBXGroup;
			children = (
				47E8D4542B12581300F1A7E1 /* LocationsViewController.swift */,
				470EDD7A2B14EA0600A3AE8F /* ItemLocationTableViewCell.swift */,
			);
			path = Views;
			sourceTree = "<group>";
		};
		47FBEE4D2AD1760C00719074 = {
			isa = PBXGroup;
			children = (
				47FBEE582AD1760C00719074 /* RickyAndMorty */,
				47FBEE6F2AD1760E00719074 /* RickyAndMortyTests */,
				47FBEE572AD1760C00719074 /* Products */,
			);
			sourceTree = "<group>";
		};
		47FBEE572AD1760C00719074 /* Products */ = {
			isa = PBXGroup;
			children = (
				47FBEE562AD1760C00719074 /* RickyAndMorty.app */,
				47FBEE6C2AD1760E00719074 /* RickyAndMortyTests.xctest */,
				47FBEE762AD1760E00719074 /* RickyAndMortyUITests.xctest */,
			);
			name = Products;
			sourceTree = "<group>";
		};
		47FBEE582AD1760C00719074 /* RickyAndMorty */ = {
			isa = PBXGroup;
			children = (
				47FBEE892AD17A3D00719074 /* App */,
				47FBEE672AD1760D00719074 /* Info.plist */,
			);
			path = RickyAndMorty;
			sourceTree = "<group>";
		};
		47FBEE6F2AD1760E00719074 /* RickyAndMortyTests */ = {
			isa = PBXGroup;
			children = (
				47FBEE702AD1760E00719074 /* RickyAndMortyTests.swift */,
			);
			path = RickyAndMortyTests;
			sourceTree = "<group>";
		};
		47FBEE892AD17A3D00719074 /* App */ = {
			isa = PBXGroup;
			children = (
				47FBEE8F2AD17AAD00719074 /* Storage */,
				47FBEE8E2AD17AA300719074 /* Resources */,
				47FBEE8D2AD17A9200719074 /* Networking */,
				47FBEE8C2AD17A8000719074 /* Common */,
				47FBEE8B2AD17A6300719074 /* ScreenModules */,
				47FBEE8A2AD17A5100719074 /* CompositionRoot */,
			);
			path = App;
			sourceTree = "<group>";
		};
		47FBEE8A2AD17A5100719074 /* CompositionRoot */ = {
			isa = PBXGroup;
			children = (
				47FBEEA72AD17DA200719074 /* System */,
				47FBEEA52AD17CA800719074 /* DIContainer */,
				47FBEEA42AD17C9A00719074 /* Factories */,
				47FBEEA12AD17C4700719074 /* Coordinator */,
			);
			path = CompositionRoot;
			sourceTree = "<group>";
		};
		47FBEE8B2AD17A6300719074 /* ScreenModules */ = {
			isa = PBXGroup;
			children = (
				47FBEEA62AD17CED00719074 /* LaunchScreen */,
				47FBEE962AD17B6700719074 /* LocationDetail */,
				47FBEE952AD17B5300719074 /* Origin */,
				47FBEE942AD17B3E00719074 /* Episodes */,
				47FBEE932AD17B3200719074 /* Locations */,
				47FBEE922AD17B1C00719074 /* CharacterDetail */,
				47FBEE912AD17ADF00719074 /* Characters */,
				47FBEE902AD17ACB00719074 /* HomeMenu */,
			);
			path = ScreenModules;
			sourceTree = "<group>";
		};
		47FBEE8C2AD17A8000719074 /* Common */ = {
			isa = PBXGroup;
			children = (
				4746D8112AD91ED8002AC15F /* Components */,
				47FBEEA02AD17C1F00719074 /* Localize */,
				47FBEE9F2AD17C0D00719074 /* StateController */,
				47FBEE9E2AD17BF500719074 /* Utils */,
				47FBEE9A2AD17BB400719074 /* Layer */,
				47FBEE982AD17B9000719074 /* Constants */,
				47FBEE972AD17B7B00719074 /* Extension */,
			);
			path = Common;
			sourceTree = "<group>";
		};
		47FBEE8D2AD17A9200719074 /* Networking */ = {
			isa = PBXGroup;
			children = (
				4746D7B92AD808F3002AC15F /* StatusResponse */,
				4746D7B62AD80562002AC15F /* Errors */,
				4746D7B32AD80488002AC15F /* Implementations */,
				4746D7B02AD803D4002AC15F /* AppClient */,
				4746D80F2AD913DB002AC15F /* Endpoint.swift */,
			);
			path = Networking;
			sourceTree = "<group>";
		};
		47FBEE8E2AD17AA300719074 /* Resources */ = {
			isa = PBXGroup;
			children = (
				47FBEE622AD1760D00719074 /* Assets.xcassets */,
				4746D81A2AD9350B002AC15F /* Images.swift */,
			);
			path = Resources;
			sourceTree = "<group>";
		};
		47FBEE8F2AD17AAD00719074 /* Storage */ = {
			isa = PBXGroup;
			children = (
				47D7B14A2AE4F0B000C40805 /* LocalDataImageService.swift */,
			);
			path = Storage;
			sourceTree = "<group>";
		};
		47FBEE902AD17ACB00719074 /* HomeMenu */ = {
			isa = PBXGroup;
			children = (
				478D32952AD6ACE100B50663 /* Domain */,
				478D32942AD6ACDE00B50663 /* Data */,
				478D32932AD6ACCD00B50663 /* Presentation */,
			);
			path = HomeMenu;
			sourceTree = "<group>";
		};
		47FBEE912AD17ADF00719074 /* Characters */ = {
			isa = PBXGroup;
			children = (
				472398DD2ADD4F4E004C4D47 /* Domain */,
				472398D02ADD41BC004C4D47 /* Data */,
				47980BB32ADA7770001946F8 /* Presentation */,
			);
			path = Characters;
			sourceTree = "<group>";
		};
		47FBEE922AD17B1C00719074 /* CharacterDetail */ = {
			isa = PBXGroup;
			children = (
				475DF2AC2AF24B0000A1766E /* Data */,
				475DF2AD2AF24B0700A1766E /* Domain */,
				475DF2A12AEE24F000A1766E /* Presentation */,
			);
			path = CharacterDetail;
			sourceTree = "<group>";
		};
		47FBEE932AD17B3200719074 /* Locations */ = {
			isa = PBXGroup;
			children = (
				470EDD6F2B1490A100A3AE8F /* DTO */,
				470EDD6B2B148FD300A3AE8F /* Data */,
				470EDD672B148F2F00A3AE8F /* Domain */,
				47E8D4522B1257F400F1A7E1 /* Presentation */,
			);
			path = Locations;
			sourceTree = "<group>";
		};
		47FBEE942AD17B3E00719074 /* Episodes */ = {
			isa = PBXGroup;
			children = (
				47FD22652B21F4B2006EE4C3 /* Data */,
				47FD22642B21F4A6006EE4C3 /* Domain */,
				47303E742B1A40C4005B7152 /* Presentation */,
			);
			path = Episodes;
			sourceTree = "<group>";
		};
		47FBEE952AD17B5300719074 /* Origin */ = {
			isa = PBXGroup;
			children = (
				4797CA3B2AFE0BE2001D80E9 /* Presentation */,
			);
			path = Origin;
			sourceTree = "<group>";
		};
		47FBEE962AD17B6700719074 /* LocationDetail */ = {
			isa = PBXGroup;
			children = (
				4797CA382AFE0B59001D80E9 /* Presentation */,
			);
			path = LocationDetail;
			sourceTree = "<group>";
		};
		47FBEE972AD17B7B00719074 /* Extension */ = {
			isa = PBXGroup;
			children = (
				47F169292AD5676F00E1BD0B /* UIView.swift */,
				472398C82ADD3DEC004C4D47 /* String+empty.swift */,
				47826F162ADFD5800067FC6D /* UITableViewController+SpinnerLast.swift */,
				471806F42AE67255005AC850 /* UIImageView+Utils.swift */,
			);
			path = Extension;
			sourceTree = "<group>";
		};
		47FBEE982AD17B9000719074 /* Constants */ = {
			isa = PBXGroup;
			children = (
			);
			path = Constants;
			sourceTree = "<group>";
		};
		47FBEE992AD17B9F00719074 /* Components */ = {
			isa = PBXGroup;
			children = (
				4746D8142AD92562002AC15F /* ViewValues.swift */,
			);
			path = Components;
			sourceTree = "<group>";
		};
		47FBEE9A2AD17BB400719074 /* Layer */ = {
			isa = PBXGroup;
			children = (
				47FBEE9D2AD17BDB00719074 /* Presentation */,
				47FBEE9C2AD17BC900719074 /* Domain */,
				47FBEE9B2AD17BC100719074 /* Data */,
			);
			path = Layer;
			sourceTree = "<group>";
		};
		47FBEE9B2AD17BC100719074 /* Data */ = {
			isa = PBXGroup;
			children = (
				47D7B14F2AE4F29500C40805 /* RepositoriesImplementation */,
				472398D62ADD4E5E004C4D47 /* DTO */,
			);
			path = Data;
			sourceTree = "<group>";
		};
		47FBEE9C2AD17BC900719074 /* Domain */ = {
			isa = PBXGroup;
			children = (
				47D7B1522AE4F41700C40805 /* UseCases */,
				47D7B14C2AE4F1EC00C40805 /* InterfacesRepository */,
				472398C32ADD3CCD004C4D47 /* Entities */,
			);
			path = Domain;
			sourceTree = "<group>";
		};
		47FBEE9D2AD17BDB00719074 /* Presentation */ = {
			isa = PBXGroup;
			children = (
				472398F22ADD584E004C4D47 /* ViewModel */,
				47FBEE992AD17B9F00719074 /* Components */,
			);
			path = Presentation;
			sourceTree = "<group>";
		};
		47FBEE9E2AD17BF500719074 /* Utils */ = {
			isa = PBXGroup;
			children = (
				478D32912AD698E900B50663 /* Reusable.swift */,
				4746D80D2AD91038002AC15F /* PropertyIterator.swift */,
			);
			path = Utils;
			sourceTree = "<group>";
		};
		47FBEE9F2AD17C0D00719074 /* StateController */ = {
			isa = PBXGroup;
			children = (
				478D32A62AD6B1DD00B50663 /* StateController.swift */,
			);
			path = StateController;
			sourceTree = "<group>";
		};
		47FBEEA02AD17C1F00719074 /* Localize */ = {
			isa = PBXGroup;
			children = (
				4746D8182AD933CD002AC15F /* AppLocalized.swift */,
			);
			path = Localize;
			sourceTree = "<group>";
		};
		47FBEEA12AD17C4700719074 /* Coordinator */ = {
			isa = PBXGroup;
			children = (
				4797CA2D2AFE0123001D80E9 /* AppCoordinator */,
				47FBEEA32AD17C7000719074 /* CoordinatorScreens */,
				47FBEEA22AD17C5A00719074 /* Utils */,
			);
			path = Coordinator;
			sourceTree = "<group>";
		};
		47FBEEA22AD17C5A00719074 /* Utils */ = {
			isa = PBXGroup;
			children = (
			);
			path = Utils;
			sourceTree = "<group>";
		};
		47FBEEA32AD17C7000719074 /* CoordinatorScreens */ = {
			isa = PBXGroup;
			children = (
				47F169232AD55D3200E1BD0B /* HomeCoordinator.swift */,
				47980BB62ADA78A1001946F8 /* CharactersCoordinator.swift */,
				475DF2A42AEE26AB00A1766E /* CharacterDetailCoordinator.swift */,
				4797CA2F2AFE01DF001D80E9 /* OriginCoordinator.swift */,
				4797CA352AFE0661001D80E9 /* LocationCoordinator.swift */,
				47E8D4582B1259A600F1A7E1 /* LocationDetailCoordinator.swift */,
				47303E722B1A3D3C005B7152 /* EpisodesCoordinator.swift */,
			);
			path = CoordinatorScreens;
			sourceTree = "<group>";
		};
		47FBEEA42AD17C9A00719074 /* Factories */ = {
			isa = PBXGroup;
			children = (
				47FB61422AD41FBA00D4F5CF /* AppFactory.swift */,
				47F169252AD55DDA00E1BD0B /* HomeFactory.swift */,
				47980BB12ADA7714001946F8 /* CharactersFactory.swift */,
				475DF2A62AEE284A00A1766E /* CharacterDetailFactory.swift */,
				4797CA312AFE0210001D80E9 /* OriginFactory.swift */,
				4797CA332AFE0618001D80E9 /* LocationFactory.swift */,
				47E8D4562B12593600F1A7E1 /* LocationDetailFactory.swift */,
				47303E702B1A3C94005B7152 /* EpisodesFactory.swift */,
			);
			path = Factories;
			sourceTree = "<group>";
		};
		47FBEEA52AD17CA800719074 /* DIContainer */ = {
			isa = PBXGroup;
			children = (
				47D7B1552AE4F5A300C40805 /* AppContainer.swift */,
			);
			path = DIContainer;
			sourceTree = "<group>";
		};
		47FBEEA62AD17CED00719074 /* LaunchScreen */ = {
			isa = PBXGroup;
			children = (
				47FBEE642AD1760D00719074 /* LaunchScreen.storyboard */,
			);
			path = LaunchScreen;
			sourceTree = "<group>";
		};
		47FBEEA72AD17DA200719074 /* System */ = {
			isa = PBXGroup;
			children = (
				47FBEE592AD1760C00719074 /* AppDelegate.swift */,
				47FBEE5B2AD1760C00719074 /* SceneDelegate.swift */,
			);
			path = System;
			sourceTree = "<group>";
		};
		47FD22642B21F4A6006EE4C3 /* Domain */ = {
			isa = PBXGroup;
			children = (
				47FD22682B21F4EA006EE4C3 /* UseCases */,
				47FD22672B21F4DD006EE4C3 /* RepositoriesInterface */,
				47FD22662B21F4D4006EE4C3 /* Entity */,
			);
			path = Domain;
			sourceTree = "<group>";
		};
		47FD22652B21F4B2006EE4C3 /* Data */ = {
			isa = PBXGroup;
			children = (
				47FD226A2B21F502006EE4C3 /* RepositoriesImplementation */,
				47FD22692B21F4F9006EE4C3 /* DTO */,
			);
			path = Data;
			sourceTree = "<group>";
		};
		47FD22662B21F4D4006EE4C3 /* Entity */ = {
			isa = PBXGroup;
			children = (
				47FD226B2B21F528006EE4C3 /* Episode.swift */,
			);
			path = Entity;
			sourceTree = "<group>";
		};
		47FD22672B21F4DD006EE4C3 /* RepositoriesInterface */ = {
			isa = PBXGroup;
			children = (
				47FD22732B221132006EE4C3 /* EpisodesRepository.swift */,
			);
			path = RepositoriesInterface;
			sourceTree = "<group>";
		};
		47FD22682B21F4EA006EE4C3 /* UseCases */ = {
			isa = PBXGroup;
			children = (
				47FD22772B22221F006EE4C3 /* LoadEpisodesUseCase.swift */,
			);
			path = UseCases;
			sourceTree = "<group>";
		};
		47FD22692B21F4F9006EE4C3 /* DTO */ = {
			isa = PBXGroup;
			children = (
				47FD226D2B21F553006EE4C3 /* EpisodeDTO.swift */,
				47FD226F2B21F57B006EE4C3 /* ResultEpisodesDTO.swift */,
				47FD22712B21F5B0006EE4C3 /* ResultEpisodesDTO+Mapper.swift */,
			);
			path = DTO;
			sourceTree = "<group>";
		};
		47FD226A2B21F502006EE4C3 /* RepositoriesImplementation */ = {
			isa = PBXGroup;
			children = (
				47FD22752B221195006EE4C3 /* EpisodesRepositoryImp.swift */,
			);
			path = RepositoriesImplementation;
			sourceTree = "<group>";
		};
/* End PBXGroup section */

/* Begin PBXNativeTarget section */
		47FBEE552AD1760C00719074 /* RickyAndMorty */ = {
			isa = PBXNativeTarget;
			buildConfigurationList = 47FBEE802AD1760E00719074 /* Build configuration list for PBXNativeTarget "RickyAndMorty" */;
			buildPhases = (
				47FBEE522AD1760C00719074 /* Sources */,
				47FBEE532AD1760C00719074 /* Frameworks */,
				47FBEE542AD1760C00719074 /* Resources */,
			);
			buildRules = (
			);
			dependencies = (
			);
			name = RickyAndMorty;
			productName = RickyAndMorty;
			productReference = 47FBEE562AD1760C00719074 /* RickyAndMorty.app */;
			productType = "com.apple.product-type.application";
		};
		47FBEE6B2AD1760E00719074 /* RickyAndMortyTests */ = {
			isa = PBXNativeTarget;
			buildConfigurationList = 47FBEE832AD1760E00719074 /* Build configuration list for PBXNativeTarget "RickyAndMortyTests" */;
			buildPhases = (
				47FBEE682AD1760E00719074 /* Sources */,
				47FBEE692AD1760E00719074 /* Frameworks */,
				47FBEE6A2AD1760E00719074 /* Resources */,
			);
			buildRules = (
			);
			dependencies = (
				47FBEE6E2AD1760E00719074 /* PBXTargetDependency */,
			);
			name = RickyAndMortyTests;
			productName = RickyAndMortyTests;
			productReference = 47FBEE6C2AD1760E00719074 /* RickyAndMortyTests.xctest */;
			productType = "com.apple.product-type.bundle.unit-test";
		};
		47FBEE752AD1760E00719074 /* RickyAndMortyUITests */ = {
			isa = PBXNativeTarget;
			buildConfigurationList = 47FBEE862AD1760E00719074 /* Build configuration list for PBXNativeTarget "RickyAndMortyUITests" */;
			buildPhases = (
				47FBEE722AD1760E00719074 /* Sources */,
				47FBEE732AD1760E00719074 /* Frameworks */,
				47FBEE742AD1760E00719074 /* Resources */,
			);
			buildRules = (
			);
			dependencies = (
				47FBEE782AD1760E00719074 /* PBXTargetDependency */,
			);
			name = RickyAndMortyUITests;
			productName = RickyAndMortyUITests;
			productReference = 47FBEE762AD1760E00719074 /* RickyAndMortyUITests.xctest */;
			productType = "com.apple.product-type.bundle.ui-testing";
		};
/* End PBXNativeTarget section */

/* Begin PBXProject section */
		47FBEE4E2AD1760C00719074 /* Project object */ = {
			isa = PBXProject;
			attributes = {
				BuildIndependentTargetsInParallel = 1;
				LastSwiftUpdateCheck = 1500;
				LastUpgradeCheck = 1500;
				TargetAttributes = {
					47FBEE552AD1760C00719074 = {
						CreatedOnToolsVersion = 15.0;
					};
					47FBEE6B2AD1760E00719074 = {
						CreatedOnToolsVersion = 15.0;
						TestTargetID = 47FBEE552AD1760C00719074;
					};
					47FBEE752AD1760E00719074 = {
						CreatedOnToolsVersion = 15.0;
						TestTargetID = 47FBEE552AD1760C00719074;
					};
				};
			};
			buildConfigurationList = 47FBEE512AD1760C00719074 /* Build configuration list for PBXProject "RickyAndMorty" */;
			compatibilityVersion = "Xcode 14.0";
			developmentRegion = en;
			hasScannedForEncodings = 0;
			knownRegions = (
				en,
				Base,
			);
			mainGroup = 47FBEE4D2AD1760C00719074;
			productRefGroup = 47FBEE572AD1760C00719074 /* Products */;
			projectDirPath = "";
			projectRoot = "";
			targets = (
				47FBEE552AD1760C00719074 /* RickyAndMorty */,
				47FBEE6B2AD1760E00719074 /* RickyAndMortyTests */,
				47FBEE752AD1760E00719074 /* RickyAndMortyUITests */,
			);
		};
/* End PBXProject section */

/* Begin PBXResourcesBuildPhase section */
		47FBEE542AD1760C00719074 /* Resources */ = {
			isa = PBXResourcesBuildPhase;
			buildActionMask = 2147483647;
			files = (
				47FBEE662AD1760D00719074 /* LaunchScreen.storyboard in Resources */,
				47FBEE632AD1760D00719074 /* Assets.xcassets in Resources */,
			);
			runOnlyForDeploymentPostprocessing = 0;
		};
		47FBEE6A2AD1760E00719074 /* Resources */ = {
			isa = PBXResourcesBuildPhase;
			buildActionMask = 2147483647;
			files = (
			);
			runOnlyForDeploymentPostprocessing = 0;
		};
		47FBEE742AD1760E00719074 /* Resources */ = {
			isa = PBXResourcesBuildPhase;
			buildActionMask = 2147483647;
			files = (
			);
			runOnlyForDeploymentPostprocessing = 0;
		};
/* End PBXResourcesBuildPhase section */

/* Begin PBXSourcesBuildPhase section */
		47FBEE522AD1760C00719074 /* Sources */ = {
			isa = PBXSourcesBuildPhase;
			buildActionMask = 2147483647;
			files = (
				47E8D4592B1259A600F1A7E1 /* LocationDetailCoordinator.swift in Sources */,
				472398D52ADD4228004C4D47 /* CharacterDTO.swift in Sources */,
				472398DC2ADD4ED2004C4D47 /* InfoDTO.swift in Sources */,
				47D7B1492AE4EFC000C40805 /* ApiClientServiceImp+RemoteImageDataService.swift in Sources */,
				47980BB52ADA7780001946F8 /* CharactersViewController.swift in Sources */,
				47F1692A2AD5676F00E1BD0B /* UIView.swift in Sources */,
				47D7B14E2AE4F20F00C40805 /* ImageDataRepository.swift in Sources */,
				478D32922AD698EA00B50663 /* Reusable.swift in Sources */,
				472398F42ADD585A004C4D47 /* BaseViewModel.swift in Sources */,
				474C00AF2B285D0200503A82 /* ItemEpisodeViewModel.swift in Sources */,
				472398F12ADD571B004C4D47 /* ItemCharacterViewModel.swift in Sources */,
				470EDD6A2B148F5F00A3AE8F /* LocationsRepository.swift in Sources */,
				4797CA362AFE0661001D80E9 /* LocationCoordinator.swift in Sources */,
				478D32A12AD6AF2400B50663 /* LoadMenuUseCase.swift in Sources */,
				4797CA302AFE01DF001D80E9 /* OriginCoordinator.swift in Sources */,
				4797CA322AFE0210001D80E9 /* OriginFactory.swift in Sources */,
				471806F52AE67255005AC850 /* UIImageView+Utils.swift in Sources */,
				47FB61432AD41FBA00D4F5CF /* AppFactory.swift in Sources */,
				47D7B1542AE4F42F00C40805 /* ImageDataUseCase.swift in Sources */,
				4746D7B52AD804AF002AC15F /* ApiClientServiceImp.swift in Sources */,
				472398EF2ADD569B004C4D47 /* CharactersViewModel.swift in Sources */,
				472398C72ADD3D2B004C4D47 /* StatusCharacter.swift in Sources */,
				47D7B1472AE4EF3C00C40805 /* RemoteImageDataService.swift in Sources */,
				47980BB72ADA78A1001946F8 /* CharactersCoordinator.swift in Sources */,
				47FBEEA92AD2A3BB00719074 /* Coordinator.swift in Sources */,
				478D32982AD6AD2100B50663 /* MenuRepository.swift in Sources */,
				47FBEE5E2AD1760C00719074 /* HomeMenuController.swift in Sources */,
				47E8D4552B12581300F1A7E1 /* LocationsViewController.swift in Sources */,
				47D7B1562AE4F5A300C40805 /* AppContainer.swift in Sources */,
				47FD226C2B21F528006EE4C3 /* Episode.swift in Sources */,
				47E8D4572B12593600F1A7E1 /* LocationDetailFactory.swift in Sources */,
				47303E732B1A3D3C005B7152 /* EpisodesCoordinator.swift in Sources */,
				478D32A72AD6B1DD00B50663 /* StateController.swift in Sources */,
				472398C92ADD3DEC004C4D47 /* String+empty.swift in Sources */,
				4746D8132AD91EFD002AC15F /* SpinnerDisplayable.swift in Sources */,
				47980BB22ADA7714001946F8 /* CharactersFactory.swift in Sources */,
				478D329B2AD6ADB500B50663 /* MenuItem.swift in Sources */,
				472398CB2ADD3F4B004C4D47 /* Specie.swift in Sources */,
				47FB61412AD41F5300D4F5CF /* AppCoordinator.swift in Sources */,
				470EDD762B14920700A3AE8F /* LoadLocationsUseCase.swift in Sources */,
				47FBEE5A2AD1760C00719074 /* AppDelegate.swift in Sources */,
				474C00B32B285FF900503A82 /* CustomPaddingLabel.swift in Sources */,
				47826F172ADFD5800067FC6D /* UITableViewController+SpinnerLast.swift in Sources */,
				47F169262AD55DDA00E1BD0B /* HomeFactory.swift in Sources */,
				472398E02ADD4F8C004C4D47 /* CharactersRepository.swift in Sources */,
				4746D8152AD92562002AC15F /* ViewValues.swift in Sources */,
				475DF2B02AF24B6F00A1766E /* CharacterDetailRepository.swift in Sources */,
				4797CA342AFE0618001D80E9 /* LocationFactory.swift in Sources */,
				470EDD6E2B14900E00A3AE8F /* LocationRepositoryImp.swift in Sources */,
				47F169242AD55D3200E1BD0B /* HomeCoordinator.swift in Sources */,
				470EDD712B1490B700A3AE8F /* ResultLocationDTO.swift in Sources */,
				470EDD7D2B14ECF600A3AE8F /* LocationViewModel.swift in Sources */,
				475DF2A72AEE284A00A1766E /* CharacterDetailFactory.swift in Sources */,
				475DF2B32AF24C3600A1766E /* CharacterDetailRepositoryImp.swift in Sources */,
				4746D7B82AD80582002AC15F /* ApiError.swift in Sources */,
				478D32A92AD6B28B00B50663 /* ItemHomeMenuViewModel.swift in Sources */,
				4746D8102AD913DB002AC15F /* Endpoint.swift in Sources */,
				4746D81B2AD9350B002AC15F /* Images.swift in Sources */,
				470EDD7B2B14EA0600A3AE8F /* ItemLocationTableViewCell.swift in Sources */,
				472398DA2ADD4E9E004C4D47 /* LocationDTO.swift in Sources */,
				47FD22742B221132006EE4C3 /* EpisodesRepository.swift in Sources */,
				4746D7BB2AD8090E002AC15F /* HttpResponseStatus.swift in Sources */,
				4746D80E2AD91038002AC15F /* PropertyIterator.swift in Sources */,
				4746D8192AD933CD002AC15F /* AppLocalized.swift in Sources */,
				472398E22ADD5025004C4D47 /* Info.swift in Sources */,
				478D32A52AD6B14B00B50663 /* HomeMenuViewModel.swift in Sources */,
				472398D32ADD41F5004C4D47 /* ResultsCharactersDTO.swift in Sources */,
				472398C52ADD3CF0004C4D47 /* Character.swift in Sources */,
				470EDD792B14E8F100A3AE8F /* ItemLocationViewModel.swift in Sources */,
				472398D82ADD4E6A004C4D47 /* OriginDTO.swift in Sources */,
				478D329E2AD6AE5300B50663 /* MenuRepositoryImp.swift in Sources */,
				472398E52ADD50AA004C4D47 /* CharacterRepositoryImp.swift in Sources */,
				4746D80C2AD90FA4002AC15F /* MenuDTO+Mapper.swift in Sources */,
				47303E712B1A3C94005B7152 /* EpisodesFactory.swift in Sources */,
				47FD22782B22221F006EE4C3 /* LoadEpisodesUseCase.swift in Sources */,
				47FD226E2B21F553006EE4C3 /* EpisodeDTO.swift in Sources */,
				4797CA3A2AFE0B6D001D80E9 /* LocationDetailViewController.swift in Sources */,
				47D7B1512AE4F2C900C40805 /* ImageDataRepositoryImp.swift in Sources */,
				472398E72ADD516C004C4D47 /* ResultsCharactersDTO+Mapping.swift in Sources */,
				47FD22722B21F5B0006EE4C3 /* ResultEpisodesDTO+Mapper.swift in Sources */,
				47FD22702B21F57B006EE4C3 /* ResultEpisodesDTO.swift in Sources */,
				475DF2B62AF24D9100A1766E /* CharacterDTO+Mapping.swift in Sources */,
				47D7B14B2AE4F0B000C40805 /* LocalDataImageService.swift in Sources */,
				47F169282AD5662C00E1BD0B /* ItemHomeMenuCell.swift in Sources */,
				47826F192AE0D60C0067FC6D /* LastPageValidationUseCase.swift in Sources */,
				47980BBA2ADA860F001946F8 /* ItemCharacterTableViewCell.swift in Sources */,
				47303E772B1A40F0005B7152 /* EpisodesViewController.swift in Sources */,
				474C00B12B285F1E00503A82 /* ItemEpisodeTableViewCell.swift in Sources */,
				470EDD732B1490F900A3AE8F /* ResultLocationDTO+Mapper.swift in Sources */,
				47FBEE5C2AD1760C00719074 /* SceneDelegate.swift in Sources */,
				475DF2A52AEE26AB00A1766E /* CharacterDetailCoordinator.swift in Sources */,
				4797CA3D2AFE0BF6001D80E9 /* OriginViewController.swift in Sources */,
				47FD22762B221195006EE4C3 /* EpisodesRepositoryImp.swift in Sources */,
				4746D7B22AD803FE002AC15F /* ApiClientService.swift in Sources */,
				475DF2B92AF252D900A1766E /* LoadCharacterDetailUseCase.swift in Sources */,
				472398CF2ADD4154004C4D47 /* Location.swift in Sources */,
				475DF2A32AEE260900A1766E /* CharacterDetailViewController.swift in Sources */,
				4746D80A2AD90D20002AC15F /* MenuDTO.swift in Sources */,
				4746D8172AD9280D002AC15F /* MessageDisplayable.swift in Sources */,
				475DF2BD2AF254EA00A1766E /* CharacterDetailViewModel.swift in Sources */,
				472398EA2ADD5466004C4D47 /* LoadCharactersUseCase.swift in Sources */,
				472398CD2ADD4131004C4D47 /* Origin.swift in Sources */,
			);
			runOnlyForDeploymentPostprocessing = 0;
		};
		47FBEE682AD1760E00719074 /* Sources */ = {
			isa = PBXSourcesBuildPhase;
			buildActionMask = 2147483647;
			files = (
				47FBEE712AD1760E00719074 /* RickyAndMortyTests.swift in Sources */,
			);
			runOnlyForDeploymentPostprocessing = 0;
		};
		47FBEE722AD1760E00719074 /* Sources */ = {
			isa = PBXSourcesBuildPhase;
			buildActionMask = 2147483647;
			files = (
			);
			runOnlyForDeploymentPostprocessing = 0;
		};
/* End PBXSourcesBuildPhase section */

/* Begin PBXTargetDependency section */
		47FBEE6E2AD1760E00719074 /* PBXTargetDependency */ = {
			isa = PBXTargetDependency;
			target = 47FBEE552AD1760C00719074 /* RickyAndMorty */;
			targetProxy = 47FBEE6D2AD1760E00719074 /* PBXContainerItemProxy */;
		};
		47FBEE782AD1760E00719074 /* PBXTargetDependency */ = {
			isa = PBXTargetDependency;
			target = 47FBEE552AD1760C00719074 /* RickyAndMorty */;
			targetProxy = 47FBEE772AD1760E00719074 /* PBXContainerItemProxy */;
		};
/* End PBXTargetDependency section */

/* Begin PBXVariantGroup section */
		47FBEE642AD1760D00719074 /* LaunchScreen.storyboard */ = {
			isa = PBXVariantGroup;
			children = (
				47FBEE652AD1760D00719074 /* Base */,
			);
			name = LaunchScreen.storyboard;
			sourceTree = "<group>";
		};
/* End PBXVariantGroup section */

/* Begin XCBuildConfiguration section */
		47FBEE7E2AD1760E00719074 /* Debug */ = {
			isa = XCBuildConfiguration;
			buildSettings = {
				ALWAYS_SEARCH_USER_PATHS = NO;
				ASSETCATALOG_COMPILER_GENERATE_SWIFT_ASSET_SYMBOL_EXTENSIONS = YES;
				CLANG_ANALYZER_NONNULL = YES;
				CLANG_ANALYZER_NUMBER_OBJECT_CONVERSION = YES_AGGRESSIVE;
				CLANG_CXX_LANGUAGE_STANDARD = "gnu++20";
				CLANG_ENABLE_MODULES = YES;
				CLANG_ENABLE_OBJC_ARC = YES;
				CLANG_ENABLE_OBJC_WEAK = YES;
				CLANG_WARN_BLOCK_CAPTURE_AUTORELEASING = YES;
				CLANG_WARN_BOOL_CONVERSION = YES;
				CLANG_WARN_COMMA = YES;
				CLANG_WARN_CONSTANT_CONVERSION = YES;
				CLANG_WARN_DEPRECATED_OBJC_IMPLEMENTATIONS = YES;
				CLANG_WARN_DIRECT_OBJC_ISA_USAGE = YES_ERROR;
				CLANG_WARN_DOCUMENTATION_COMMENTS = YES;
				CLANG_WARN_EMPTY_BODY = YES;
				CLANG_WARN_ENUM_CONVERSION = YES;
				CLANG_WARN_INFINITE_RECURSION = YES;
				CLANG_WARN_INT_CONVERSION = YES;
				CLANG_WARN_NON_LITERAL_NULL_CONVERSION = YES;
				CLANG_WARN_OBJC_IMPLICIT_RETAIN_SELF = YES;
				CLANG_WARN_OBJC_LITERAL_CONVERSION = YES;
				CLANG_WARN_OBJC_ROOT_CLASS = YES_ERROR;
				CLANG_WARN_QUOTED_INCLUDE_IN_FRAMEWORK_HEADER = YES;
				CLANG_WARN_RANGE_LOOP_ANALYSIS = YES;
				CLANG_WARN_STRICT_PROTOTYPES = YES;
				CLANG_WARN_SUSPICIOUS_MOVE = YES;
				CLANG_WARN_UNGUARDED_AVAILABILITY = YES_AGGRESSIVE;
				CLANG_WARN_UNREACHABLE_CODE = YES;
				CLANG_WARN__DUPLICATE_METHOD_MATCH = YES;
				COPY_PHASE_STRIP = NO;
				DEBUG_INFORMATION_FORMAT = dwarf;
				ENABLE_STRICT_OBJC_MSGSEND = YES;
				ENABLE_TESTABILITY = YES;
				ENABLE_USER_SCRIPT_SANDBOXING = YES;
				GCC_C_LANGUAGE_STANDARD = gnu17;
				GCC_DYNAMIC_NO_PIC = NO;
				GCC_NO_COMMON_BLOCKS = YES;
				GCC_OPTIMIZATION_LEVEL = 0;
				GCC_PREPROCESSOR_DEFINITIONS = (
					"DEBUG=1",
					"$(inherited)",
				);
				GCC_WARN_64_TO_32_BIT_CONVERSION = YES;
				GCC_WARN_ABOUT_RETURN_TYPE = YES_ERROR;
				GCC_WARN_UNDECLARED_SELECTOR = YES;
				GCC_WARN_UNINITIALIZED_AUTOS = YES_AGGRESSIVE;
				GCC_WARN_UNUSED_FUNCTION = YES;
				GCC_WARN_UNUSED_VARIABLE = YES;
				IPHONEOS_DEPLOYMENT_TARGET = 17.0;
				LOCALIZATION_PREFERS_STRING_CATALOGS = YES;
				MTL_ENABLE_DEBUG_INFO = INCLUDE_SOURCE;
				MTL_FAST_MATH = YES;
				ONLY_ACTIVE_ARCH = YES;
				SDKROOT = iphoneos;
				SWIFT_ACTIVE_COMPILATION_CONDITIONS = "DEBUG $(inherited)";
				SWIFT_OPTIMIZATION_LEVEL = "-Onone";
			};
			name = Debug;
		};
		47FBEE7F2AD1760E00719074 /* Release */ = {
			isa = XCBuildConfiguration;
			buildSettings = {
				ALWAYS_SEARCH_USER_PATHS = NO;
				ASSETCATALOG_COMPILER_GENERATE_SWIFT_ASSET_SYMBOL_EXTENSIONS = YES;
				CLANG_ANALYZER_NONNULL = YES;
				CLANG_ANALYZER_NUMBER_OBJECT_CONVERSION = YES_AGGRESSIVE;
				CLANG_CXX_LANGUAGE_STANDARD = "gnu++20";
				CLANG_ENABLE_MODULES = YES;
				CLANG_ENABLE_OBJC_ARC = YES;
				CLANG_ENABLE_OBJC_WEAK = YES;
				CLANG_WARN_BLOCK_CAPTURE_AUTORELEASING = YES;
				CLANG_WARN_BOOL_CONVERSION = YES;
				CLANG_WARN_COMMA = YES;
				CLANG_WARN_CONSTANT_CONVERSION = YES;
				CLANG_WARN_DEPRECATED_OBJC_IMPLEMENTATIONS = YES;
				CLANG_WARN_DIRECT_OBJC_ISA_USAGE = YES_ERROR;
				CLANG_WARN_DOCUMENTATION_COMMENTS = YES;
				CLANG_WARN_EMPTY_BODY = YES;
				CLANG_WARN_ENUM_CONVERSION = YES;
				CLANG_WARN_INFINITE_RECURSION = YES;
				CLANG_WARN_INT_CONVERSION = YES;
				CLANG_WARN_NON_LITERAL_NULL_CONVERSION = YES;
				CLANG_WARN_OBJC_IMPLICIT_RETAIN_SELF = YES;
				CLANG_WARN_OBJC_LITERAL_CONVERSION = YES;
				CLANG_WARN_OBJC_ROOT_CLASS = YES_ERROR;
				CLANG_WARN_QUOTED_INCLUDE_IN_FRAMEWORK_HEADER = YES;
				CLANG_WARN_RANGE_LOOP_ANALYSIS = YES;
				CLANG_WARN_STRICT_PROTOTYPES = YES;
				CLANG_WARN_SUSPICIOUS_MOVE = YES;
				CLANG_WARN_UNGUARDED_AVAILABILITY = YES_AGGRESSIVE;
				CLANG_WARN_UNREACHABLE_CODE = YES;
				CLANG_WARN__DUPLICATE_METHOD_MATCH = YES;
				COPY_PHASE_STRIP = NO;
				DEBUG_INFORMATION_FORMAT = "dwarf-with-dsym";
				ENABLE_NS_ASSERTIONS = NO;
				ENABLE_STRICT_OBJC_MSGSEND = YES;
				ENABLE_USER_SCRIPT_SANDBOXING = YES;
				GCC_C_LANGUAGE_STANDARD = gnu17;
				GCC_NO_COMMON_BLOCKS = YES;
				GCC_WARN_64_TO_32_BIT_CONVERSION = YES;
				GCC_WARN_ABOUT_RETURN_TYPE = YES_ERROR;
				GCC_WARN_UNDECLARED_SELECTOR = YES;
				GCC_WARN_UNINITIALIZED_AUTOS = YES_AGGRESSIVE;
				GCC_WARN_UNUSED_FUNCTION = YES;
				GCC_WARN_UNUSED_VARIABLE = YES;
				IPHONEOS_DEPLOYMENT_TARGET = 17.0;
				LOCALIZATION_PREFERS_STRING_CATALOGS = YES;
				MTL_ENABLE_DEBUG_INFO = NO;
				MTL_FAST_MATH = YES;
				SDKROOT = iphoneos;
				SWIFT_COMPILATION_MODE = wholemodule;
				VALIDATE_PRODUCT = YES;
			};
			name = Release;
		};
		47FBEE812AD1760E00719074 /* Debug */ = {
			isa = XCBuildConfiguration;
			buildSettings = {
				ASSETCATALOG_COMPILER_APPICON_NAME = AppIcon;
				ASSETCATALOG_COMPILER_GLOBAL_ACCENT_COLOR_NAME = AccentColor;
				CODE_SIGN_STYLE = Automatic;
				CURRENT_PROJECT_VERSION = 1;
				DEVELOPMENT_TEAM = F6SZ5LV55B;
				GENERATE_INFOPLIST_FILE = YES;
				INFOPLIST_FILE = RickyAndMorty/Info.plist;
				INFOPLIST_KEY_UIApplicationSupportsIndirectInputEvents = YES;
				INFOPLIST_KEY_UILaunchStoryboardName = LaunchScreen;
				INFOPLIST_KEY_UISupportedInterfaceOrientations = UIInterfaceOrientationPortrait;
				LD_RUNPATH_SEARCH_PATHS = (
					"$(inherited)",
					"@executable_path/Frameworks",
				);
				MARKETING_VERSION = 1.0;
				PRODUCT_BUNDLE_IDENTIFIER = Devjoonn.RickyAndMorty.RickyAndMorty;
				PRODUCT_NAME = "$(TARGET_NAME)";
				SWIFT_EMIT_LOC_STRINGS = YES;
				SWIFT_VERSION = 5.0;
				TARGETED_DEVICE_FAMILY = "1,2";
			};
			name = Debug;
		};
		47FBEE822AD1760E00719074 /* Release */ = {
			isa = XCBuildConfiguration;
			buildSettings = {
				ASSETCATALOG_COMPILER_APPICON_NAME = AppIcon;
				ASSETCATALOG_COMPILER_GLOBAL_ACCENT_COLOR_NAME = AccentColor;
				CODE_SIGN_STYLE = Automatic;
				CURRENT_PROJECT_VERSION = 1;
				DEVELOPMENT_TEAM = F6SZ5LV55B;
				GENERATE_INFOPLIST_FILE = YES;
				INFOPLIST_FILE = RickyAndMorty/Info.plist;
				INFOPLIST_KEY_UIApplicationSupportsIndirectInputEvents = YES;
				INFOPLIST_KEY_UILaunchStoryboardName = LaunchScreen;
				INFOPLIST_KEY_UISupportedInterfaceOrientations = UIInterfaceOrientationPortrait;
				LD_RUNPATH_SEARCH_PATHS = (
					"$(inherited)",
					"@executable_path/Frameworks",
				);
				MARKETING_VERSION = 1.0;
				PRODUCT_BUNDLE_IDENTIFIER = Devjoonn.RickyAndMorty.RickyAndMorty;
				PRODUCT_NAME = "$(TARGET_NAME)";
				SWIFT_EMIT_LOC_STRINGS = YES;
				SWIFT_VERSION = 5.0;
				TARGETED_DEVICE_FAMILY = "1,2";
			};
			name = Release;
		};
		47FBEE842AD1760E00719074 /* Debug */ = {
			isa = XCBuildConfiguration;
			buildSettings = {
				ALWAYS_EMBED_SWIFT_STANDARD_LIBRARIES = YES;
				BUNDLE_LOADER = "$(TEST_HOST)";
				CODE_SIGN_STYLE = Automatic;
				CURRENT_PROJECT_VERSION = 1;
				DEVELOPMENT_TEAM = F6SZ5LV55B;
				GENERATE_INFOPLIST_FILE = YES;
				IPHONEOS_DEPLOYMENT_TARGET = 17.0;
				MARKETING_VERSION = 1.0;
				PRODUCT_BUNDLE_IDENTIFIER = Devjoonn.RickyAndMorty.RickyAndMortyTests;
				PRODUCT_NAME = "$(TARGET_NAME)";
				SWIFT_EMIT_LOC_STRINGS = NO;
				SWIFT_VERSION = 5.0;
				TARGETED_DEVICE_FAMILY = "1,2";
				TEST_HOST = "$(BUILT_PRODUCTS_DIR)/RickyAndMorty.app/$(BUNDLE_EXECUTABLE_FOLDER_PATH)/RickyAndMorty";
			};
			name = Debug;
		};
		47FBEE852AD1760E00719074 /* Release */ = {
			isa = XCBuildConfiguration;
			buildSettings = {
				ALWAYS_EMBED_SWIFT_STANDARD_LIBRARIES = YES;
				BUNDLE_LOADER = "$(TEST_HOST)";
				CODE_SIGN_STYLE = Automatic;
				CURRENT_PROJECT_VERSION = 1;
				DEVELOPMENT_TEAM = F6SZ5LV55B;
				GENERATE_INFOPLIST_FILE = YES;
				IPHONEOS_DEPLOYMENT_TARGET = 17.0;
				MARKETING_VERSION = 1.0;
				PRODUCT_BUNDLE_IDENTIFIER = Devjoonn.RickyAndMorty.RickyAndMortyTests;
				PRODUCT_NAME = "$(TARGET_NAME)";
				SWIFT_EMIT_LOC_STRINGS = NO;
				SWIFT_VERSION = 5.0;
				TARGETED_DEVICE_FAMILY = "1,2";
				TEST_HOST = "$(BUILT_PRODUCTS_DIR)/RickyAndMorty.app/$(BUNDLE_EXECUTABLE_FOLDER_PATH)/RickyAndMorty";
			};
			name = Release;
		};
		47FBEE872AD1760E00719074 /* Debug */ = {
			isa = XCBuildConfiguration;
			buildSettings = {
				ALWAYS_EMBED_SWIFT_STANDARD_LIBRARIES = YES;
				CODE_SIGN_STYLE = Automatic;
				CURRENT_PROJECT_VERSION = 1;
				DEVELOPMENT_TEAM = F6SZ5LV55B;
				GENERATE_INFOPLIST_FILE = YES;
				MARKETING_VERSION = 1.0;
				PRODUCT_BUNDLE_IDENTIFIER = Devjoonn.RickyAndMorty.RickyAndMortyUITests;
				PRODUCT_NAME = "$(TARGET_NAME)";
				SWIFT_EMIT_LOC_STRINGS = NO;
				SWIFT_VERSION = 5.0;
				TARGETED_DEVICE_FAMILY = "1,2";
				TEST_TARGET_NAME = RickyAndMorty;
			};
			name = Debug;
		};
		47FBEE882AD1760E00719074 /* Release */ = {
			isa = XCBuildConfiguration;
			buildSettings = {
				ALWAYS_EMBED_SWIFT_STANDARD_LIBRARIES = YES;
				CODE_SIGN_STYLE = Automatic;
				CURRENT_PROJECT_VERSION = 1;
				DEVELOPMENT_TEAM = F6SZ5LV55B;
				GENERATE_INFOPLIST_FILE = YES;
				MARKETING_VERSION = 1.0;
				PRODUCT_BUNDLE_IDENTIFIER = Devjoonn.RickyAndMorty.RickyAndMortyUITests;
				PRODUCT_NAME = "$(TARGET_NAME)";
				SWIFT_EMIT_LOC_STRINGS = NO;
				SWIFT_VERSION = 5.0;
				TARGETED_DEVICE_FAMILY = "1,2";
				TEST_TARGET_NAME = RickyAndMorty;
			};
			name = Release;
		};
/* End XCBuildConfiguration section */

/* Begin XCConfigurationList section */
		47FBEE512AD1760C00719074 /* Build configuration list for PBXProject "RickyAndMorty" */ = {
			isa = XCConfigurationList;
			buildConfigurations = (
				47FBEE7E2AD1760E00719074 /* Debug */,
				47FBEE7F2AD1760E00719074 /* Release */,
			);
			defaultConfigurationIsVisible = 0;
			defaultConfigurationName = Release;
		};
		47FBEE802AD1760E00719074 /* Build configuration list for PBXNativeTarget "RickyAndMorty" */ = {
			isa = XCConfigurationList;
			buildConfigurations = (
				47FBEE812AD1760E00719074 /* Debug */,
				47FBEE822AD1760E00719074 /* Release */,
			);
			defaultConfigurationIsVisible = 0;
			defaultConfigurationName = Release;
		};
		47FBEE832AD1760E00719074 /* Build configuration list for PBXNativeTarget "RickyAndMortyTests" */ = {
			isa = XCConfigurationList;
			buildConfigurations = (
				47FBEE842AD1760E00719074 /* Debug */,
				47FBEE852AD1760E00719074 /* Release */,
			);
			defaultConfigurationIsVisible = 0;
			defaultConfigurationName = Release;
		};
		47FBEE862AD1760E00719074 /* Build configuration list for PBXNativeTarget "RickyAndMortyUITests" */ = {
			isa = XCConfigurationList;
			buildConfigurations = (
				47FBEE872AD1760E00719074 /* Debug */,
				47FBEE882AD1760E00719074 /* Release */,
			);
			defaultConfigurationIsVisible = 0;
			defaultConfigurationName = Release;
		};
/* End XCConfigurationList section */
	};
	rootObject = 47FBEE4E2AD1760C00719074 /* Project object */;
}
