// !$*UTF8*$!
{
	archiveVersion = 1;
	classes = {
	};
	objectVersion = 56;
	objects = {

/* Begin PBXBuildFile section */
		4746D7C92AD81597002AC15F /* AppDelegate.swift in Sources */ = {isa = PBXBuildFile; fileRef = 4746D7C82AD81597002AC15F /* AppDelegate.swift */; };
		4746D7CB2AD81597002AC15F /* SceneDelegate.swift in Sources */ = {isa = PBXBuildFile; fileRef = 4746D7CA2AD81597002AC15F /* SceneDelegate.swift */; };
		4746D7CD2AD81597002AC15F /* HomeViewController.swift in Sources */ = {isa = PBXBuildFile; fileRef = 4746D7CC2AD81597002AC15F /* HomeViewController.swift */; };
		4746D7D22AD81599002AC15F /* Assets.xcassets in Resources */ = {isa = PBXBuildFile; fileRef = 4746D7D12AD81599002AC15F /* Assets.xcassets */; };
		4746D7D52AD81599002AC15F /* LaunchScreen.storyboard in Resources */ = {isa = PBXBuildFile; fileRef = 4746D7D32AD81599002AC15F /* LaunchScreen.storyboard */; };
		4746D7E02AD8159A002AC15F /* bluetoothAndArduinoTests.swift in Sources */ = {isa = PBXBuildFile; fileRef = 4746D7DF2AD8159A002AC15F /* bluetoothAndArduinoTests.swift */; };
		4746D7EA2AD8159A002AC15F /* bluetoothAndArduinoUITests.swift in Sources */ = {isa = PBXBuildFile; fileRef = 4746D7E92AD8159A002AC15F /* bluetoothAndArduinoUITests.swift */; };
		4746D7EC2AD8159A002AC15F /* bluetoothAndArduinoUITestsLaunchTests.swift in Sources */ = {isa = PBXBuildFile; fileRef = 4746D7EB2AD8159A002AC15F /* bluetoothAndArduinoUITestsLaunchTests.swift */; };
		4746D7FF2AD81A38002AC15F /* FindingDeviceViewController.swift in Sources */ = {isa = PBXBuildFile; fileRef = 4746D7FE2AD81A38002AC15F /* FindingDeviceViewController.swift */; };
		4746D8022AD820FA002AC15F /* BluetoothSerial.swift in Sources */ = {isa = PBXBuildFile; fileRef = 4746D8012AD820FA002AC15F /* BluetoothSerial.swift */; };
		4746D8052AD82335002AC15F /* SnapKit in Frameworks */ = {isa = PBXBuildFile; productRef = 4746D8042AD82335002AC15F /* SnapKit */; };
		4746D8072AD82870002AC15F /* ScanBluetoothCell.swift in Sources */ = {isa = PBXBuildFile; fileRef = 4746D8062AD82870002AC15F /* ScanBluetoothCell.swift */; };
		475DF2912AED419B00A1766E /* GoogleService-Info.plist in Resources */ = {isa = PBXBuildFile; fileRef = 475DF2902AED419B00A1766E /* GoogleService-Info.plist */; };
		475DF2962AED44EE00A1766E /* FirebaseAnalytics in Frameworks */ = {isa = PBXBuildFile; productRef = 475DF2952AED44EE00A1766E /* FirebaseAnalytics */; };
		475DF2982AED44EE00A1766E /* FirebaseAuth in Frameworks */ = {isa = PBXBuildFile; productRef = 475DF2972AED44EE00A1766E /* FirebaseAuth */; };
		475DF29A2AED44EE00A1766E /* FirebaseDatabase in Frameworks */ = {isa = PBXBuildFile; productRef = 475DF2992AED44EE00A1766E /* FirebaseDatabase */; };
		475DF29C2AED44EE00A1766E /* FirebaseDatabaseSwift in Frameworks */ = {isa = PBXBuildFile; productRef = 475DF29B2AED44EE00A1766E /* FirebaseDatabaseSwift */; };
		475DF2A02AED458100A1766E /* NetworkService.swift in Sources */ = {isa = PBXBuildFile; fileRef = 475DF29F2AED458100A1766E /* NetworkService.swift */; };
		47D7B1452AE14C3800C40805 /* DGCharts in Frameworks */ = {isa = PBXBuildFile; productRef = 47D7B1442AE14C3800C40805 /* DGCharts */; };
/* End PBXBuildFile section */

/* Begin PBXContainerItemProxy section */
		4746D7DC2AD8159A002AC15F /* PBXContainerItemProxy */ = {
			isa = PBXContainerItemProxy;
			containerPortal = 4746D7BD2AD81597002AC15F /* Project object */;
			proxyType = 1;
			remoteGlobalIDString = 4746D7C42AD81597002AC15F;
			remoteInfo = bluetoothAndArduino;
		};
		4746D7E62AD8159A002AC15F /* PBXContainerItemProxy */ = {
			isa = PBXContainerItemProxy;
			containerPortal = 4746D7BD2AD81597002AC15F /* Project object */;
			proxyType = 1;
			remoteGlobalIDString = 4746D7C42AD81597002AC15F;
			remoteInfo = bluetoothAndArduino;
		};
/* End PBXContainerItemProxy section */

/* Begin PBXFileReference section */
		4746D7C52AD81597002AC15F /* bluetoothAndArduino.app */ = {isa = PBXFileReference; explicitFileType = wrapper.application; includeInIndex = 0; path = bluetoothAndArduino.app; sourceTree = BUILT_PRODUCTS_DIR; };
		4746D7C82AD81597002AC15F /* AppDelegate.swift */ = {isa = PBXFileReference; lastKnownFileType = sourcecode.swift; path = AppDelegate.swift; sourceTree = "<group>"; };
		4746D7CA2AD81597002AC15F /* SceneDelegate.swift */ = {isa = PBXFileReference; lastKnownFileType = sourcecode.swift; path = SceneDelegate.swift; sourceTree = "<group>"; };
		4746D7CC2AD81597002AC15F /* HomeViewController.swift */ = {isa = PBXFileReference; lastKnownFileType = sourcecode.swift; path = HomeViewController.swift; sourceTree = "<group>"; };
		4746D7D12AD81599002AC15F /* Assets.xcassets */ = {isa = PBXFileReference; lastKnownFileType = folder.assetcatalog; path = Assets.xcassets; sourceTree = "<group>"; };
		4746D7D42AD81599002AC15F /* Base */ = {isa = PBXFileReference; lastKnownFileType = file.storyboard; name = Base; path = Base.lproj/LaunchScreen.storyboard; sourceTree = "<group>"; };
		4746D7D62AD81599002AC15F /* Info.plist */ = {isa = PBXFileReference; lastKnownFileType = text.plist.xml; path = Info.plist; sourceTree = "<group>"; };
		4746D7DB2AD8159A002AC15F /* bluetoothAndArduinoTests.xctest */ = {isa = PBXFileReference; explicitFileType = wrapper.cfbundle; includeInIndex = 0; path = bluetoothAndArduinoTests.xctest; sourceTree = BUILT_PRODUCTS_DIR; };
		4746D7DF2AD8159A002AC15F /* bluetoothAndArduinoTests.swift */ = {isa = PBXFileReference; lastKnownFileType = sourcecode.swift; path = bluetoothAndArduinoTests.swift; sourceTree = "<group>"; };
		4746D7E52AD8159A002AC15F /* bluetoothAndArduinoUITests.xctest */ = {isa = PBXFileReference; explicitFileType = wrapper.cfbundle; includeInIndex = 0; path = bluetoothAndArduinoUITests.xctest; sourceTree = BUILT_PRODUCTS_DIR; };
		4746D7E92AD8159A002AC15F /* bluetoothAndArduinoUITests.swift */ = {isa = PBXFileReference; lastKnownFileType = sourcecode.swift; path = bluetoothAndArduinoUITests.swift; sourceTree = "<group>"; };
		4746D7EB2AD8159A002AC15F /* bluetoothAndArduinoUITestsLaunchTests.swift */ = {isa = PBXFileReference; lastKnownFileType = sourcecode.swift; path = bluetoothAndArduinoUITestsLaunchTests.swift; sourceTree = "<group>"; };
		4746D7FE2AD81A38002AC15F /* FindingDeviceViewController.swift */ = {isa = PBXFileReference; lastKnownFileType = sourcecode.swift; path = FindingDeviceViewController.swift; sourceTree = "<group>"; };
		4746D8012AD820FA002AC15F /* BluetoothSerial.swift */ = {isa = PBXFileReference; lastKnownFileType = sourcecode.swift; path = BluetoothSerial.swift; sourceTree = "<group>"; };
		4746D8062AD82870002AC15F /* ScanBluetoothCell.swift */ = {isa = PBXFileReference; lastKnownFileType = sourcecode.swift; path = ScanBluetoothCell.swift; sourceTree = "<group>"; };
		475DF2902AED419B00A1766E /* GoogleService-Info.plist */ = {isa = PBXFileReference; fileEncoding = 4; lastKnownFileType = text.plist.xml; path = "GoogleService-Info.plist"; sourceTree = "<group>"; };
		475DF29F2AED458100A1766E /* NetworkService.swift */ = {isa = PBXFileReference; lastKnownFileType = sourcecode.swift; path = NetworkService.swift; sourceTree = "<group>"; };
/* End PBXFileReference section */

/* Begin PBXFrameworksBuildPhase section */
		4746D7C22AD81597002AC15F /* Frameworks */ = {
			isa = PBXFrameworksBuildPhase;
			buildActionMask = 2147483647;
			files = (
				475DF29C2AED44EE00A1766E /* FirebaseDatabaseSwift in Frameworks */,
				475DF29A2AED44EE00A1766E /* FirebaseDatabase in Frameworks */,
				47D7B1452AE14C3800C40805 /* DGCharts in Frameworks */,
				4746D8052AD82335002AC15F /* SnapKit in Frameworks */,
				475DF2962AED44EE00A1766E /* FirebaseAnalytics in Frameworks */,
				475DF2982AED44EE00A1766E /* FirebaseAuth in Frameworks */,
			);
			runOnlyForDeploymentPostprocessing = 0;
		};
		4746D7D82AD8159A002AC15F /* Frameworks */ = {
			isa = PBXFrameworksBuildPhase;
			buildActionMask = 2147483647;
			files = (
			);
			runOnlyForDeploymentPostprocessing = 0;
		};
		4746D7E22AD8159A002AC15F /* Frameworks */ = {
			isa = PBXFrameworksBuildPhase;
			buildActionMask = 2147483647;
			files = (
			);
			runOnlyForDeploymentPostprocessing = 0;
		};
/* End PBXFrameworksBuildPhase section */

/* Begin PBXGroup section */
		4746D7BC2AD81597002AC15F = {
			isa = PBXGroup;
			children = (
				4746D7C72AD81597002AC15F /* bluetoothAndArduino */,
				4746D7DE2AD8159A002AC15F /* bluetoothAndArduinoTests */,
				4746D7E82AD8159A002AC15F /* bluetoothAndArduinoUITests */,
				4746D7C62AD81597002AC15F /* Products */,
			);
			sourceTree = "<group>";
		};
		4746D7C62AD81597002AC15F /* Products */ = {
			isa = PBXGroup;
			children = (
				4746D7C52AD81597002AC15F /* bluetoothAndArduino.app */,
				4746D7DB2AD8159A002AC15F /* bluetoothAndArduinoTests.xctest */,
				4746D7E52AD8159A002AC15F /* bluetoothAndArduinoUITests.xctest */,
			);
			name = Products;
			sourceTree = "<group>";
		};
		4746D7C72AD81597002AC15F /* bluetoothAndArduino */ = {
			isa = PBXGroup;
			children = (
				4746D7FA2AD819F0002AC15F /* Global */,
				4746D7F92AD819BA002AC15F /* Domain */,
				4746D7F82AD8199F002AC15F /* Sources */,
				475DF2902AED419B00A1766E /* GoogleService-Info.plist */,
				4746D7D62AD81599002AC15F /* Info.plist */,
			);
			path = bluetoothAndArduino;
			sourceTree = "<group>";
		};
		4746D7DE2AD8159A002AC15F /* bluetoothAndArduinoTests */ = {
			isa = PBXGroup;
			children = (
				4746D7DF2AD8159A002AC15F /* bluetoothAndArduinoTests.swift */,
			);
			path = bluetoothAndArduinoTests;
			sourceTree = "<group>";
		};
		4746D7E82AD8159A002AC15F /* bluetoothAndArduinoUITests */ = {
			isa = PBXGroup;
			children = (
				4746D7E92AD8159A002AC15F /* bluetoothAndArduinoUITests.swift */,
				4746D7EB2AD8159A002AC15F /* bluetoothAndArduinoUITestsLaunchTests.swift */,
			);
			path = bluetoothAndArduinoUITests;
			sourceTree = "<group>";
		};
		4746D7F82AD8199F002AC15F /* Sources */ = {
			isa = PBXGroup;
			children = (
				4746D7D12AD81599002AC15F /* Assets.xcassets */,
			);
			path = Sources;
			sourceTree = "<group>";
		};
		4746D7F92AD819BA002AC15F /* Domain */ = {
			isa = PBXGroup;
			children = (
				475DF29E2AED455200A1766E /* Network */,
				475DF29D2AED454600A1766E /* Presentation */,
				4746D7FD2AD81A20002AC15F /* LaunchScreen */,
				4746D7FC2AD81A0F002AC15F /* FindingDevice */,
				4746D7FB2AD81A09002AC15F /* Home */,
			);
			path = Domain;
			sourceTree = "<group>";
		};
		4746D7FA2AD819F0002AC15F /* Global */ = {
			isa = PBXGroup;
			children = (
				4746D8002AD820E3002AC15F /* Bluetooth */,
				4746D7CA2AD81597002AC15F /* SceneDelegate.swift */,
				4746D7C82AD81597002AC15F /* AppDelegate.swift */,
			);
			path = Global;
			sourceTree = "<group>";
		};
		4746D7FB2AD81A09002AC15F /* Home */ = {
			isa = PBXGroup;
			children = (
				4746D7CC2AD81597002AC15F /* HomeViewController.swift */,
			);
			path = Home;
			sourceTree = "<group>";
		};
		4746D7FC2AD81A0F002AC15F /* FindingDevice */ = {
			isa = PBXGroup;
			children = (
				4746D7FE2AD81A38002AC15F /* FindingDeviceViewController.swift */,
				4746D8062AD82870002AC15F /* ScanBluetoothCell.swift */,
			);
			path = FindingDevice;
			sourceTree = "<group>";
		};
		4746D7FD2AD81A20002AC15F /* LaunchScreen */ = {
			isa = PBXGroup;
			children = (
				4746D7D32AD81599002AC15F /* LaunchScreen.storyboard */,
			);
			path = LaunchScreen;
			sourceTree = "<group>";
		};
		4746D8002AD820E3002AC15F /* Bluetooth */ = {
			isa = PBXGroup;
			children = (
				4746D8012AD820FA002AC15F /* BluetoothSerial.swift */,
			);
			path = Bluetooth;
			sourceTree = "<group>";
		};
		475DF29D2AED454600A1766E /* Presentation */ = {
			isa = PBXGroup;
			children = (
			);
			path = Presentation;
			sourceTree = "<group>";
		};
		475DF29E2AED455200A1766E /* Network */ = {
			isa = PBXGroup;
			children = (
				475DF29F2AED458100A1766E /* NetworkService.swift */,
			);
			path = Network;
			sourceTree = "<group>";
		};
/* End PBXGroup section */

/* Begin PBXNativeTarget section */
		4746D7C42AD81597002AC15F /* bluetoothAndArduino */ = {
			isa = PBXNativeTarget;
			buildConfigurationList = 4746D7EF2AD8159A002AC15F /* Build configuration list for PBXNativeTarget "bluetoothAndArduino" */;
			buildPhases = (
				4746D7C12AD81597002AC15F /* Sources */,
				4746D7C22AD81597002AC15F /* Frameworks */,
				4746D7C32AD81597002AC15F /* Resources */,
			);
			buildRules = (
			);
			dependencies = (
			);
			name = bluetoothAndArduino;
			packageProductDependencies = (
				4746D8042AD82335002AC15F /* SnapKit */,
				47D7B1442AE14C3800C40805 /* DGCharts */,
				475DF2952AED44EE00A1766E /* FirebaseAnalytics */,
				475DF2972AED44EE00A1766E /* FirebaseAuth */,
				475DF2992AED44EE00A1766E /* FirebaseDatabase */,
				475DF29B2AED44EE00A1766E /* FirebaseDatabaseSwift */,
			);
			productName = bluetoothAndArduino;
			productReference = 4746D7C52AD81597002AC15F /* bluetoothAndArduino.app */;
			productType = "com.apple.product-type.application";
		};
		4746D7DA2AD8159A002AC15F /* bluetoothAndArduinoTests */ = {
			isa = PBXNativeTarget;
			buildConfigurationList = 4746D7F22AD8159A002AC15F /* Build configuration list for PBXNativeTarget "bluetoothAndArduinoTests" */;
			buildPhases = (
				4746D7D72AD8159A002AC15F /* Sources */,
				4746D7D82AD8159A002AC15F /* Frameworks */,
				4746D7D92AD8159A002AC15F /* Resources */,
			);
			buildRules = (
			);
			dependencies = (
				4746D7DD2AD8159A002AC15F /* PBXTargetDependency */,
			);
			name = bluetoothAndArduinoTests;
			productName = bluetoothAndArduinoTests;
			productReference = 4746D7DB2AD8159A002AC15F /* bluetoothAndArduinoTests.xctest */;
			productType = "com.apple.product-type.bundle.unit-test";
		};
		4746D7E42AD8159A002AC15F /* bluetoothAndArduinoUITests */ = {
			isa = PBXNativeTarget;
			buildConfigurationList = 4746D7F52AD8159A002AC15F /* Build configuration list for PBXNativeTarget "bluetoothAndArduinoUITests" */;
			buildPhases = (
				4746D7E12AD8159A002AC15F /* Sources */,
				4746D7E22AD8159A002AC15F /* Frameworks */,
				4746D7E32AD8159A002AC15F /* Resources */,
			);
			buildRules = (
			);
			dependencies = (
				4746D7E72AD8159A002AC15F /* PBXTargetDependency */,
			);
			name = bluetoothAndArduinoUITests;
			productName = bluetoothAndArduinoUITests;
			productReference = 4746D7E52AD8159A002AC15F /* bluetoothAndArduinoUITests.xctest */;
			productType = "com.apple.product-type.bundle.ui-testing";
		};
/* End PBXNativeTarget section */

/* Begin PBXProject section */
		4746D7BD2AD81597002AC15F /* Project object */ = {
			isa = PBXProject;
			attributes = {
				BuildIndependentTargetsInParallel = 1;
				LastSwiftUpdateCheck = 1500;
				LastUpgradeCheck = 1500;
				TargetAttributes = {
					4746D7C42AD81597002AC15F = {
						CreatedOnToolsVersion = 15.0;
					};
					4746D7DA2AD8159A002AC15F = {
						CreatedOnToolsVersion = 15.0;
						TestTargetID = 4746D7C42AD81597002AC15F;
					};
					4746D7E42AD8159A002AC15F = {
						CreatedOnToolsVersion = 15.0;
						TestTargetID = 4746D7C42AD81597002AC15F;
					};
				};
			};
			buildConfigurationList = 4746D7C02AD81597002AC15F /* Build configuration list for PBXProject "bluetoothAndArduino" */;
			compatibilityVersion = "Xcode 14.0";
			developmentRegion = en;
			hasScannedForEncodings = 0;
			knownRegions = (
				en,
				Base,
			);
			mainGroup = 4746D7BC2AD81597002AC15F;
			packageReferences = (
				4746D8032AD82335002AC15F /* XCRemoteSwiftPackageReference "SnapKit" */,
				47D7B1432AE14BAE00C40805 /* XCRemoteSwiftPackageReference "Charts" */,
				475DF2922AED420D00A1766E /* XCRemoteSwiftPackageReference "firebase-ios-sdk" */,
			);
			productRefGroup = 4746D7C62AD81597002AC15F /* Products */;
			projectDirPath = "";
			projectRoot = "";
			targets = (
				4746D7C42AD81597002AC15F /* bluetoothAndArduino */,
				4746D7DA2AD8159A002AC15F /* bluetoothAndArduinoTests */,
				4746D7E42AD8159A002AC15F /* bluetoothAndArduinoUITests */,
			);
		};
/* End PBXProject section */

/* Begin PBXResourcesBuildPhase section */
		4746D7C32AD81597002AC15F /* Resources */ = {
			isa = PBXResourcesBuildPhase;
			buildActionMask = 2147483647;
			files = (
				4746D7D52AD81599002AC15F /* LaunchScreen.storyboard in Resources */,
				4746D7D22AD81599002AC15F /* Assets.xcassets in Resources */,
				475DF2912AED419B00A1766E /* GoogleService-Info.plist in Resources */,
			);
			runOnlyForDeploymentPostprocessing = 0;
		};
		4746D7D92AD8159A002AC15F /* Resources */ = {
			isa = PBXResourcesBuildPhase;
			buildActionMask = 2147483647;
			files = (
			);
			runOnlyForDeploymentPostprocessing = 0;
		};
		4746D7E32AD8159A002AC15F /* Resources */ = {
			isa = PBXResourcesBuildPhase;
			buildActionMask = 2147483647;
			files = (
			);
			runOnlyForDeploymentPostprocessing = 0;
		};
/* End PBXResourcesBuildPhase section */

/* Begin PBXSourcesBuildPhase section */
		4746D7C12AD81597002AC15F /* Sources */ = {
			isa = PBXSourcesBuildPhase;
			buildActionMask = 2147483647;
			files = (
				4746D7CD2AD81597002AC15F /* HomeViewController.swift in Sources */,
				4746D7C92AD81597002AC15F /* AppDelegate.swift in Sources */,
				4746D7FF2AD81A38002AC15F /* FindingDeviceViewController.swift in Sources */,
				4746D8072AD82870002AC15F /* ScanBluetoothCell.swift in Sources */,
				4746D7CB2AD81597002AC15F /* SceneDelegate.swift in Sources */,
				4746D8022AD820FA002AC15F /* BluetoothSerial.swift in Sources */,
				475DF2A02AED458100A1766E /* NetworkService.swift in Sources */,
			);
			runOnlyForDeploymentPostprocessing = 0;
		};
		4746D7D72AD8159A002AC15F /* Sources */ = {
			isa = PBXSourcesBuildPhase;
			buildActionMask = 2147483647;
			files = (
				4746D7E02AD8159A002AC15F /* bluetoothAndArduinoTests.swift in Sources */,
			);
			runOnlyForDeploymentPostprocessing = 0;
		};
		4746D7E12AD8159A002AC15F /* Sources */ = {
			isa = PBXSourcesBuildPhase;
			buildActionMask = 2147483647;
			files = (
				4746D7EC2AD8159A002AC15F /* bluetoothAndArduinoUITestsLaunchTests.swift in Sources */,
				4746D7EA2AD8159A002AC15F /* bluetoothAndArduinoUITests.swift in Sources */,
			);
			runOnlyForDeploymentPostprocessing = 0;
		};
/* End PBXSourcesBuildPhase section */

/* Begin PBXTargetDependency section */
		4746D7DD2AD8159A002AC15F /* PBXTargetDependency */ = {
			isa = PBXTargetDependency;
			target = 4746D7C42AD81597002AC15F /* bluetoothAndArduino */;
			targetProxy = 4746D7DC2AD8159A002AC15F /* PBXContainerItemProxy */;
		};
		4746D7E72AD8159A002AC15F /* PBXTargetDependency */ = {
			isa = PBXTargetDependency;
			target = 4746D7C42AD81597002AC15F /* bluetoothAndArduino */;
			targetProxy = 4746D7E62AD8159A002AC15F /* PBXContainerItemProxy */;
		};
/* End PBXTargetDependency section */

/* Begin PBXVariantGroup section */
		4746D7D32AD81599002AC15F /* LaunchScreen.storyboard */ = {
			isa = PBXVariantGroup;
			children = (
				4746D7D42AD81599002AC15F /* Base */,
			);
			name = LaunchScreen.storyboard;
			sourceTree = "<group>";
		};
/* End PBXVariantGroup section */

/* Begin XCBuildConfiguration section */
		4746D7ED2AD8159A002AC15F /* Debug */ = {
			isa = XCBuildConfiguration;
			buildSettings = {
				ALWAYS_SEARCH_USER_PATHS = NO;
				ASSETCATALOG_COMPILER_GENERATE_SWIFT_ASSET_SYMBOL_EXTENSIONS = YES;
				CLANG_ANALYZER_NONNULL = YES;
				CLANG_ANALYZER_NUMBER_OBJECT_CONVERSION = YES_AGGRESSIVE;
				CLANG_CXX_LANGUAGE_STANDARD = "gnu++20";
				CLANG_ENABLE_MODULES = YES;
				CLANG_ENABLE_OBJC_ARC = YES;
				CLANG_ENABLE_OBJC_WEAK = YES;
				CLANG_WARN_BLOCK_CAPTURE_AUTORELEASING = YES;
				CLANG_WARN_BOOL_CONVERSION = YES;
				CLANG_WARN_COMMA = YES;
				CLANG_WARN_CONSTANT_CONVERSION = YES;
				CLANG_WARN_DEPRECATED_OBJC_IMPLEMENTATIONS = YES;
				CLANG_WARN_DIRECT_OBJC_ISA_USAGE = YES_ERROR;
				CLANG_WARN_DOCUMENTATION_COMMENTS = YES;
				CLANG_WARN_EMPTY_BODY = YES;
				CLANG_WARN_ENUM_CONVERSION = YES;
				CLANG_WARN_INFINITE_RECURSION = YES;
				CLANG_WARN_INT_CONVERSION = YES;
				CLANG_WARN_NON_LITERAL_NULL_CONVERSION = YES;
				CLANG_WARN_OBJC_IMPLICIT_RETAIN_SELF = YES;
				CLANG_WARN_OBJC_LITERAL_CONVERSION = YES;
				CLANG_WARN_OBJC_ROOT_CLASS = YES_ERROR;
				CLANG_WARN_QUOTED_INCLUDE_IN_FRAMEWORK_HEADER = YES;
				CLANG_WARN_RANGE_LOOP_ANALYSIS = YES;
				CLANG_WARN_STRICT_PROTOTYPES = YES;
				CLANG_WARN_SUSPICIOUS_MOVE = YES;
				CLANG_WARN_UNGUARDED_AVAILABILITY = YES_AGGRESSIVE;
				CLANG_WARN_UNREACHABLE_CODE = YES;
				CLANG_WARN__DUPLICATE_METHOD_MATCH = YES;
				COPY_PHASE_STRIP = NO;
				DEBUG_INFORMATION_FORMAT = dwarf;
				ENABLE_STRICT_OBJC_MSGSEND = YES;
				ENABLE_TESTABILITY = YES;
				ENABLE_USER_SCRIPT_SANDBOXING = YES;
				GCC_C_LANGUAGE_STANDARD = gnu17;
				GCC_DYNAMIC_NO_PIC = NO;
				GCC_NO_COMMON_BLOCKS = YES;
				GCC_OPTIMIZATION_LEVEL = 0;
				GCC_PREPROCESSOR_DEFINITIONS = (
					"DEBUG=1",
					"$(inherited)",
				);
				GCC_WARN_64_TO_32_BIT_CONVERSION = YES;
				GCC_WARN_ABOUT_RETURN_TYPE = YES_ERROR;
				GCC_WARN_UNDECLARED_SELECTOR = YES;
				GCC_WARN_UNINITIALIZED_AUTOS = YES_AGGRESSIVE;
				GCC_WARN_UNUSED_FUNCTION = YES;
				GCC_WARN_UNUSED_VARIABLE = YES;
				IPHONEOS_DEPLOYMENT_TARGET = 17.0;
				LOCALIZATION_PREFERS_STRING_CATALOGS = YES;
				MTL_ENABLE_DEBUG_INFO = INCLUDE_SOURCE;
				MTL_FAST_MATH = YES;
				ONLY_ACTIVE_ARCH = YES;
				SDKROOT = iphoneos;
				SWIFT_ACTIVE_COMPILATION_CONDITIONS = "DEBUG $(inherited)";
				SWIFT_OPTIMIZATION_LEVEL = "-Onone";
			};
			name = Debug;
		};
		4746D7EE2AD8159A002AC15F /* Release */ = {
			isa = XCBuildConfiguration;
			buildSettings = {
				ALWAYS_SEARCH_USER_PATHS = NO;
				ASSETCATALOG_COMPILER_GENERATE_SWIFT_ASSET_SYMBOL_EXTENSIONS = YES;
				CLANG_ANALYZER_NONNULL = YES;
				CLANG_ANALYZER_NUMBER_OBJECT_CONVERSION = YES_AGGRESSIVE;
				CLANG_CXX_LANGUAGE_STANDARD = "gnu++20";
				CLANG_ENABLE_MODULES = YES;
				CLANG_ENABLE_OBJC_ARC = YES;
				CLANG_ENABLE_OBJC_WEAK = YES;
				CLANG_WARN_BLOCK_CAPTURE_AUTORELEASING = YES;
				CLANG_WARN_BOOL_CONVERSION = YES;
				CLANG_WARN_COMMA = YES;
				CLANG_WARN_CONSTANT_CONVERSION = YES;
				CLANG_WARN_DEPRECATED_OBJC_IMPLEMENTATIONS = YES;
				CLANG_WARN_DIRECT_OBJC_ISA_USAGE = YES_ERROR;
				CLANG_WARN_DOCUMENTATION_COMMENTS = YES;
				CLANG_WARN_EMPTY_BODY = YES;
				CLANG_WARN_ENUM_CONVERSION = YES;
				CLANG_WARN_INFINITE_RECURSION = YES;
				CLANG_WARN_INT_CONVERSION = YES;
				CLANG_WARN_NON_LITERAL_NULL_CONVERSION = YES;
				CLANG_WARN_OBJC_IMPLICIT_RETAIN_SELF = YES;
				CLANG_WARN_OBJC_LITERAL_CONVERSION = YES;
				CLANG_WARN_OBJC_ROOT_CLASS = YES_ERROR;
				CLANG_WARN_QUOTED_INCLUDE_IN_FRAMEWORK_HEADER = YES;
				CLANG_WARN_RANGE_LOOP_ANALYSIS = YES;
				CLANG_WARN_STRICT_PROTOTYPES = YES;
				CLANG_WARN_SUSPICIOUS_MOVE = YES;
				CLANG_WARN_UNGUARDED_AVAILABILITY = YES_AGGRESSIVE;
				CLANG_WARN_UNREACHABLE_CODE = YES;
				CLANG_WARN__DUPLICATE_METHOD_MATCH = YES;
				COPY_PHASE_STRIP = NO;
				DEBUG_INFORMATION_FORMAT = "dwarf-with-dsym";
				ENABLE_NS_ASSERTIONS = NO;
				ENABLE_STRICT_OBJC_MSGSEND = YES;
				ENABLE_USER_SCRIPT_SANDBOXING = YES;
				GCC_C_LANGUAGE_STANDARD = gnu17;
				GCC_NO_COMMON_BLOCKS = YES;
				GCC_WARN_64_TO_32_BIT_CONVERSION = YES;
				GCC_WARN_ABOUT_RETURN_TYPE = YES_ERROR;
				GCC_WARN_UNDECLARED_SELECTOR = YES;
				GCC_WARN_UNINITIALIZED_AUTOS = YES_AGGRESSIVE;
				GCC_WARN_UNUSED_FUNCTION = YES;
				GCC_WARN_UNUSED_VARIABLE = YES;
				IPHONEOS_DEPLOYMENT_TARGET = 17.0;
				LOCALIZATION_PREFERS_STRING_CATALOGS = YES;
				MTL_ENABLE_DEBUG_INFO = NO;
				MTL_FAST_MATH = YES;
				SDKROOT = iphoneos;
				SWIFT_COMPILATION_MODE = wholemodule;
				VALIDATE_PRODUCT = YES;
			};
			name = Release;
		};
		4746D7F02AD8159A002AC15F /* Debug */ = {
			isa = XCBuildConfiguration;
			buildSettings = {
				ASSETCATALOG_COMPILER_APPICON_NAME = AppIcon;
				ASSETCATALOG_COMPILER_GLOBAL_ACCENT_COLOR_NAME = AccentColor;
				CODE_SIGN_STYLE = Automatic;
				CURRENT_PROJECT_VERSION = 1;
				DEVELOPMENT_TEAM = F6SZ5LV55B;
				GENERATE_INFOPLIST_FILE = YES;
				INFOPLIST_FILE = bluetoothAndArduino/Info.plist;
				INFOPLIST_KEY_UIApplicationSupportsIndirectInputEvents = YES;
				INFOPLIST_KEY_UILaunchStoryboardName = LaunchScreen;
				INFOPLIST_KEY_UISupportedInterfaceOrientations = "UIInterfaceOrientationLandscapeLeft UIInterfaceOrientationLandscapeRight UIInterfaceOrientationPortrait";
				INFOPLIST_KEY_UISupportedInterfaceOrientations_iPad = UIInterfaceOrientationPortrait;
				IPHONEOS_DEPLOYMENT_TARGET = 14.0;
				LD_RUNPATH_SEARCH_PATHS = (
					"$(inherited)",
					"@executable_path/Frameworks",
				);
				MARKETING_VERSION = 1.0;
				PRODUCT_BUNDLE_IDENTIFIER = Devjoonn.bluetoothAndArduino.bluetoothAndArduino;
				PRODUCT_NAME = "$(TARGET_NAME)";
				SWIFT_EMIT_LOC_STRINGS = YES;
				SWIFT_VERSION = 5.0;
				TARGETED_DEVICE_FAMILY = "1,2";
			};
			name = Debug;
		};
		4746D7F12AD8159A002AC15F /* Release */ = {
			isa = XCBuildConfiguration;
			buildSettings = {
				ASSETCATALOG_COMPILER_APPICON_NAME = AppIcon;
				ASSETCATALOG_COMPILER_GLOBAL_ACCENT_COLOR_NAME = AccentColor;
				CODE_SIGN_STYLE = Automatic;
				CURRENT_PROJECT_VERSION = 1;
				DEVELOPMENT_TEAM = F6SZ5LV55B;
				GENERATE_INFOPLIST_FILE = YES;
				INFOPLIST_FILE = bluetoothAndArduino/Info.plist;
				INFOPLIST_KEY_UIApplicationSupportsIndirectInputEvents = YES;
				INFOPLIST_KEY_UILaunchStoryboardName = LaunchScreen;
				INFOPLIST_KEY_UISupportedInterfaceOrientations = "UIInterfaceOrientationLandscapeLeft UIInterfaceOrientationLandscapeRight UIInterfaceOrientationPortrait";
				INFOPLIST_KEY_UISupportedInterfaceOrientations_iPad = UIInterfaceOrientationPortrait;
				IPHONEOS_DEPLOYMENT_TARGET = 14.0;
				LD_RUNPATH_SEARCH_PATHS = (
					"$(inherited)",
					"@executable_path/Frameworks",
				);
				MARKETING_VERSION = 1.0;
				PRODUCT_BUNDLE_IDENTIFIER = Devjoonn.bluetoothAndArduino.bluetoothAndArduino;
				PRODUCT_NAME = "$(TARGET_NAME)";
				SWIFT_EMIT_LOC_STRINGS = YES;
				SWIFT_VERSION = 5.0;
				TARGETED_DEVICE_FAMILY = "1,2";
			};
			name = Release;
		};
		4746D7F32AD8159A002AC15F /* Debug */ = {
			isa = XCBuildConfiguration;
			buildSettings = {
				ALWAYS_EMBED_SWIFT_STANDARD_LIBRARIES = YES;
				BUNDLE_LOADER = "$(TEST_HOST)";
				CODE_SIGN_STYLE = Automatic;
				CURRENT_PROJECT_VERSION = 1;
				DEVELOPMENT_TEAM = F6SZ5LV55B;
				GENERATE_INFOPLIST_FILE = YES;
				IPHONEOS_DEPLOYMENT_TARGET = 17.0;
				MARKETING_VERSION = 1.0;
				PRODUCT_BUNDLE_IDENTIFIER = Devjoonn.bluetoothAndArduino.bluetoothAndArduinoTests;
				PRODUCT_NAME = "$(TARGET_NAME)";
				SWIFT_EMIT_LOC_STRINGS = NO;
				SWIFT_VERSION = 5.0;
				TARGETED_DEVICE_FAMILY = "1,2";
				TEST_HOST = "$(BUILT_PRODUCTS_DIR)/bluetoothAndArduino.app/$(BUNDLE_EXECUTABLE_FOLDER_PATH)/bluetoothAndArduino";
			};
			name = Debug;
		};
		4746D7F42AD8159A002AC15F /* Release */ = {
			isa = XCBuildConfiguration;
			buildSettings = {
				ALWAYS_EMBED_SWIFT_STANDARD_LIBRARIES = YES;
				BUNDLE_LOADER = "$(TEST_HOST)";
				CODE_SIGN_STYLE = Automatic;
				CURRENT_PROJECT_VERSION = 1;
				DEVELOPMENT_TEAM = F6SZ5LV55B;
				GENERATE_INFOPLIST_FILE = YES;
				IPHONEOS_DEPLOYMENT_TARGET = 17.0;
				MARKETING_VERSION = 1.0;
				PRODUCT_BUNDLE_IDENTIFIER = Devjoonn.bluetoothAndArduino.bluetoothAndArduinoTests;
				PRODUCT_NAME = "$(TARGET_NAME)";
				SWIFT_EMIT_LOC_STRINGS = NO;
				SWIFT_VERSION = 5.0;
				TARGETED_DEVICE_FAMILY = "1,2";
				TEST_HOST = "$(BUILT_PRODUCTS_DIR)/bluetoothAndArduino.app/$(BUNDLE_EXECUTABLE_FOLDER_PATH)/bluetoothAndArduino";
			};
			name = Release;
		};
		4746D7F62AD8159A002AC15F /* Debug */ = {
			isa = XCBuildConfiguration;
			buildSettings = {
				ALWAYS_EMBED_SWIFT_STANDARD_LIBRARIES = YES;
				CODE_SIGN_STYLE = Automatic;
				CURRENT_PROJECT_VERSION = 1;
				DEVELOPMENT_TEAM = F6SZ5LV55B;
				GENERATE_INFOPLIST_FILE = YES;
				MARKETING_VERSION = 1.0;
				PRODUCT_BUNDLE_IDENTIFIER = Devjoonn.bluetoothAndArduino.bluetoothAndArduinoUITests;
				PRODUCT_NAME = "$(TARGET_NAME)";
				SWIFT_EMIT_LOC_STRINGS = NO;
				SWIFT_VERSION = 5.0;
				TARGETED_DEVICE_FAMILY = "1,2";
				TEST_TARGET_NAME = bluetoothAndArduino;
			};
			name = Debug;
		};
		4746D7F72AD8159A002AC15F /* Release */ = {
			isa = XCBuildConfiguration;
			buildSettings = {
				ALWAYS_EMBED_SWIFT_STANDARD_LIBRARIES = YES;
				CODE_SIGN_STYLE = Automatic;
				CURRENT_PROJECT_VERSION = 1;
				DEVELOPMENT_TEAM = F6SZ5LV55B;
				GENERATE_INFOPLIST_FILE = YES;
				MARKETING_VERSION = 1.0;
				PRODUCT_BUNDLE_IDENTIFIER = Devjoonn.bluetoothAndArduino.bluetoothAndArduinoUITests;
				PRODUCT_NAME = "$(TARGET_NAME)";
				SWIFT_EMIT_LOC_STRINGS = NO;
				SWIFT_VERSION = 5.0;
				TARGETED_DEVICE_FAMILY = "1,2";
				TEST_TARGET_NAME = bluetoothAndArduino;
			};
			name = Release;
		};
/* End XCBuildConfiguration section */

/* Begin XCConfigurationList section */
		4746D7C02AD81597002AC15F /* Build configuration list for PBXProject "bluetoothAndArduino" */ = {
			isa = XCConfigurationList;
			buildConfigurations = (
				4746D7ED2AD8159A002AC15F /* Debug */,
				4746D7EE2AD8159A002AC15F /* Release */,
			);
			defaultConfigurationIsVisible = 0;
			defaultConfigurationName = Release;
		};
		4746D7EF2AD8159A002AC15F /* Build configuration list for PBXNativeTarget "bluetoothAndArduino" */ = {
			isa = XCConfigurationList;
			buildConfigurations = (
				4746D7F02AD8159A002AC15F /* Debug */,
				4746D7F12AD8159A002AC15F /* Release */,
			);
			defaultConfigurationIsVisible = 0;
			defaultConfigurationName = Release;
		};
		4746D7F22AD8159A002AC15F /* Build configuration list for PBXNativeTarget "bluetoothAndArduinoTests" */ = {
			isa = XCConfigurationList;
			buildConfigurations = (
				4746D7F32AD8159A002AC15F /* Debug */,
				4746D7F42AD8159A002AC15F /* Release */,
			);
			defaultConfigurationIsVisible = 0;
			defaultConfigurationName = Release;
		};
		4746D7F52AD8159A002AC15F /* Build configuration list for PBXNativeTarget "bluetoothAndArduinoUITests" */ = {
			isa = XCConfigurationList;
			buildConfigurations = (
				4746D7F62AD8159A002AC15F /* Debug */,
				4746D7F72AD8159A002AC15F /* Release */,
			);
			defaultConfigurationIsVisible = 0;
			defaultConfigurationName = Release;
		};
/* End XCConfigurationList section */

/* Begin XCRemoteSwiftPackageReference section */
		4746D8032AD82335002AC15F /* XCRemoteSwiftPackageReference "SnapKit" */ = {
			isa = XCRemoteSwiftPackageReference;
			repositoryURL = "https://github.com/SnapKit/SnapKit.git";
			requirement = {
				kind = upToNextMajorVersion;
				minimumVersion = 5.6.0;
			};
		};
		475DF2922AED420D00A1766E /* XCRemoteSwiftPackageReference "firebase-ios-sdk" */ = {
			isa = XCRemoteSwiftPackageReference;
			repositoryURL = "https://github.com/firebase/firebase-ios-sdk";
			requirement = {
				kind = upToNextMajorVersion;
				minimumVersion = 10.16.0;
			};
		};
		47D7B1432AE14BAE00C40805 /* XCRemoteSwiftPackageReference "Charts" */ = {
			isa = XCRemoteSwiftPackageReference;
			repositoryURL = "https://github.com/danielgindi/Charts.git";
			requirement = {
				kind = upToNextMajorVersion;
				minimumVersion = 5.0.0;
			};
		};
/* End XCRemoteSwiftPackageReference section */

/* Begin XCSwiftPackageProductDependency section */
		4746D8042AD82335002AC15F /* SnapKit */ = {
			isa = XCSwiftPackageProductDependency;
			package = 4746D8032AD82335002AC15F /* XCRemoteSwiftPackageReference "SnapKit" */;
			productName = SnapKit;
		};
		475DF2952AED44EE00A1766E /* FirebaseAnalytics */ = {
			isa = XCSwiftPackageProductDependency;
			package = 475DF2922AED420D00A1766E /* XCRemoteSwiftPackageReference "firebase-ios-sdk" */;
			productName = FirebaseAnalytics;
		};
		475DF2972AED44EE00A1766E /* FirebaseAuth */ = {
			isa = XCSwiftPackageProductDependency;
			package = 475DF2922AED420D00A1766E /* XCRemoteSwiftPackageReference "firebase-ios-sdk" */;
			productName = FirebaseAuth;
		};
		475DF2992AED44EE00A1766E /* FirebaseDatabase */ = {
			isa = XCSwiftPackageProductDependency;
			package = 475DF2922AED420D00A1766E /* XCRemoteSwiftPackageReference "firebase-ios-sdk" */;
			productName = FirebaseDatabase;
		};
		475DF29B2AED44EE00A1766E /* FirebaseDatabaseSwift */ = {
			isa = XCSwiftPackageProductDependency;
			package = 475DF2922AED420D00A1766E /* XCRemoteSwiftPackageReference "firebase-ios-sdk" */;
			productName = FirebaseDatabaseSwift;
		};
		47D7B1442AE14C3800C40805 /* DGCharts */ = {
			isa = XCSwiftPackageProductDependency;
			package = 47D7B1432AE14BAE00C40805 /* XCRemoteSwiftPackageReference "Charts" */;
			productName = DGCharts;
		};
/* End XCSwiftPackageProductDependency section */
	};
	rootObject = 4746D7BD2AD81597002AC15F /* Project object */;
}
